Snapshot,Participant,Vendor,Group,Q1,Q2,Q3,Q4,Q5,Q6,Q7,Q8,Q9,Q10,Q11,Q12,Q13,Q14,Q15,Q16,Q17,Q18,Q19,Q20,Q21,Q22
1,"30674","Gravic, Inc.","auto",4,3,4,2,4,5,3,3,3,2,5,4,3,3,3,5,5,5,4,1,4,5
1,"31260","Gravic, Inc.","auto",2,3,2,1,4,2,5,2,5,4,5,5,1,4,3,5,2,5,2,5,2,2
1,"30745","Gravic, Inc.","auto",4,3,4,2,4,2,1,1,3,2,2,5,5,2,3,5,5,5,3,5,4,2
1,"31504","Gravic, Inc.","auto",2,4,4,3,1,3,1,2,3,2,2,1,2,4,4,2,3,3,2,2,1,2
1,"31235","Gravic, Inc.","auto",4,3,2,1,4,1,3,1,5,2,2,5,3,3,5,1,2,5,5,5,4,3
1,"31041","Gravic, Inc.","auto",4,3,2,1,3,2,3,1,5,4,2,1,3,3,3,5,5,4,4,3,1,4
1,"30472","Gravic, Inc.","auto",1,5,2,1,4,5,3,1,4,4,2,5,5,5,5,5,2,2,4,4,4,4
1,"31691","Gravic, Inc.","auto",3,4,1,1,3,3,1,4,5,1,2,4,3,2,5,4,2,3,5,2,3,2
1,"31566","Gravic, Inc.","auto",4,3,2,2,3,2,4,3,3,4,2,3,3,4,3,1,2,4,2,3,4,1
1,"31325","Gravic, Inc.","auto",2,3,1,4,2,1,3,4,3,4,1,4,2,4,1,3,4,1,4,3,3,1
1,"31733","Gravic, Inc.","auto",1,2,4,2,2,5,2,2,1,3,5,5,3,3,2,4,3,3,2,2,2,3
1,"30687","Gravic, Inc.","auto",4,3,2,2,4,1,4,1,3,4,2,1,3,4,3,1,2,4,4,3,2,4
1,"31627","Gravic, Inc.","auto",1,2,4,2,2,3,3,4,3,3,1,1,2,4,2,3,1,5,4,3,1,2
1,"31339","Gravic, Inc.","auto",4,3,2,1,4,1,5,1,5,4,5,5,5,3,3,5,5,4,4,5,2,4
1,"31306","Gravic, Inc.","auto",4,3,3,1,4,5,3,4,5,4,4,5,3,3,5,5,5,5,5,5,3,3
1,"31632","Gravic, Inc.","auto",4,3,2,1,4,1,1,1,3,2,2,5,3,4,3,5,5,5,5,5,4,5
1,"31561","Gravic, Inc.","auto",2,3,2,3,4,1,1,1,5,2,1,4,5,2,3,5,5,5,5,1,1,2
1,"30479","Gravic, Inc.","auto",4,3,3,2,4,1,4,1,3,2,4,2,1,4,3,1,1,4,3,2,4,4
1,"31214","Gravic, Inc.","auto",4,3,2,1,4,2,4,1,3,4,1,1,2,4,3,1,2,4,4,1,1,3
1,"30564","Gravic, Inc.","auto",4,2,4,2,4,5,1,3,5,4,5,4,5,4,3,3,5,5,2,5,1,1
1,"31522","Gravic, Inc.","auto",5,3,2,2,5,3,2,1,5,2,3,4,3,3,3,5,5,4,1,1,2,2
1,"31220","Gravic, Inc.","auto",4,3,5,2,4,5,4,4,3,4,2,3,3,4,3,1,1,4,5,2,2,2
1,"31656","Gravic, Inc.","auto",5,3,2,2,5,2,3,4,5,1,3,5,5,4,5,5,1,4,4,2,5,4
1,"31105","Gravic, Inc.","auto",4,3,2,1,4,1,4,1,3,4,3,1,5,4,3,1,5,4,5,4,2,4
1,"31489","Gravic, Inc.","auto",4,3,2,2,4,1,4,4,5,2,2,5,5,4,3,5,2,4,1,4,4,5
1,"30805","Gravic, Inc.","auto",4,3,2,2,4,3,1,1,5,4,2,1,5,4,3,2,2,4,3,2,2,2
1,"31047","Gravic, Inc.","auto",4,3,2,1,4,1,4,1,3,4,2,1,5,4,3,1,2,4,4,3,4,4
1,"30772","Gravic, Inc.","auto",4,3,2,2,4,5,4,1,3,4,2,1,5,3,3,5,1,4,4,5,3,5
1,"31224","Gravic, Inc.","auto",4,2,2,2,3,1,4,2,3,4,3,5,2,3,3,5,1,2,4,4,3,2
1,"30516","Gravic, Inc.","auto",4,3,2,2,4,1,3,4,3,4,2,1,3,4,3,5,5,2,3,2,1,5
1,"30995","Gravic, Inc.","auto",4,3,2,2,4,1,2,4,3,4,2,5,5,5,3,5,5,5,4,5,4,4
1,"31597","Gravic, Inc.","auto",4,3,2,2,1,3,2,1,3,4,3,4,3,2,2,5,5,4,2,3,4,2
1,"31419","Gravic, Inc.","auto",4,3,2,5,3,1,2,1,5,4,2,4,5,5,3,5,5,3,2,1,2,4
1,"30851","Gravic, Inc.","auto",2,2,2,2,4,2,2,3,3,4,2,5,5,3,2,2,5,1,3,4,2,1
1,"30940","Gravic, Inc.","auto",4,3,5,1,2,2,3,1,3,4,2,5,5,4,4,5,2,5,5,2,1,5
1,"31165","Gravic, Inc.","auto",4,3,2,2,4,5,2,1,3,4,2,5,3,4,3,5,5,5,5,3,2,4
1,"30596","Gravic, Inc.","auto",4,3,2,2,4,1,4,4,3,1,2,5,5,4,5,5,2,4,4,1,4,4
1,"30871","Gravic, Inc.","auto",5,2,2,1,5,5,2,1,5,2,4,3,2,3,5,5,5,4,3,5,2,4
1,"30563","Gravic, Inc.","auto",4,3,2,1,4,3,4,5,3,4,4,5,5,3,3,5,5,1,1,5,1,5
1,"30620","Gravic, Inc.","auto",4,3,2,2,4,1,4,1,3,4,2,5,5,4,3,5,2,4,5,3,2,4
1,"31269","Gravic, Inc.","auto",3,3,1,2,4,1,4,1,3,4,4,1,3,2,3,5,4,3,1,3,4,4
1,"31601","Gravic, Inc.","auto",4,2,2,2,4,2,2,1,5,2,3,4,5,1,2,5,2,4,4,1,4,4
1,"30741","Gravic, Inc.","auto",4,3,2,2,4,1,3,1,3,4,5,1,5,4,3,1,5,5,1,1,4,5
1,"31014","Gravic, Inc.","auto",4,3,2,2,4,1,2,1,3,2,2,5,2,5,5,5,2,5,5,5,2,3
1,"31559","Gravic, Inc.","auto",4,3,2,1,4,1,5,2,5,4,2,5,5,4,5,1,4,4,5,5,2,5
1,"31335","Gravic, Inc.","auto",4,3,2,2,4,1,5,1,3,4,2,1,5,4,5,5,2,4,4,1,5,4
1,"30737","Gravic, Inc.","auto",4,3,2,2,4,2,4,1,3,4,2,1,3,4,3,3,2,1,4,1,1,4
1,"31117","Gravic, Inc.","auto",4,2,2,3,4,3,3,1,1,4,2,5,3,3,3,5,5,5,4,5,1,4
1,"30661","Gravic, Inc.","auto",4,3,5,1,4,5,4,1,3,4,2,1,3,5,2,5,5,4,4,1,2,5
1,"30684","Gravic, Inc.","auto",4,3,2,1,4,1,3,1,3,4,2,1,3,4,3,1,2,4,3,3,4,4
1,"31377","Gravic, Inc.","auto",4,3,2,2,2,1,4,1,3,4,2,1,4,4,5,1,2,4,4,5,4,4
1,"30826","Gravic, Inc.","auto",1,3,5,2,4,5,4,1,5,1,2,5,5,4,2,5,5,5,4,5,2,4
1,"31474","Gravic, Inc.","auto",4,3,2,2,4,1,4,1,3,4,2,5,5,2,3,5,5,5,4,5,4,2
1,"30969","Gravic, Inc.","auto",4,3,5,2,4,1,4,1,3,4,2,5,5,3,5,5,5,5,5,5,4,5
1,"30973","Gravic, Inc.","auto",4,3,2,1,3,1,4,1,3,4,2,5,5,4,4,2,5,4,1,5,1,5
1,"31086","Gravic, Inc.","auto",4,3,4,1,4,2,3,1,3,4,2,1,3,4,3,1,2,4,4,2,1,4
1,"31066","Gravic, Inc.","auto",4,3,2,1,4,1,5,1,3,4,2,5,5,4,5,5,2,5,5,5,4,5
1,"31038","Gravic, Inc.","auto",4,5,2,2,4,5,5,1,3,4,2,5,5,4,5,5,5,4,5,5,2,5
1,"31037","Gravic, Inc.","auto",5,5,4,1,5,3,5,4,3,2,4,5,5,3,5,5,5,4,1,2,3,3
1,"31390","Gravic, Inc.","auto",4,3,2,1,4,1,4,1,3,4,2,5,5,4,3,5,2,5,5,5,2,4
1,"30643","Gravic, Inc.","auto",4,2,2,5,4,4,4,3,3,2,2,1,5,4,5,5,3,4,5,5,4,1
1,"31163","Gravic, Inc.","auto",4,5,2,1,4,1,3,1,3,4,2,1,3,5,3,5,5,4,4,5,2,2
1,"30986","Gravic, Inc.","auto",4,3,5,2,3,1,1,1,5,5,5,5,5,5,3,5,5,5,5,5,5,4
1,"31706","Gravic, Inc.","auto",4,3,2,1,4,5,3,5,3,3,4,5,5,3,3,5,1,5,5,2,1,5
1,"30875","Gravic, Inc.","auto",4,3,2,1,4,1,4,2,3,4,2,5,4,3,3,5,5,4,5,5,2,5
1,"31046","Gravic, Inc.","auto",4,3,2,2,5,1,2,1,3,4,2,5,3,5,3,5,3,5,4,2,1,4
1,"31122","Gravic, Inc.","auto",4,3,2,1,4,1,2,4,5,2,4,1,5,4,5,5,1,4,5,5,1,5
1,"31322","Gravic, Inc.","auto",4,3,2,1,4,3,1,1,3,2,2,1,5,4,5,5,2,4,2,5,2,2
1,"30507","Gravic, Inc.","auto",4,3,2,2,4,1,4,1,3,4,2,1,5,4,3,5,5,4,2,3,2,4
1,"30470","Gravic, Inc.","auto",4,3,2,2,5,1,4,1,3,2,2,1,5,3,5,1,5,4,4,1,4,4
1,"30729","Gravic, Inc.","auto",4,3,2,2,4,1,4,1,3,4,2,1,3,4,3,1,2,3,4,2,4,2
1,"30724","Gravic, Inc.","auto",4,3,3,2,3,1,3,1,3,2,2,1,5,4,3,2,5,4,4,3,2,2
1,"30577","Gravic, Inc.","auto",4,3,2,2,3,5,4,1,5,4,3,2,2,4,3,5,2,5,2,5,5,4
1,"30756","Gravic, Inc.","auto",4,3,2,2,4,2,4,1,3,4,2,1,3,4,3,1,2,4,1,3,2,4
1,"30656","Gravic, Inc.","auto",4,3,2,2,1,3,4,1,3,2,2,1,5,4,3,3,5,1,4,3,2,4
1,"30578","Gravic, Inc.","auto",4,3,2,2,4,1,2,1,5,4,2,1,3,4,5,5,5,5,4,5,2,3
1,"30594","Gravic, Inc.","auto",4,3,2,2,4,5,4,1,3,4,2,1,5,4,4,2,2,5,1,2,4,4
1,"30722","Gravic, Inc.","auto",5,3,1,2,4,1,4,1,3,4,4,1,3,4,1,1,1,4,4,1,4,4
1,"30623","Gravic, Inc.","auto",4,3,2,2,4,2,2,1,3,4,4,1,5,4,5,5,5,5,5,3,2,4
1,"30666","Gravic, Inc.","auto",4,3,4,2,5,5,1,2,3,2,1,5,5,4,3,5,5,4,4,4,1,2
1,"30719","Gravic, Inc.","auto",4,3,2,3,4,1,4,1,3,4,2,5,5,4,2,5,2,5,4,5,4,4
1,"30801","Gravic, Inc.","auto",4,3,4,2,3,1,5,1,3,4,5,5,5,4,1,5,3,5,4,5,2,5
1,"30777","Gravic, Inc.","auto",4,3,2,2,4,3,4,1,3,4,2,1,5,4,3,5,5,4,2,5,4,4
1,"30645","Gravic, Inc.","auto",4,3,2,2,4,1,4,1,3,4,2,1,3,4,3,1,2,4,4,2,2,4
1,"30609","Gravic, Inc.","auto",5,3,2,2,4,1,2,1,3,4,2,1,3,4,3,1,1,4,4,1,3,4
1,"30689","Gravic, Inc.","auto",1,3,2,2,4,1,4,1,5,5,1,5,1,4,4,3,2,2,4,1,1,4
1,"30524","Gravic, Inc.","auto",4,3,2,2,4,1,3,1,3,2,2,5,5,4,3,2,5,5,2,5,4,4
1,"30771","Gravic, Inc.","auto",4,3,2,2,4,5,4,1,3,4,2,1,2,4,3,1,2,4,4,3,2,4
1,"30487","Gravic, Inc.","auto",4,3,2,2,4,3,4,1,3,4,2,1,5,4,3,5,2,4,4,5,1,2
1,"30738","Gravic, Inc.","auto",4,3,2,2,4,3,3,1,3,4,3,5,5,4,3,5,5,5,1,3,5,5
1,"30581","Gravic, Inc.","auto",2,3,2,2,4,1,4,1,5,4,2,1,5,4,5,1,1,5,4,5,1,5
1,"30668","Gravic, Inc.","auto",5,3,2,2,4,1,3,1,3,4,2,1,1,3,2,1,4,5,1,5,4,4
1,"30496","Gravic, Inc.","auto",4,2,2,2,4,1,4,1,3,2,5,5,5,4,3,5,2,4,4,5,3,4
1,"30595","Gravic, Inc.","auto",4,3,2,1,4,1,4,1,3,4,3,1,5,4,3,5,4,4,2,5,2,4
1,"30475","Gravic, Inc.","auto",4,2,5,1,4,5,4,1,3,3,4,2,5,3,5,5,5,5,5,5,4,2
1,"30791","Gravic, Inc.","auto",5,3,2,2,4,5,3,1,5,4,4,5,5,4,2,5,5,5,5,3,1,2
1,"30804","Gravic, Inc.","auto",4,3,2,2,4,1,4,1,3,4,2,1,3,4,3,1,2,4,4,3,2,4
1,"30606","Gravic, Inc.","auto",4,2,2,2,4,2,3,3,5,4,2,1,3,2,4,5,5,1,1,5,4,4
1,"30618","Gravic, Inc.","auto",4,3,2,2,4,1,4,1,3,4,2,1,5,4,3,1,2,4,4,3,2,4
1,"30585","Gravic, Inc.","auto",4,3,2,2,4,3,4,1,3,4,5,1,3,4,4,1,2,5,4,5,1,4
1,"30600","Gravic, Inc.","auto",4,3,2,2,4,5,4,1,3,2,2,2,3,4,4,5,2,5,5,5,2,5
1,"30529","Gravic, Inc.","auto",4,3,2,2,4,5,3,5,3,4,2,5,3,4,3,5,2,4,2,3,2,2
1,"30720","Gravic, Inc.","auto",4,3,2,2,4,1,2,1,3,4,2,1,3,4,3,1,2,4,4,3,2,4
1,"30658","Gravic, Inc.","auto",4,3,4,2,4,1,3,1,3,2,2,1,3,4,3,1,5,4,3,5,2,4
1,"30686","Gravic, Inc.","auto",2,3,2,3,4,2,2,1,5,2,2,1,2,4,2,5,2,3,4,3,1,2
1,"30587","Gravic, Inc.","auto",4,3,2,1,4,1,5,1,3,4,5,4,3,5,5,5,5,5,4,3,2,5
1,"30792","Gravic, Inc.","auto",4,3,2,2,4,3,2,1,3,4,5,1,5,5,4,5,5,5,3,5,1,4
1,"30740","Gravic, Inc.","auto",4,3,2,2,4,1,2,1,3,4,2,1,5,4,1,5,5,5,5,2,2,4
1,"30499","Gravic, Inc.","auto",4,3,2,2,4,1,4,1,3,4,2,2,3,4,3,1,2,4,4,2,2,2
1,"30759","Gravic, Inc.","auto",4,3,2,1,4,1,2,1,3,4,2,1,4,4,4,3,2,4,4,3,4,1
1,"30569","Gravic, Inc.","auto",4,3,3,2,4,1,3,1,5,2,5,5,3,4,1,5,5,4,4,5,2,4
1,"30528","Gravic, Inc.","auto",4,3,5,2,3,1,5,1,3,2,2,1,3,4,3,5,4,5,4,3,5,4
1,"30555","Gravic, Inc.","auto",4,3,2,2,4,2,4,1,3,2,1,1,5,4,3,4,2,4,4,3,1,4
1,"30685","Gravic, Inc.","auto",4,3,2,2,4,1,3,1,3,2,3,1,3,4,3,1,4,4,3,3,4,2
1,"30539","Gravic, Inc.","auto",4,3,2,2,4,1,4,1,3,4,2,1,3,4,3,1,2,4,4,3,2,2
1,"30515","Gravic, Inc.","auto",4,3,2,1,2,5,4,1,3,4,2,1,3,4,3,3,2,4,4,3,1,4
1,"30634","Gravic, Inc.","auto",4,3,2,2,4,1,4,1,3,4,2,1,3,4,3,1,2,4,4,2,4,2
1,"30473","Gravic, Inc.","auto",5,2,2,1,4,5,4,1,3,2,2,5,5,4,3,1,2,1,4,3,4,4
1,"30664","Gravic, Inc.","auto",4,2,2,2,4,1,4,1,3,4,2,1,3,4,3,1,2,4,2,2,2,4
1,"30774","Gravic, Inc.","auto",4,3,2,2,4,1,4,1,3,4,2,1,3,3,3,1,5,4,3,5,2,4
1,"30482","Gravic, Inc.","auto",4,3,2,2,4,5,2,1,3,4,2,5,5,3,3,5,5,4,4,3,2,2
1,"30810","Gravic, Inc.","auto",4,3,2,2,4,1,4,1,3,4,2,1,5,4,3,1,4,5,4,3,2,4
1,"30731","Gravic, Inc.","auto",5,3,2,2,1,1,5,1,5,3,5,5,5,2,3,5,4,4,4,3,2,4
1,"30749","Gravic, Inc.","auto",4,4,2,5,4,3,2,4,5,4,2,1,5,3,5,1,5,4,2,4,4,1
1,"30526","Gravic, Inc.","auto",4,3,2,2,4,2,4,1,3,4,2,5,5,5,3,5,5,5,5,4,4,4
1,"30546","Gravic, Inc.","auto",4,3,2,2,3,1,2,1,3,3,4,1,3,4,3,1,3,4,3,1,4,4
1,"30796","Gravic, Inc.","auto",4,3,5,1,4,2,3,1,3,2,2,5,5,5,3,5,5,4,3,3,3,5
1,"30676","Gravic, Inc.","auto",4,3,2,2,4,3,4,1,3,4,2,1,5,3,5,5,2,4,4,1,2,4
1,"30549","Gravic, Inc.","auto",4,3,2,2,4,1,5,1,5,4,2,5,5,5,5,5,5,5,3,5,4,4
1,"30505","Gravic, Inc.","auto",4,3,1,2,5,2,4,1,3,4,4,5,5,3,3,5,5,4,1,2,4,4
1,"30762","Gravic, Inc.","auto",4,3,5,2,4,1,4,4,3,4,2,5,5,2,5,5,5,5,5,1,2,3
1,"30631","Gravic, Inc.","auto",4,3,2,2,4,5,3,1,1,4,2,1,3,3,5,5,2,3,4,4,3,1
1,"30521","Gravic, Inc.","auto",1,3,4,2,4,3,4,1,5,4,2,5,5,3,2,5,1,5,1,4,2,2
1,"30677","Gravic, Inc.","auto",4,3,2,2,4,1,3,1,3,4,2,1,3,4,3,1,2,4,4,3,2,4
1,"30784","Gravic, Inc.","auto",4,3,2,1,4,1,3,1,3,4,2,4,3,4,3,1,4,4,4,2,2,4
1,"30780","Gravic, Inc.","auto",4,3,2,2,4,2,4,1,3,4,2,1,1,4,3,1,2,4,4,3,2,4
1,"30709","Gravic, Inc.","auto",4,3,2,2,4,1,4,1,3,4,2,1,3,4,3,1,2,4,4,5,3,4
1,"30502","Gravic, Inc.","auto",4,3,2,2,4,1,4,1,3,4,3,5,3,4,3,1,2,4,4,3,1,4
1,"30548","Gravic, Inc.","auto",4,3,2,2,4,3,3,1,3,4,2,1,5,3,3,1,3,4,4,5,2,4
1,"30758","Gravic, Inc.","auto",4,3,2,2,4,1,4,1,3,4,3,1,3,4,3,1,2,4,4,3,2,4
1,"30757","Gravic, Inc.","auto",4,3,4,2,4,1,4,1,3,4,2,1,3,4,3,1,4,4,4,3,2,4
1,"30560","Gravic, Inc.","auto",2,3,3,1,3,1,4,3,5,2,2,5,4,4,3,4,1,2,2,4,1,1
1,"30541","Gravic, Inc.","auto",2,3,4,1,1,1,4,2,5,3,4,3,2,2,3,3,3,1,5,5,3,1
1,"30635","Gravic, Inc.","auto",4,3,2,2,4,5,4,1,3,4,2,5,5,4,3,2,2,4,4,3,2,4
1,"30681","Gravic, Inc.","auto",4,3,2,2,4,1,4,1,3,4,2,1,3,4,3,1,2,4,4,3,3,4
1,"30570","Gravic, Inc.","auto",4,2,2,1,4,3,4,1,5,4,5,1,5,4,5,5,5,3,1,5,5,4
1,"30638","Gravic, Inc.","auto",1,4,4,2,3,5,3,5,4,1,4,2,4,2,1,3,2,4,1,2,2,3
1,"30697","Gravic, Inc.","auto",4,3,2,2,4,2,1,3,2,4,4,4,5,3,4,1,2,5,3,1,1,1
1,"30683","Gravic, Inc.","auto",4,3,2,2,4,1,4,1,3,4,2,2,3,4,3,1,3,3,3,1,4,2
1,"30513","Gravic, Inc.","auto",4,3,2,2,4,2,4,2,3,4,3,1,2,4,3,1,2,4,3,3,2,4
1,"30730","Gravic, Inc.","auto",4,3,2,2,4,1,4,1,3,4,2,2,3,4,3,5,1,4,3,3,4,4
1,"30614","Gravic, Inc.","auto",4,3,2,2,4,1,3,1,3,4,5,1,5,4,3,5,5,5,4,2,4,4
1,"30580","Gravic, Inc.","auto",4,3,2,2,4,1,3,1,3,4,2,1,3,3,4,1,2,5,5,5,1,4
1,"30692","Gravic, Inc.","auto",4,3,2,2,3,2,4,5,3,4,5,1,5,4,3,5,2,4,3,3,2,4
1,"30477","Gravic, Inc.","auto",1,4,2,3,1,2,4,1,3,4,1,5,3,4,2,3,1,5,1,3,4,2
1,"30746","Gravic, Inc.","auto",4,3,2,2,4,1,4,1,3,4,2,5,3,4,3,1,2,4,5,2,2,4
1,"30717","Gravic, Inc.","auto",4,3,2,2,4,2,4,1,5,4,2,5,5,4,3,5,3,4,4,2,4,4
1,"30898","Gravic, Inc.","auto",4,5,2,2,4,3,4,1,3,4,5,5,5,4,3,1,2,5,4,2,2,4
1,"31094","Gravic, Inc.","auto",4,3,2,2,4,1,4,1,3,4,2,5,5,5,3,5,2,4,4,5,4,4
1,"30821","Gravic, Inc.","auto",4,2,1,2,4,1,4,1,3,2,2,5,4,4,3,5,2,4,4,2,2,3
1,"30960","Gravic, Inc.","auto",4,3,2,2,4,1,5,1,3,4,2,5,3,4,3,1,4,4,3,5,4,4
1,"30968","Gravic, Inc.","auto",5,3,2,2,4,1,3,2,3,4,2,1,5,4,3,1,2,5,4,3,2,4
1,"30962","Gravic, Inc.","auto",4,3,2,2,4,1,3,1,3,4,4,5,3,3,3,5,2,4,2,5,4,4
1,"31072","Gravic, Inc.","auto",4,3,2,2,4,1,4,1,3,4,2,4,3,4,3,1,2,4,4,1,2,4
1,"31093","Gravic, Inc.","auto",4,3,2,2,4,1,4,1,3,4,3,1,1,4,3,1,2,4,4,1,2,4
1,"30902","Gravic, Inc.","auto",4,3,2,2,4,1,4,1,3,4,2,2,5,3,3,1,5,5,3,3,4,5
1,"30873","Gravic, Inc.","auto",4,3,2,2,4,1,4,1,3,4,2,1,3,4,3,1,5,4,3,3,2,4
1,"30999","Gravic, Inc.","auto",2,3,4,2,4,5,4,1,3,3,2,1,5,4,3,5,5,2,2,2,4,5
1,"30889","Gravic, Inc.","auto",4,3,4,2,4,1,4,1,3,3,5,1,5,4,5,5,5,4,2,5,3,4
1,"30934","Gravic, Inc.","auto",4,3,2,2,4,1,4,1,3,4,4,5,3,4,3,1,5,4,1,5,4,4
1,"30925","Gravic, Inc.","auto",4,3,2,2,4,5,5,1,3,4,2,5,5,2,5,5,5,5,4,2,1,5
1,"30980","Gravic, Inc.","auto",4,3,5,2,4,2,4,1,3,2,2,5,5,4,3,5,2,4,3,2,4,5
1,"31040","Gravic, Inc.","auto",4,3,2,2,4,3,5,1,5,2,2,5,5,4,5,5,5,5,2,5,2,5
1,"31020","Gravic, Inc.","auto",4,3,2,2,4,1,2,1,3,4,4,1,3,4,3,1,2,4,4,2,1,3
1,"30959","Gravic, Inc.","auto",4,3,2,2,4,5,4,1,5,2,2,5,5,4,3,5,5,5,3,1,4,4
1,"30987","Gravic, Inc.","auto",4,3,2,2,1,3,4,1,3,3,2,4,4,4,3,4,2,4,4,1,2,4
1,"30981","Gravic, Inc.","auto",4,3,2,2,4,1,3,1,3,4,2,1,3,4,3,2,2,4,4,3,2,4
1,"31051","Gravic, Inc.","auto",4,3,2,2,4,1,2,1,3,4,2,5,3,4,3,5,2,4,3,5,2,5
1,"30847","Gravic, Inc.","auto",4,3,2,3,4,3,2,1,3,4,2,5,5,4,3,5,5,5,4,2,5,4
1,"31097","Gravic, Inc.","auto",4,3,2,2,4,1,4,1,5,4,2,1,5,4,5,2,5,5,4,5,4,4
1,"30867","Gravic, Inc.","auto",4,3,2,2,4,3,4,1,3,4,2,1,3,4,4,1,2,4,4,3,2,4
1,"30961","Gravic, Inc.","auto",4,3,2,2,4,1,1,1,3,4,2,5,5,4,3,1,2,5,5,3,2,4
1,"31071","Gravic, Inc.","auto",4,3,2,2,4,2,1,4,3,4,2,1,5,3,3,5,2,5,4,2,4,4
1,"31010","Gravic, Inc.","auto",5,4,2,3,4,1,1,3,3,2,5,1,3,4,4,5,5,4,2,3,4,4
1,"31084","Gravic, Inc.","auto",4,3,2,2,5,1,3,1,3,4,2,1,3,4,3,1,2,4,3,5,2,5
1,"31070","Gravic, Inc.","auto",4,3,2,2,4,1,3,1,3,4,2,1,3,5,5,5,1,4,5,4,1,2
1,"30951","Gravic, Inc.","auto",4,2,2,1,4,4,1,3,5,4,1,5,5,4,3,5,5,4,3,2,4,4
1,"30906","Gravic, Inc.","auto",4,3,2,2,4,5,3,1,3,2,2,5,5,4,3,5,5,5,4,5,2,4
1,"30946","Gravic, Inc.","auto",4,3,2,2,4,2,5,1,3,4,3,5,3,4,2,5,1,2,3,5,2,4
1,"30998","Gravic, Inc.","auto",1,3,2,2,3,4,2,1,3,4,2,4,1,3,3,5,4,4,1,4,1,2
1,"31031","Gravic, Inc.","auto",4,3,2,2,4,2,4,1,3,4,2,5,5,4,3,5,2,4,5,1,4,4
1,"30843","Gravic, Inc.","auto",4,3,2,2,4,3,1,1,3,4,3,1,3,5,4,1,2,5,5,5,2,2
1,"30840","Gravic, Inc.","auto",4,3,2,2,4,1,4,1,3,4,2,1,3,4,3,1,2,4,4,2,2,4
1,"30997","Gravic, Inc.","auto",4,3,2,1,4,5,4,1,3,4,2,4,5,4,3,1,4,4,4,3,2,4
1,"30903","Gravic, Inc.","auto",5,3,5,2,4,5,3,2,3,2,5,2,5,5,3,5,4,4,4,5,4,4
1,"30984","Gravic, Inc.","auto",4,2,2,2,4,3,4,1,5,4,3,5,5,5,3,5,5,4,1,3,2,4
1,"30920","Gravic, Inc.","auto",4,3,2,2,4,1,4,1,3,4,2,1,3,3,3,5,2,4,4,2,2,4
1,"31092","Gravic, Inc.","auto",4,3,2,2,4,1,2,1,2,4,2,1,5,4,3,5,2,4,1,2,2,3
1,"30824","Gravic, Inc.","auto",4,3,2,2,3,1,1,3,3,3,3,3,5,3,3,5,5,5,3,2,4,2
1,"31081","Gravic, Inc.","auto",4,3,2,2,4,1,4,1,5,4,2,5,5,4,3,5,5,5,4,3,2,4
1,"30985","Gravic, Inc.","auto",4,3,2,2,4,5,3,1,3,4,2,1,5,4,3,1,2,4,5,3,2,4
1,"30833","Gravic, Inc.","auto",4,3,5,2,4,5,3,2,3,4,2,1,3,4,3,5,5,4,4,1,4,2
1,"30939","Gravic, Inc.","auto",4,3,2,2,3,1,1,1,3,4,2,1,4,4,3,1,1,3,2,3,2,2
1,"31029","Gravic, Inc.","auto",4,3,2,2,4,1,4,1,3,4,2,5,3,4,3,1,1,4,4,3,1,4
1,"31024","Gravic, Inc.","auto",4,3,2,2,4,5,3,1,3,4,2,4,5,4,3,1,4,4,4,3,3,4
1,"30991","Gravic, Inc.","auto",4,3,3,2,1,4,2,2,3,1,5,3,5,4,4,5,1,4,2,5,1,2
1,"30856","Gravic, Inc.","auto",4,3,2,2,3,2,4,1,3,4,2,5,3,4,3,1,2,4,3,3,2,4
1,"30865","Gravic, Inc.","auto",4,3,2,2,4,1,4,1,3,4,2,4,5,4,3,5,4,5,4,3,1,2
1,"30923","Gravic, Inc.","auto",4,3,2,2,4,5,5,4,3,4,5,5,3,4,3,5,4,5,5,5,4,4
1,"31100","Gravic, Inc.","auto",4,1,4,1,4,5,4,4,3,1,4,1,5,1,4,3,5,1,4,1,2,4
1,"31013","Gravic, Inc.","auto",4,3,2,2,4,1,1,1,3,4,2,1,3,4,3,1,2,4,1,3,4,2
1,"30855","Gravic, Inc.","auto",4,3,2,2,4,1,2,1,3,4,2,1,3,4,3,1,2,4,4,3,2,4
1,"30950","Gravic, Inc.","auto",4,3,5,2,4,5,5,3,5,2,5,5,5,4,3,5,5,5,5,1,2,5
1,"30921","Gravic, Inc.","auto",2,2,2,2,4,2,3,1,3,4,2,5,3,4,3,1,5,4,4,2,2,4
1,"31035","Gravic, Inc.","auto",2,3,2,2,4,1,3,1,3,4,4,5,2,3,2,5,3,3,4,3,1,2
1,"30822","Gravic, Inc.","auto",4,3,2,2,4,1,2,1,3,4,2,2,3,4,3,1,4,4,4,3,4,4
1,"30817","Gravic, Inc.","auto",4,3,5,2,4,5,5,1,3,4,2,1,5,4,4,5,4,5,5,5,1,4
1,"30896","Gravic, Inc.","auto",4,3,2,2,4,3,3,1,3,4,4,2,5,3,3,1,2,4,3,3,2,4
1,"31351","Gravic, Inc.","auto",2,3,1,1,4,5,3,2,3,2,2,5,5,4,3,5,5,4,4,5,3,2
1,"31354","Gravic, Inc.","auto",4,3,2,2,4,5,3,1,3,2,4,1,5,3,3,2,5,4,2,3,4,4
1,"31348","Gravic, Inc.","auto",4,3,2,2,4,5,2,5,5,2,4,4,3,4,3,5,5,3,4,2,2,4
1,"31238","Gravic, Inc.","auto",4,3,2,2,4,1,4,1,3,4,2,1,5,4,3,1,2,4,2,2,3,4
1,"31202","Gravic, Inc.","auto",4,3,2,2,4,1,4,1,3,4,2,1,5,3,5,1,2,5,5,5,3,4
1,"31320","Gravic, Inc.","auto",4,3,2,3,4,1,3,1,3,4,2,1,5,4,3,5,2,4,4,5,2,4
1,"31223","Gravic, Inc.","auto",4,3,2,2,3,1,3,1,4,4,2,1,3,4,1,4,2,4,1,2,3,2
1,"31194","Gravic, Inc.","auto",4,3,2,2,4,1,3,1,3,4,4,1,3,4,4,1,5,4,5,5,4,4
1,"31287","Gravic, Inc.","auto",4,3,2,2,4,1,4,1,3,4,2,1,2,4,4,1,2,4,2,3,2,4
1,"31147","Gravic, Inc.","auto",4,3,2,2,4,1,1,1,3,4,2,1,3,4,3,1,2,4,4,3,2,4
1,"31199","Gravic, Inc.","auto",4,3,2,1,4,3,3,1,3,4,2,1,3,3,3,1,2,4,2,3,1,4
1,"31196","Gravic, Inc.","auto",4,3,2,2,3,5,5,1,3,2,2,1,5,2,3,5,5,4,2,5,4,5
1,"31293","Gravic, Inc.","auto",4,3,2,2,4,1,4,1,3,2,2,1,3,4,4,5,2,4,5,5,4,2
1,"31160","Gravic, Inc.","auto",2,3,4,2,2,2,1,2,3,4,2,1,2,4,3,4,2,3,2,5,1,3
1,"31282","Gravic, Inc.","auto",4,3,2,3,4,2,3,1,3,4,5,5,5,4,3,5,1,4,4,2,2,4
1,"31227","Gravic, Inc.","auto",5,3,2,2,4,2,4,1,5,4,2,5,5,3,3,5,5,5,5,3,2,4
1,"31185","Gravic, Inc.","auto",4,3,2,2,3,5,4,1,3,4,2,1,3,4,3,1,2,4,5,3,4,4
1,"31159","Gravic, Inc.","auto",4,3,5,2,4,3,2,1,5,4,2,1,5,4,3,1,2,5,4,3,5,4
1,"31107","Gravic, Inc.","auto",4,3,5,2,4,1,4,1,3,4,2,1,5,4,3,1,2,4,1,5,2,4
1,"31213","Gravic, Inc.","auto",4,3,2,1,4,1,4,1,3,4,2,1,1,4,4,2,4,4,4,3,2,4
1,"31240","Gravic, Inc.","auto",4,3,2,2,4,1,3,1,3,4,2,1,3,4,3,1,1,4,4,1,2,3
1,"31178","Gravic, Inc.","auto",4,3,5,2,4,1,4,1,3,4,2,5,5,3,3,1,5,4,3,2,2,4
1,"31187","Gravic, Inc.","auto",4,3,2,2,4,1,4,1,3,4,2,1,5,4,3,1,2,4,4,3,2,4
1,"31304","Gravic, Inc.","auto",1,3,2,3,4,2,1,1,5,4,2,5,3,5,2,5,5,4,4,5,2,4
1,"31294","Gravic, Inc.","auto",2,3,2,2,4,3,2,1,5,4,2,1,5,4,3,3,5,4,5,1,2,2
1,"31326","Gravic, Inc.","auto",3,3,5,2,5,4,5,3,3,2,2,3,1,1,2,5,5,3,2,4,2,2
1,"31252","Gravic, Inc.","auto",4,2,2,2,3,2,4,1,3,4,2,1,3,2,1,3,2,3,2,1,1,2
1,"31138","Gravic, Inc.","auto",5,3,4,1,4,1,2,4,5,4,4,5,3,3,2,5,5,3,2,2,2,1
1,"31285","Gravic, Inc.","auto",4,3,2,2,4,5,4,1,3,2,2,1,5,3,3,5,2,5,5,2,2,4
1,"31257","Gravic, Inc.","auto",4,3,2,2,4,2,1,1,3,4,5,5,1,4,3,5,2,4,5,4,1,1
1,"31205","Gravic, Inc.","auto",4,3,2,2,3,1,4,1,3,2,1,1,5,4,3,5,5,4,5,5,2,4
1,"31172","Gravic, Inc.","auto",4,3,2,2,4,1,1,1,5,3,2,5,5,5,4,5,5,5,5,2,4,2
1,"31136","Gravic, Inc.","auto",4,3,2,2,4,3,4,1,3,4,3,2,3,4,3,1,1,5,4,3,2,4
1,"31237","Gravic, Inc.","auto",4,3,2,2,4,1,4,1,3,4,2,1,2,4,3,1,2,1,4,2,2,3
1,"31149","Gravic, Inc.","auto",4,5,2,2,4,1,4,3,3,4,5,5,3,3,5,5,5,4,5,5,2,5
1,"31300","Gravic, Inc.","auto",5,3,2,2,4,5,4,1,3,4,5,1,5,5,3,5,2,4,4,1,1,2
1,"31168","Gravic, Inc.","auto",4,3,2,2,4,1,1,1,3,4,2,1,3,4,3,1,2,4,2,2,2,4
1,"31192","Gravic, Inc.","auto",4,3,2,2,4,3,2,1,3,4,2,1,5,3,3,5,2,4,2,1,2,5
1,"31164","Gravic, Inc.","auto",4,3,2,2,4,1,3,1,3,4,2,1,5,4,3,1,4,4,4,2,2,3
1,"31215","Gravic, Inc.","auto",4,2,2,2,4,1,3,1,5,4,2,4,5,4,3,5,5,4,4,2,1,4
1,"31219","Gravic, Inc.","auto",4,3,2,2,4,5,3,1,5,4,2,5,5,4,3,1,2,5,4,2,2,4
1,"31318","Gravic, Inc.","auto",4,3,2,2,4,5,4,1,3,2,5,1,3,4,3,1,5,5,4,2,2,4
1,"31323","Gravic, Inc.","auto",4,2,2,2,4,1,2,1,3,4,4,1,5,4,3,5,5,3,5,3,2,5
1,"31242","Gravic, Inc.","auto",5,4,2,2,4,3,3,1,3,4,2,1,5,5,4,5,5,4,5,2,1,4
1,"31296","Gravic, Inc.","auto",4,3,2,2,4,1,5,1,3,4,3,5,5,5,3,5,4,5,5,3,4,5
1,"31286","Gravic, Inc.","auto",4,3,2,2,4,1,2,1,3,4,2,1,3,4,3,1,2,4,3,4,2,4
1,"31312","Gravic, Inc.","auto",4,3,4,2,4,1,3,1,3,4,3,5,3,4,3,5,2,4,5,3,2,4
1,"31120","Gravic, Inc.","auto",4,3,2,2,4,1,3,1,3,4,2,2,3,4,3,1,5,4,5,1,2,4
1,"31171","Gravic, Inc.","auto",4,3,2,1,4,1,3,1,3,4,2,1,3,4,3,1,3,4,4,5,1,4
1,"31170","Gravic, Inc.","auto",4,3,2,2,2,1,5,1,3,4,2,5,5,5,3,5,2,5,5,5,4,2
1,"31314","Gravic, Inc.","auto",4,3,2,2,4,3,3,1,5,4,2,5,3,4,5,3,5,5,4,5,2,4
1,"31361","Gravic, Inc.","auto",4,2,2,2,3,1,2,4,3,4,2,1,3,3,5,5,5,1,5,5,2,2
1,"31288","Gravic, Inc.","auto",4,3,2,2,4,4,1,1,5,4,2,5,5,4,2,5,5,4,4,5,1,4
1,"31355","Gravic, Inc.","auto",4,3,2,1,4,3,3,1,3,4,4,3,3,3,4,2,3,4,2,5,2,2
1,"31142","Gravic, Inc.","auto",4,3,2,1,4,1,4,1,3,4,2,1,1,4,2,1,2,4,3,3,2,4
1,"31218","Gravic, Inc.","auto",5,3,2,2,4,2,3,1,3,4,4,5,5,3,5,5,2,4,4,2,1,5
1,"31234","Gravic, Inc.","auto",4,3,2,1,4,3,3,1,3,4,5,1,3,4,5,5,5,5,5,3,1,2
1,"31184","Gravic, Inc.","auto",4,3,4,2,4,5,5,1,5,2,2,4,5,4,5,5,5,5,4,5,3,2
1,"31119","Gravic, Inc.","auto",4,3,5,2,4,1,4,1,3,4,2,5,5,4,3,5,5,4,2,2,2,2
1,"31233","Gravic, Inc.","auto",4,3,2,2,4,2,4,1,5,1,5,5,5,3,2,5,5,4,5,5,4,3
1,"31157","Gravic, Inc.","auto",4,3,2,2,4,1,4,1,3,4,4,5,3,4,3,3,2,4,4,3,2,4
1,"31232","Gravic, Inc.","auto",4,3,4,2,4,5,3,1,3,4,2,1,5,4,3,5,5,4,1,2,1,4
1,"31229","Gravic, Inc.","auto",4,3,2,2,4,3,4,1,3,4,2,1,3,4,4,1,2,4,5,5,2,4
1,"31118","Gravic, Inc.","auto",4,3,2,4,4,3,3,1,3,2,2,2,5,3,2,5,5,4,4,1,2,4
1,"31284","Gravic, Inc.","auto",1,4,2,2,3,2,5,2,3,4,2,2,5,3,2,5,1,1,2,5,2,3
1,"31290","Gravic, Inc.","auto",4,3,2,2,4,3,4,1,5,4,2,5,5,4,3,5,5,2,4,5,1,3
1,"31162","Gravic, Inc.","auto",4,2,2,2,4,1,4,4,5,4,1,5,5,4,3,5,1,3,3,3,2,5
1,"31104","Gravic, Inc.","auto",4,3,2,2,4,3,4,1,3,4,2,1,5,4,3,1,2,4,5,3,2,4
1,"31356","Gravic, Inc.","auto",2,3,2,2,4,2,2,5,3,4,2,1,5,3,1,5,2,4,1,1,2,4
1,"31281","Gravic, Inc.","auto",4,3,2,1,4,2,2,1,3,4,5,5,5,4,4,5,2,5,2,5,2,4
1,"31114","Gravic, Inc.","auto",4,3,2,2,4,1,4,1,3,2,2,1,5,4,1,1,2,4,3,3,2,2
1,"31156","Gravic, Inc.","auto",4,3,2,2,4,1,4,1,3,4,2,1,3,4,3,1,2,4,4,3,2,4
1,"31169","Gravic, Inc.","auto",4,3,4,2,2,3,1,2,3,4,5,5,5,4,4,5,2,5,5,3,1,2
1,"31327","Gravic, Inc.","auto",3,3,4,2,4,1,3,1,5,4,4,4,3,3,3,5,1,4,2,3,2,2
1,"31350","Gravic, Inc.","auto",4,3,2,2,4,5,5,2,3,2,3,5,5,5,5,5,5,5,5,5,2,2
1,"31542","Gravic, Inc.","auto",5,3,2,2,4,1,4,1,3,4,2,1,5,4,4,1,5,5,2,5,2,4
1,"31641","Gravic, Inc.","auto",4,3,2,5,4,1,2,1,5,4,5,5,5,4,3,5,2,5,1,5,1,2
1,"31408","Gravic, Inc.","auto",4,3,2,2,4,1,2,1,3,4,2,5,5,4,3,5,5,5,4,5,4,4
1,"31423","Gravic, Inc.","auto",2,3,5,2,4,3,5,4,1,1,5,1,2,5,4,4,3,2,3,2,2,2
1,"31481","Gravic, Inc.","auto",4,3,2,2,4,3,4,1,3,4,4,1,3,4,3,1,2,4,4,3,2,4
1,"31653","Gravic, Inc.","auto",4,3,2,2,4,1,4,1,3,2,2,2,5,3,3,5,2,5,5,5,2,5
1,"31421","Gravic, Inc.","auto",4,3,4,2,4,5,2,1,3,4,2,1,5,3,3,5,5,5,4,5,2,5
1,"31684","Gravic, Inc.","auto",3,3,2,2,1,1,5,1,3,4,2,1,5,3,3,1,2,5,3,5,4,3
1,"31385","Gravic, Inc.","auto",4,3,2,2,4,5,4,1,3,4,2,4,5,3,3,5,5,4,2,2,4,4
1,"31557","Gravic, Inc.","auto",2,3,2,2,4,1,5,1,3,4,4,1,3,4,3,5,5,3,4,3,2,4
1,"31558","Gravic, Inc.","auto",4,3,2,2,2,1,4,1,3,4,2,5,1,4,3,1,2,4,4,3,2,4
1,"31651","Gravic, Inc.","auto",4,3,5,2,4,1,3,5,5,4,5,5,5,4,3,5,4,5,5,5,1,5
1,"31620","Gravic, Inc.","auto",4,3,2,2,4,3,2,1,3,4,2,1,5,4,3,4,5,5,1,1,2,2
1,"31463","Gravic, Inc.","auto",4,3,2,2,4,2,4,2,3,4,2,5,4,4,5,5,5,4,4,5,4,5
1,"31466","Gravic, Inc.","auto",4,3,2,2,4,1,3,1,3,4,2,5,3,4,3,1,2,3,4,3,2,4
1,"31427","Gravic, Inc.","auto",4,3,2,2,4,1,4,1,3,4,2,4,3,5,5,5,2,4,4,5,2,4
1,"31535","Gravic, Inc.","auto",4,3,2,2,4,1,4,1,3,4,2,1,3,4,3,5,2,4,4,3,2,4
1,"31519","Gravic, Inc.","auto",4,3,2,2,4,3,4,1,3,4,2,2,5,4,3,5,5,5,5,4,4,2
1,"31447","Gravic, Inc.","auto",5,3,2,2,4,5,4,1,3,4,2,5,5,4,2,5,5,5,2,3,1,4
1,"31541","Gravic, Inc.","auto",4,3,2,2,4,1,4,1,3,4,2,1,3,3,3,1,2,4,4,5,4,4
1,"31465","Gravic, Inc.","auto",4,2,2,2,4,1,4,1,3,4,2,1,3,4,3,1,2,4,4,3,2,4
1,"31486","Gravic, Inc.","auto",4,3,4,1,4,3,4,1,3,4,2,1,5,4,5,1,5,1,5,3,4,2
1,"31599","Gravic, Inc.","auto",4,3,2,2,4,3,3,1,3,4,2,1,2,4,3,5,5,5,2,2,2,4
1,"31550","Gravic, Inc.","auto",4,3,2,2,4,1,4,1,3,4,2,1,4,4,3,1,2,4,4,3,2,4
1,"31670","Gravic, Inc.","auto",4,2,1,2,4,1,4,1,5,4,5,5,5,4,3,5,2,5,2,3,5,4
1,"31514","Gravic, Inc.","auto",4,3,2,2,3,1,4,1,3,4,2,4,3,4,3,1,2,4,3,3,2,4
1,"31488","Gravic, Inc.","auto",5,3,2,2,3,1,1,5,3,1,2,1,3,3,3,5,5,3,4,5,4,5
1,"31436","Gravic, Inc.","auto",4,3,2,1,4,1,4,1,5,4,2,5,5,4,3,5,2,4,4,3,1,4
1,"31451","Gravic, Inc.","auto",4,3,2,1,3,1,4,1,3,4,4,5,5,4,3,1,5,4,4,5,1,3
1,"31611","Gravic, Inc.","auto",4,3,2,2,4,5,2,1,3,4,4,1,3,4,3,5,5,5,4,5,2,5
1,"31581","Gravic, Inc.","auto",5,3,2,2,3,3,3,4,3,2,5,5,5,3,3,1,5,1,4,5,2,2
1,"31657","Gravic, Inc.","auto",5,3,2,1,5,1,4,1,3,4,2,5,5,4,3,5,2,5,5,5,4,4
1,"31675","Gravic, Inc.","auto",5,3,2,2,4,1,5,5,3,4,5,1,5,5,3,5,5,5,5,5,2,4
1,"31563","Gravic, Inc.","auto",4,3,1,1,4,1,4,1,3,4,3,1,3,4,2,5,2,4,1,5,2,4
1,"31483","Gravic, Inc.","auto",4,3,2,1,3,1,1,1,5,1,2,3,3,3,2,5,4,5,4,1,3,4
1,"31661","Gravic, Inc.","auto",4,3,2,1,4,5,4,1,5,4,2,5,5,5,5,5,4,5,5,2,2,5
1,"31446","Gravic, Inc.","auto",4,3,2,2,4,1,3,1,3,4,2,1,3,3,3,1,2,4,4,1,2,4
1,"31596","Gravic, Inc.","auto",4,3,2,1,4,3,4,1,3,4,2,1,1,4,3,1,2,4,1,2,2,4
1,"31668","Gravic, Inc.","auto",4,3,2,2,3,1,4,4,5,4,4,4,5,4,5,5,3,4,4,3,4,2
1,"31562","Gravic, Inc.","auto",2,3,2,2,5,1,4,1,5,2,4,4,3,4,3,1,5,5,3,2,1,2
1,"31540","Gravic, Inc.","auto",2,3,1,1,4,5,2,1,5,4,2,2,3,3,2,2,5,4,4,3,1,2
1,"31479","Gravic, Inc.","auto",4,3,2,1,4,1,4,1,3,4,2,1,5,3,3,1,5,4,4,2,2,4
1,"31521","Gravic, Inc.","auto",3,4,4,1,3,5,2,3,5,2,4,4,3,4,5,3,1,2,3,2,4,4
1,"31615","Gravic, Inc.","auto",4,3,2,2,4,5,1,1,3,4,2,5,5,4,3,5,2,4,4,5,1,2
1,"31586","Gravic, Inc.","auto",5,3,2,1,3,5,5,2,3,2,2,1,5,5,5,5,2,5,4,1,4,5
1,"31605","Gravic, Inc.","auto",4,3,2,2,4,1,4,1,3,2,3,1,3,4,2,5,2,4,5,5,2,4
1,"31595","Gravic, Inc.","auto",4,3,2,2,4,3,4,1,3,4,2,5,5,4,4,1,1,5,3,3,4,4
1,"31518","Gravic, Inc.","auto",4,3,2,1,4,1,3,1,3,4,2,5,5,5,5,5,1,5,5,5,2,3
1,"31472","Gravic, Inc.","auto",4,3,4,1,4,1,4,1,3,4,2,1,1,4,3,2,1,4,1,2,4,4
1,"31413","Gravic, Inc.","auto",4,3,2,2,4,1,3,1,3,4,4,1,5,4,3,5,2,4,2,5,2,4
1,"31450","Gravic, Inc.","auto",5,2,2,2,3,2,1,1,3,4,2,2,5,4,3,1,2,4,2,4,2,1
1,"31467","Gravic, Inc.","auto",4,2,4,2,1,1,5,2,5,2,5,5,3,4,5,5,5,3,2,5,2,5
1,"31681","Gravic, Inc.","auto",2,3,2,2,4,1,2,1,3,2,2,5,5,4,5,5,5,5,5,3,4,2
1,"31379","Gravic, Inc.","auto",4,3,2,2,3,5,5,1,3,4,5,1,5,4,2,5,3,3,5,5,2,5
1,"31598","Gravic, Inc.","auto",4,3,2,2,4,1,3,1,3,4,2,1,5,3,3,5,5,4,1,2,4,4
1,"31529","Gravic, Inc.","auto",4,3,2,2,4,1,4,1,5,4,2,1,3,4,3,1,5,5,5,3,2,4
1,"31475","Gravic, Inc.","auto",4,3,2,1,4,1,3,1,3,2,2,1,3,4,4,1,2,4,5,3,1,1
1,"31607","Gravic, Inc.","auto",4,1,5,2,5,3,3,1,5,4,2,5,1,4,4,5,2,4,5,5,2,2
1,"31523","Gravic, Inc.","auto",4,3,2,2,4,1,4,1,3,4,2,1,3,4,3,1,2,4,4,5,4,4
1,"31604","Gravic, Inc.","auto",4,3,2,2,4,1,4,1,3,4,2,3,3,4,3,5,1,3,3,5,2,3
1,"31573","Gravic, Inc.","auto",4,3,2,2,4,1,3,1,3,4,2,1,5,4,4,5,3,4,2,1,1,4
1,"31682","Gravic, Inc.","auto",4,3,2,2,4,1,4,1,3,4,2,1,3,4,3,5,4,4,4,2,2,4
1,"31439","Gravic, Inc.","auto",4,3,2,2,4,2,4,1,3,2,2,1,4,4,3,1,2,5,3,3,4,4
1,"31410","Gravic, Inc.","auto",4,3,3,4,4,2,2,1,3,2,2,5,5,4,3,5,5,5,2,3,2,4
1,"31508","Gravic, Inc.","auto",5,3,5,2,4,5,4,1,3,2,2,5,3,4,3,5,1,5,4,3,2,4
1,"31444","Gravic, Inc.","auto",4,4,2,1,4,1,1,1,3,4,2,5,3,4,3,1,5,4,4,5,3,4
1,"31426","Gravic, Inc.","auto",4,3,2,2,4,3,4,1,3,4,2,1,3,4,3,1,4,4,4,3,4,4
1,"31418","Gravic, Inc.","auto",4,3,2,4,4,5,4,1,5,4,2,1,5,4,3,1,1,4,4,3,2,4
1,"31503","Gravic, Inc.","auto",4,3,2,2,4,1,4,4,3,4,2,1,3,4,5,1,2,5,5,5,2,2
1,"31571","Gravic, Inc.","auto",4,3,2,2,4,1,5,1,3,2,5,5,5,4,5,5,5,5,4,5,1,5
1,"31449","Gravic, Inc.","auto",4,3,2,1,4,1,4,1,3,4,3,2,3,4,3,1,4,5,4,3,2,4
1,"31531","Gravic, Inc.","auto",4,3,2,3,4,3,3,1,3,4,2,5,3,4,3,1,2,4,4,2,1,2
1,"31400","Gravic, Inc.","auto",4,3,2,2,4,1,3,1,3,4,2,1,3,4,3,1,2,4,4,3,4,4
1,"31491","Gravic, Inc.","auto",4,2,2,2,4,1,4,1,3,1,3,5,5,4,2,5,2,4,2,1,2,2
1,"31636","Gravic, Inc.","auto",4,3,1,2,3,3,5,4,5,4,1,2,5,2,4,2,5,5,5,5,3,4
1,"31492","Gravic, Inc.","auto",4,2,3,2,4,3,4,1,3,2,4,2,5,5,3,5,2,1,3,2,4,2
1,"31499","Gravic, Inc.","auto",5,3,2,1,2,1,1,5,3,4,5,5,3,5,3,5,5,5,5,5,4,2
1,"31371","Gravic, Inc.","auto",4,3,2,2,4,3,2,2,5,2,2,1,2,3,5,5,5,5,5,3,3,4
1,"30649","Gravic, Inc.","auto",4,3,5,5,1,3,4,1,5,4,5,4,5,3,5,5,5,5,2,2,1,5
1,"31784","Gravic, Inc.","auto",4,3,2,2,4,5,4,1,3,2,3,5,5,4,3,5,2,4,5,3,2,4
1,"31763","Gravic, Inc.","auto",4,3,2,2,4,1,2,1,3,2,3,1,3,4,3,2,4,4,1,2,4,4
1,"31749","Gravic, Inc.","auto",5,3,5,3,4,1,4,5,3,4,2,5,5,4,3,1,2,5,4,5,3,4
1,"31700","Gravic, Inc.","auto",4,3,2,1,4,1,3,1,3,4,2,1,5,4,3,1,5,5,1,3,2,4
1,"31698","Gravic, Inc.","auto",4,3,5,2,4,3,3,1,3,4,2,5,3,4,3,1,4,4,3,3,2,4
1,"31717","Gravic, Inc.","auto",4,3,2,3,4,5,3,1,3,4,3,1,5,4,3,5,5,5,4,5,4,4
1,"31705","Gravic, Inc.","auto",4,3,2,1,4,1,4,1,3,4,5,5,5,4,3,5,4,5,4,3,2,4
1,"31696","Gravic, Inc.","auto",4,3,2,2,4,5,4,1,3,4,5,1,3,3,3,1,2,4,5,2,2,4
1,"31740","Gravic, Inc.","auto",4,3,2,2,4,5,3,1,3,4,2,1,5,3,1,5,3,4,1,5,2,4
1,"31759","Gravic, Inc.","auto",4,3,2,2,4,1,4,1,3,4,2,1,5,4,3,1,5,4,4,4,1,4
1,"31776","Gravic, Inc.","auto",4,3,3,3,4,4,1,3,3,4,3,5,5,3,4,5,5,5,5,3,2,4
1,"31770","Gravic, Inc.","auto",4,3,2,2,4,1,4,1,3,4,2,1,3,4,3,1,2,4,4,3,2,4
1,"31760","Gravic, Inc.","auto",4,3,5,2,4,1,1,3,3,2,2,5,5,4,3,5,2,4,4,2,3,5
1,"31724","Gravic, Inc.","auto",4,3,2,2,4,1,4,1,3,4,2,5,3,4,4,1,1,4,4,3,1,4
1,"31772","Gravic, Inc.","auto",4,3,1,2,4,5,3,1,3,4,2,1,3,4,3,5,1,4,5,3,2,3
1,"31703","Gravic, Inc.","auto",4,3,2,2,4,1,4,1,3,4,2,2,3,4,3,1,5,4,3,3,2,4
1,"31732","Gravic, Inc.","auto",2,3,2,2,4,1,4,1,3,2,5,1,3,4,3,5,5,4,1,2,4,4
1,"31736","Gravic, Inc.","auto",1,3,2,4,4,5,2,4,4,2,2,5,5,4,3,5,2,5,3,5,4,4
1,"31714","Gravic, Inc.","auto",5,3,2,2,4,2,3,3,5,4,2,3,5,3,3,5,3,5,1,5,5,4
1,"31785","Gravic, Inc.","auto",4,3,2,2,4,5,4,1,3,4,2,5,5,4,3,5,2,5,4,3,4,4
1,"31743","Gravic, Inc.","auto",4,3,2,2,4,2,3,1,3,4,2,1,3,3,3,1,2,4,4,3,2,4
1,"31689","Gravic, Inc.","auto",4,3,3,2,1,5,4,3,5,4,5,3,4,4,3,5,5,5,2,5,3,5
1,"31690","Gravic, Inc.","auto",2,2,4,1,3,1,3,1,5,1,2,5,3,4,4,5,2,3,3,1,2,2
1,"31779","Gravic, Inc.","auto",4,3,2,2,4,1,2,1,5,4,5,5,5,5,5,5,5,5,5,4,3,2
1,"31780","Gravic, Inc.","auto",4,3,3,2,1,1,3,4,3,4,3,5,4,4,4,5,2,3,2,5,4,2
1,"31757","Gravic, Inc.","auto",4,3,2,2,4,1,4,1,3,2,3,1,1,4,3,1,1,4,2,4,4,4
1,"31737","Gravic, Inc.","auto",4,3,2,1,4,5,4,5,5,4,2,5,5,4,3,5,5,4,4,3,2,4
1,"31764","Gravic, Inc.","auto",4,3,2,1,4,5,2,3,5,3,1,5,2,4,3,5,2,3,4,1,2,2
1,"31297","Gravic, Inc.","auto",2,3,2,2,5,3,4,1,5,4,2,4,5,4,3,2,2,5,5,2,1,4
1,"31270","Gravic, Inc.","auto",4,3,2,1,4,5,3,1,3,4,2,5,5,3,3,1,2,4,4,2,1,2
1,"31329","Gravic, Inc.","auto",4,3,2,2,4,5,5,1,3,5,2,5,5,4,5,5,2,5,5,2,5,5
1,"31292","Gravic, Inc.","auto",4,3,2,2,4,5,3,2,3,4,1,1,5,4,3,5,1,5,4,1,2,2
1,"31310","Gravic, Inc.","auto",4,3,2,2,4,1,3,1,3,4,5,2,5,5,1,5,2,5,1,3,2,4
1,"31301","Gravic, Inc.","auto",4,3,2,2,3,5,4,1,3,4,2,1,3,3,3,5,3,5,4,3,4,4
1,"31291","Gravic, Inc.","auto",4,3,2,3,4,3,4,1,3,4,3,1,4,4,4,5,2,5,4,5,2,5
1,"31273","Gravic, Inc.","auto",4,3,2,2,4,1,4,1,3,4,2,1,3,4,3,5,5,4,4,2,4,4
1,"31261","Gravic, Inc.","auto",4,3,2,1,4,1,4,1,1,4,2,1,3,4,3,1,2,4,4,3,4,4
1,"31258","Gravic, Inc.","auto",4,3,2,2,4,1,4,1,5,5,5,1,3,3,3,5,5,5,2,5,2,4
1,"31254","Gravic, Inc.","auto",4,3,2,2,4,1,4,1,3,4,2,5,5,4,3,1,5,4,4,3,2,4
1,"31255","Gravic, Inc.","auto",4,5,2,2,4,3,2,1,3,4,2,5,3,5,5,5,2,4,4,5,3,4
1,"31272","Gravic, Inc.","auto",4,3,5,2,4,3,2,1,5,4,2,1,3,4,2,5,2,3,5,5,5,5
1,"31313","Gravic, Inc.","auto",4,3,2,1,4,1,4,1,3,4,2,1,5,4,3,1,5,4,5,5,4,4
1,"31277","Gravic, Inc.","auto",4,3,2,2,4,1,4,1,3,4,2,1,3,3,3,1,2,4,4,3,4,4
1,"31263","Gravic, Inc.","auto",4,3,5,2,4,5,5,5,5,2,2,5,5,4,3,5,2,5,4,5,4,4
1,"31295","Gravic, Inc.","auto",4,3,2,1,4,5,2,2,3,2,3,1,5,4,3,5,5,4,4,5,2,4
1,"31271","Gravic, Inc.","auto",4,3,2,2,4,1,4,1,3,4,2,1,3,4,3,1,2,4,4,2,2,4
1,"31328","Gravic, Inc.","auto",4,3,2,2,4,1,5,1,3,2,2,4,5,5,5,5,2,5,5,3,4,5
1,"31317","Gravic, Inc.","auto",4,3,2,2,4,5,2,1,5,4,4,5,5,3,3,5,5,3,1,3,1,4
1,"31324","Gravic, Inc.","auto",4,3,2,2,4,3,4,1,3,4,2,1,5,4,3,1,3,4,4,3,4,4
1,"31266","Gravic, Inc.","auto",2,2,2,2,1,1,4,1,3,4,4,4,3,4,3,2,2,4,4,3,2,4
1,"31231","Gravic, Inc.","auto",4,3,2,2,4,1,4,1,3,4,2,1,3,4,2,1,2,4,4,3,2,4
1,"30947","Gravic, Inc.","auto",4,3,2,2,4,1,4,4,3,4,5,3,5,4,3,5,1,4,5,5,4,4
1,"30953","Gravic, Inc.","auto",4,3,2,2,4,3,4,3,3,4,2,5,3,4,3,5,2,4,4,4,2,3
1,"30927","Gravic, Inc.","auto",4,3,2,4,2,1,3,1,3,4,2,2,3,4,3,5,4,4,4,3,4,4
1,"30926","Gravic, Inc.","auto",4,2,2,2,4,3,2,1,3,4,2,1,3,4,3,1,2,5,4,3,2,4
1,"30916","Gravic, Inc.","auto",1,3,2,2,4,3,4,1,4,2,2,1,3,4,5,3,2,4,1,2,2,2
1,"30970","Gravic, Inc.","auto",4,3,2,1,4,1,4,3,3,4,2,1,2,4,3,1,2,4,1,2,2,4
1,"30933","Gravic, Inc.","auto",4,3,2,1,4,1,4,1,3,4,2,1,3,4,4,5,4,1,4,3,4,1
1,"30936","Gravic, Inc.","auto",4,2,2,2,4,3,2,1,3,4,4,1,5,4,5,5,2,5,2,5,4,4
1,"30938","Gravic, Inc.","auto",4,3,2,2,4,5,4,1,3,4,2,1,3,4,3,1,2,4,5,3,4,4
1,"30918","Gravic, Inc.","auto",4,3,2,1,4,1,4,1,3,4,2,1,4,4,3,1,2,4,4,2,2,2
1,"30948","Gravic, Inc.","auto",4,3,2,2,4,5,4,1,3,4,2,1,3,4,3,5,5,5,5,3,2,4
1,"30952","Gravic, Inc.","auto",4,3,2,2,3,1,1,1,3,5,5,5,5,4,3,5,5,4,3,3,4,5
1,"30958","Gravic, Inc.","auto",4,2,2,2,4,3,4,1,3,2,2,1,5,5,3,5,5,4,4,1,5,3
1,"30931","Gravic, Inc.","auto",4,3,2,2,4,1,4,1,3,4,2,1,3,5,3,5,2,5,5,5,2,5
1,"30945","Gravic, Inc.","auto",4,3,2,2,4,1,2,1,3,4,2,5,1,4,3,5,5,5,4,5,2,4
1,"30957","Gravic, Inc.","auto",4,3,1,2,4,1,2,1,5,4,2,5,5,4,3,5,5,5,4,5,2,2
1,"30932","Gravic, Inc.","auto",4,3,2,2,4,1,4,1,3,4,4,5,5,4,2,1,4,4,4,1,1,2
1,"30930","Gravic, Inc.","auto",4,3,2,2,4,1,4,2,3,4,2,5,5,4,4,1,2,4,5,3,2,4
1,"30935","Gravic, Inc.","auto",4,3,2,2,4,1,2,1,3,4,2,5,5,3,3,5,4,4,3,5,2,4
1,"30942","Gravic, Inc.","auto",4,3,2,2,4,1,2,1,5,4,5,5,5,4,3,5,5,5,4,3,2,5
1,"30929","Gravic, Inc.","auto",4,3,2,2,4,1,4,1,3,4,2,5,3,4,3,1,2,4,2,3,2,4
1,"30976","Gravic, Inc.","auto",4,3,2,2,4,1,4,1,3,4,5,1,5,3,3,5,3,5,2,5,3,4
1,"30956","Gravic, Inc.","auto",4,3,2,2,4,1,4,1,3,4,2,1,5,4,5,5,5,5,5,2,2,4
1,"30963","Gravic, Inc.","auto",4,3,2,2,4,1,5,1,5,5,2,5,1,5,3,5,2,4,5,3,4,2
1,"31056","Gravic, Inc.","auto",5,3,2,2,1,1,3,1,3,3,2,5,2,3,3,5,5,4,4,3,4,3
1,"31007","Gravic, Inc.","auto",4,3,2,2,4,1,4,1,3,4,2,1,5,4,3,1,5,4,5,5,4,5
1,"31002","Gravic, Inc.","auto",4,3,5,5,4,5,2,1,5,3,1,4,3,4,5,5,5,4,1,1,3,1
1,"30982","Gravic, Inc.","auto",4,3,2,2,4,1,4,1,3,4,2,1,5,4,3,1,5,4,4,5,4,4
1,"30996","Gravic, Inc.","auto",4,3,2,2,4,1,3,1,3,2,3,4,3,4,3,2,3,1,4,2,2,2
1,"31115","Gravic, Inc.","auto",4,3,2,2,4,3,3,1,3,2,2,1,5,4,5,5,5,5,4,3,4,4
1,"31018","Gravic, Inc.","auto",4,3,2,2,4,1,3,1,3,4,2,1,5,4,3,1,5,4,1,5,2,4
1,"31087","Gravic, Inc.","auto",4,3,2,2,4,1,3,1,3,4,2,1,5,4,3,5,2,4,4,3,2,4
1,"31055","Gravic, Inc.","auto",4,3,4,2,4,1,4,1,3,4,2,5,3,4,5,1,5,4,4,5,2,4
1,"31019","Gravic, Inc.","auto",4,3,2,2,4,3,1,1,5,4,3,1,3,4,3,1,2,4,1,2,4,4
1,"31039","Gravic, Inc.","auto",4,3,2,2,4,1,4,1,3,4,2,5,3,4,3,3,2,4,4,5,2,4
1,"31011","Gravic, Inc.","auto",4,3,2,2,4,1,4,1,3,4,2,5,3,4,3,5,2,4,4,3,3,4
1,"31004","Gravic, Inc.","auto",4,3,2,2,4,1,4,1,3,4,2,1,3,4,3,1,2,4,4,3,2,4
1,"31049","Gravic, Inc.","auto",4,3,2,2,4,1,2,1,3,4,2,1,3,4,3,1,2,4,4,1,2,4
1,"31073","Gravic, Inc.","auto",4,3,2,1,4,5,3,1,3,4,5,1,4,5,3,5,2,4,4,3,4,4
1,"31108","Gravic, Inc.","auto",4,3,2,5,4,2,4,1,3,4,2,1,5,4,3,5,5,5,5,3,1,5
1,"30979","Gravic, Inc.","auto",4,3,2,2,4,1,4,1,3,4,2,1,3,4,3,1,2,4,4,3,2,4
1,"30988","Gravic, Inc.","auto",4,3,2,2,4,1,4,1,3,4,2,1,3,4,3,1,5,4,4,3,2,4
1,"31022","Gravic, Inc.","auto",4,3,2,2,4,1,4,1,3,4,2,2,3,4,3,5,2,4,4,3,2,4
1,"31102","Gravic, Inc.","auto",2,2,2,2,4,1,3,1,1,4,2,5,3,3,3,1,5,4,4,2,4,2
1,"31015","Gravic, Inc.","auto",4,3,2,2,4,1,3,1,3,4,2,1,1,4,3,1,2,4,3,2,2,4
1,"31180","Gravic, Inc.","auto",4,3,2,2,4,1,2,1,3,2,2,4,5,5,3,1,4,5,5,3,2,2
1,"31003","Gravic, Inc.","auto",4,3,2,2,4,1,2,1,3,4,2,1,3,4,2,5,2,4,4,3,1,4
1,"31054","Gravic, Inc.","auto",4,3,2,2,4,1,4,5,5,4,5,1,3,5,3,5,2,4,5,3,2,4
1,"31062","Gravic, Inc.","auto",4,3,2,1,4,3,4,1,3,4,2,2,2,4,3,1,2,4,3,3,4,4
1,"31023","Gravic, Inc.","auto",4,3,4,2,4,2,4,1,3,4,2,5,5,5,5,1,2,4,5,5,2,4
1,"31075","Gravic, Inc.","auto",4,2,2,2,4,1,4,1,3,2,2,5,3,3,3,1,2,4,4,3,4,4
1,"31091","Gravic, Inc.","auto",4,3,2,1,4,1,4,1,3,4,2,5,5,4,3,5,2,4,4,3,4,4
1,"31026","Gravic, Inc.","auto",1,2,2,2,4,4,2,1,5,4,2,1,2,4,4,3,5,4,5,4,1,4
1,"31053","Gravic, Inc.","auto",4,2,2,1,4,5,3,1,5,4,5,2,3,4,3,5,2,4,4,3,4,4
1,"31061","Gravic, Inc.","auto",2,3,2,2,4,5,5,3,3,4,2,5,5,3,5,5,5,1,4,4,4,2
1,"31025","Gravic, Inc.","auto",4,3,2,2,4,5,4,1,5,4,2,1,1,4,3,2,1,1,1,1,2,4
1,"31069","Gravic, Inc.","auto",4,3,2,2,4,1,2,1,3,4,2,1,3,4,3,1,2,4,4,3,4,4
1,"31090","Gravic, Inc.","auto",4,3,2,2,4,1,4,1,3,4,2,1,1,4,3,1,2,4,2,3,2,4
1,"31042","Gravic, Inc.","auto",4,3,2,2,2,3,4,1,3,4,2,1,5,4,2,3,2,4,4,3,2,4
1,"31106","Gravic, Inc.","auto",4,2,2,1,4,2,1,1,3,4,2,1,5,4,3,5,5,3,5,1,4,4
1,"31083","Gravic, Inc.","auto",4,3,2,2,4,1,4,1,3,4,5,1,5,4,3,1,2,4,5,5,4,4
1,"31016","Gravic, Inc.","auto",4,3,2,2,4,1,2,1,3,4,2,1,3,4,3,1,2,4,4,2,2,4
1,"31111","Gravic, Inc.","auto",4,3,2,2,4,1,4,1,3,4,2,1,3,4,3,1,2,4,4,3,2,4
1,"31109","Gravic, Inc.","auto",4,3,2,2,4,1,4,1,3,4,2,1,3,4,3,1,2,4,2,3,2,4
1,"31036","Gravic, Inc.","auto",4,3,2,2,4,1,4,1,3,4,2,1,5,3,3,5,3,4,4,5,3,4
1,"31012","Gravic, Inc.","auto",2,1,2,2,3,5,2,5,5,2,5,4,5,2,1,5,5,4,4,2,1,5
1,"30989","Gravic, Inc.","auto",4,3,2,2,4,1,4,1,3,4,2,1,3,3,3,1,2,4,4,2,2,4
1,"31085","Gravic, Inc.","auto",4,3,4,1,4,4,4,1,1,4,2,2,5,4,3,2,3,3,4,5,2,4
1,"31050","Gravic, Inc.","auto",4,3,2,2,4,4,3,1,3,4,2,5,5,3,4,5,3,4,4,3,2,4
1,"31006","Gravic, Inc.","auto",4,3,2,2,4,1,3,1,3,4,2,1,3,4,3,1,2,4,3,3,2,4
1,"31208","Gravic, Inc.","auto",4,3,2,2,4,5,4,1,3,4,2,5,5,4,3,5,2,4,4,1,1,4
1,"31181","Gravic, Inc.","auto",4,3,2,2,4,1,4,1,3,2,2,5,4,4,3,5,2,4,3,3,1,4
1,"31228","Gravic, Inc.","auto",4,3,2,2,4,1,4,1,3,4,2,1,3,4,3,1,2,4,1,3,2,4
1,"31113","Gravic, Inc.","auto",4,3,3,2,4,5,1,1,3,3,2,5,5,3,3,5,5,5,5,5,4,5
1,"31250","Gravic, Inc.","auto",4,3,2,2,4,3,4,1,3,4,2,1,3,5,3,5,2,4,4,5,2,4
1,"31275","Gravic, Inc.","auto",4,3,2,2,4,1,3,1,3,2,5,1,5,4,3,5,5,5,5,2,2,4
1,"31130","Gravic, Inc.","auto",4,3,2,2,4,1,3,1,3,2,2,1,3,4,3,1,3,4,4,3,4,4
1,"31251","Gravic, Inc.","auto",4,4,2,2,4,3,2,2,3,2,4,1,4,3,5,5,5,4,5,2,2,5
1,"31129","Gravic, Inc.","auto",4,3,3,2,3,2,3,1,3,4,2,1,5,3,2,5,5,5,4,1,5,3
1,"31116","Gravic, Inc.","auto",4,3,2,2,4,1,4,1,3,4,2,5,5,4,5,5,5,5,5,2,4,4
1,"31283","Gravic, Inc.","auto",4,2,2,2,4,1,3,1,3,4,2,1,3,4,3,1,2,4,4,5,4,4
1,"31280","Gravic, Inc.","auto",4,3,2,2,4,1,4,1,3,4,3,1,5,4,3,1,2,5,3,3,3,3
1,"31305","Gravic, Inc.","auto",4,3,2,2,4,1,4,1,3,4,2,1,3,4,3,1,2,5,3,3,2,4
1,"31308","Gravic, Inc.","auto",4,3,2,2,4,3,3,1,5,4,2,5,5,4,3,1,2,5,4,5,4,5
1,"31131","Gravic, Inc.","auto",4,3,2,2,4,1,4,1,3,2,2,1,5,4,3,1,2,4,1,5,2,4
1,"31299","Gravic, Inc.","auto",4,3,2,2,2,1,4,2,3,4,2,1,3,4,4,5,4,4,3,2,2,4
1,"31174","Gravic, Inc.","auto",4,1,2,2,4,1,2,1,3,4,2,1,3,4,4,3,2,4,4,3,1,4
1,"31316","Gravic, Inc.","auto",4,3,2,2,4,1,4,1,3,4,2,5,1,4,3,1,5,4,4,5,2,4
1,"31239","Gravic, Inc.","auto",4,3,2,2,4,1,3,1,3,4,2,1,1,4,2,2,2,5,3,2,3,4
1,"31127","Gravic, Inc.","auto",4,3,2,2,4,2,4,1,3,4,2,2,5,4,3,1,5,5,4,5,2,4
1,"31191","Gravic, Inc.","auto",4,3,2,2,4,1,4,1,3,4,2,1,3,4,3,5,5,4,4,5,2,4
1,"31245","Gravic, Inc.","auto",4,3,2,2,4,1,3,1,3,4,2,1,5,4,3,5,2,4,4,5,2,5
1,"31137","Gravic, Inc.","auto",4,3,2,2,4,3,3,1,5,4,2,5,5,4,3,5,5,2,4,3,4,4
1,"31243","Gravic, Inc.","auto",4,3,2,2,4,5,3,1,3,4,2,5,5,3,4,5,5,4,2,2,2,4
1,"31179","Gravic, Inc.","auto",4,3,2,2,4,5,4,1,5,4,2,5,5,4,3,5,5,4,4,3,2,4
1,"31173","Gravic, Inc.","auto",4,3,2,2,4,1,2,1,3,4,2,1,5,4,3,5,2,5,5,5,4,2
1,"31207","Gravic, Inc.","auto",4,3,2,2,4,1,2,1,3,4,2,5,5,5,3,5,2,5,3,5,1,2
1,"31289","Gravic, Inc.","auto",4,3,2,2,4,3,3,1,3,2,2,1,5,4,3,1,2,4,5,5,2,4
1,"31268","Gravic, Inc.","auto",4,3,2,2,4,5,4,1,3,2,5,1,3,4,4,1,2,4,4,5,2,2
1,"31197","Gravic, Inc.","auto",4,3,2,2,4,5,3,1,3,4,1,5,5,3,3,5,2,5,5,5,2,2
1,"31141","Gravic, Inc.","auto",4,3,2,2,4,1,4,1,3,4,2,1,3,4,3,1,2,4,4,3,2,4
1,"31193","Gravic, Inc.","auto",4,3,2,2,4,1,4,1,3,4,2,5,5,4,3,5,2,5,4,3,2,4
1,"31311","Gravic, Inc.","auto",4,3,2,2,4,2,2,3,3,4,2,2,3,4,3,1,2,4,4,2,2,4
1,"31203","Gravic, Inc.","auto",1,4,2,2,4,1,4,1,5,4,2,3,5,4,1,3,5,4,3,5,1,2
1,"31126","Gravic, Inc.","auto",4,3,2,2,3,3,3,1,3,4,2,1,3,4,3,1,2,4,4,2,1,4
1,"31279","Gravic, Inc.","auto",4,3,2,2,4,3,4,1,5,4,2,1,5,4,3,5,2,5,1,5,2,4
1,"31154","Gravic, Inc.","auto",4,3,2,2,4,1,3,1,3,4,2,5,5,4,3,1,2,4,4,3,1,4
1,"31188","Gravic, Inc.","auto",4,3,2,2,4,3,4,1,3,4,2,1,5,4,3,4,5,5,4,3,2,2
1,"31200","Gravic, Inc.","auto",4,5,2,1,4,1,5,1,3,4,2,1,5,3,3,1,5,5,4,1,4,4
1,"31135","Gravic, Inc.","auto",4,3,2,2,2,1,4,1,3,4,2,1,5,3,4,5,2,5,4,3,3,2
1,"31217","Gravic, Inc.","auto",4,3,2,2,4,5,4,1,3,4,5,1,5,4,3,5,5,5,4,1,2,4
1,"31176","Gravic, Inc.","auto",4,3,2,2,4,1,4,1,3,4,2,5,3,3,3,1,2,4,4,3,4,4
1,"31079","Gravic, Inc.","auto",4,3,2,2,4,1,4,1,3,4,2,1,3,4,3,1,2,4,4,3,2,2
1,"31246","Gravic, Inc.","auto",4,3,2,2,4,1,4,1,3,4,2,1,3,4,3,1,2,4,4,3,2,4
1,"31140","Gravic, Inc.","auto",4,3,2,2,4,1,3,1,3,4,2,5,3,3,3,1,5,4,4,3,2,2
1,"31158","Gravic, Inc.","auto",4,3,2,3,4,5,4,1,3,4,2,5,5,4,4,5,5,4,5,2,4,2
1,"31330","Gravic, Inc.","auto",5,3,2,2,4,5,4,1,3,4,2,5,5,5,5,5,5,5,4,3,2,5
1,"31253","Gravic, Inc.","auto",4,3,2,1,4,1,3,1,3,4,2,5,2,3,4,1,2,4,4,1,4,4
1,"31204","Gravic, Inc.","auto",4,2,2,2,4,5,2,1,3,4,2,1,3,3,3,1,3,4,4,2,4,4
1,"31267","Gravic, Inc.","auto",4,3,2,2,4,3,4,1,3,4,2,1,1,4,3,1,2,3,4,3,2,2
1,"31303","Gravic, Inc.","auto",4,3,2,2,4,5,4,1,5,4,2,1,3,4,2,4,2,4,5,5,4,4
1,"31133","Gravic, Inc.","auto",4,3,2,3,4,1,4,1,3,4,2,1,3,4,3,5,2,5,4,5,1,4
1,"31155","Gravic, Inc.","auto",4,3,2,2,4,5,2,1,3,4,2,5,3,4,3,5,5,4,4,3,2,3
1,"31148","Gravic, Inc.","auto",4,3,2,2,4,1,1,1,3,4,2,1,3,4,3,1,2,4,5,3,2,4
1,"31221","Gravic, Inc.","auto",4,3,2,2,4,5,4,1,5,4,2,5,3,4,3,1,5,4,4,3,2,4
1,"31150","Gravic, Inc.","auto",4,3,2,2,4,1,3,1,3,4,2,1,5,3,5,1,5,5,4,3,4,4
1,"31298","Gravic, Inc.","auto",4,3,2,2,4,3,4,1,3,4,5,5,5,4,5,5,5,5,3,1,1,5
1,"31265","Gravic, Inc.","auto",4,3,2,2,4,1,4,1,3,4,2,1,3,4,3,1,2,4,4,3,1,4
1,"31134","Gravic, Inc.","auto",4,3,2,2,4,1,2,1,3,4,2,5,3,3,3,5,2,5,1,5,2,3
1,"31331","Gravic, Inc.","auto",5,2,2,2,5,5,3,2,5,5,5,5,5,5,3,5,5,5,3,5,1,5
1,"30698","Gravic, Inc.","auto",4,3,2,2,4,1,4,1,3,2,2,1,5,4,5,5,2,4,2,5,2,4
1,"30904","Gravic, Inc.","auto",4,3,2,2,4,1,3,1,3,4,2,1,3,4,3,1,5,5,5,5,4,4
1,"30485","Gravic, Inc.","auto",4,3,2,2,4,1,4,1,3,4,2,1,3,4,3,5,2,3,4,5,2,3
1,"30484","Gravic, Inc.","auto",4,3,2,2,4,1,3,1,3,2,2,1,5,4,5,5,5,5,4,5,2,4
1,"30543","Gravic, Inc.","auto",4,3,1,2,5,1,5,1,3,2,2,4,5,4,2,1,2,5,1,5,4,2
1,"30533","Gravic, Inc.","auto",4,4,2,2,4,3,2,1,3,4,2,1,4,4,5,5,5,5,4,1,1,2
1,"30860","Gravic, Inc.","auto",4,3,2,2,4,1,3,1,3,4,5,1,5,4,3,1,2,4,5,5,4,4
1,"30547","Gravic, Inc.","auto",4,3,2,2,4,1,2,1,3,2,5,1,5,5,3,5,5,5,5,5,2,2
1,"30704","Gravic, Inc.","auto",4,3,2,2,4,1,4,1,3,2,5,5,5,5,2,5,5,4,4,5,4,4
1,"30732","Gravic, Inc.","auto",4,3,2,2,4,5,4,3,3,4,2,1,3,5,5,5,5,4,5,5,4,5
1,"30500","Gravic, Inc.","auto",4,3,2,2,4,1,4,1,3,4,2,5,5,4,5,1,2,4,5,3,2,5
1,"30491","Gravic, Inc.","auto",4,3,2,2,3,2,4,1,3,4,2,1,4,4,4,5,2,3,1,5,4,4
1,"30471","Gravic, Inc.","auto",4,3,4,2,4,1,4,1,3,4,2,5,3,4,3,1,5,4,5,3,2,4
1,"30753","Gravic, Inc.","auto",4,3,2,2,4,1,3,1,3,4,2,1,3,4,3,1,5,4,4,5,2,4
1,"30775","Gravic, Inc.","auto",5,3,2,1,3,5,4,1,3,3,5,1,5,5,5,1,5,5,4,1,2,4
1,"30752","Gravic, Inc.","auto",4,3,2,2,4,1,3,1,3,4,2,1,5,4,3,1,2,4,2,5,2,4
1,"30734","Gravic, Inc.","auto",4,3,2,1,4,1,4,1,3,4,2,1,3,4,3,1,2,4,4,3,4,4
1,"30876","Gravic, Inc.","auto",4,2,2,1,4,1,4,1,3,4,2,5,5,4,3,5,5,5,1,5,2,2
1,"30647","Gravic, Inc.","auto",4,3,2,2,4,1,3,1,5,4,2,1,2,4,3,1,3,4,3,5,3,4
1,"30915","Gravic, Inc.","auto",4,3,2,2,4,1,2,1,3,4,2,2,5,5,3,5,2,4,4,5,4,5
1,"30652","Gravic, Inc.","auto",5,5,5,5,5,5,2,3,5,2,5,5,5,4,2,5,5,5,4,2,2,2
1,"30910","Gravic, Inc.","auto",4,3,2,2,4,1,4,1,3,4,2,5,5,3,5,2,3,4,5,2,3,2
1,"30894","Gravic, Inc.","auto",4,2,2,2,4,1,3,1,3,2,2,1,3,4,3,5,2,4,1,4,2,2
1,"30671","Gravic, Inc.","auto",5,3,2,2,4,1,3,1,3,4,2,1,5,4,3,1,2,4,4,3,2,4
1,"30905","Gravic, Inc.","auto",4,3,2,2,3,1,4,1,3,4,2,1,3,4,3,5,5,5,5,3,2,4
1,"30895","Gravic, Inc.","auto",4,3,2,2,4,1,4,1,3,4,2,1,3,4,3,1,5,4,5,5,2,4
1,"30675","Gravic, Inc.","auto",4,3,2,2,4,1,3,1,3,2,2,5,5,5,5,5,2,5,3,5,2,5
1,"30869","Gravic, Inc.","auto",4,3,5,2,3,1,4,1,3,3,5,1,3,4,3,5,5,5,5,2,3,2
1,"30912","Gravic, Inc.","auto",4,3,2,2,4,3,4,1,3,2,2,1,5,4,3,1,1,3,2,4,2,4
1,"30633","Gravic, Inc.","auto",4,3,2,2,4,1,3,1,3,4,2,1,3,4,4,1,2,4,5,1,2,4
1,"30877","Gravic, Inc.","auto",4,3,2,2,4,1,2,1,3,4,2,5,5,4,3,1,2,5,5,3,2,4
1,"30888","Gravic, Inc.","auto",4,3,4,2,4,1,4,1,3,4,5,1,5,4,3,5,2,5,4,1,2,4
1,"30882","Gravic, Inc.","auto",5,3,2,2,4,1,3,1,3,4,2,5,5,3,2,5,2,4,4,2,2,4
1,"30868","Gravic, Inc.","auto",5,3,2,2,3,1,4,1,3,4,2,5,3,3,3,5,5,4,4,5,2,4
1,"30899","Gravic, Inc.","auto",4,3,2,2,4,4,4,1,5,2,5,1,5,3,5,5,5,4,5,2,4,5
1,"30663","Gravic, Inc.","auto",4,3,2,2,4,3,5,1,5,4,2,5,5,4,4,5,2,5,4,5,2,4
1,"30870","Gravic, Inc.","auto",4,3,2,2,4,1,4,1,3,4,2,1,5,3,3,1,2,4,4,5,2,4
1,"30884","Gravic, Inc.","auto",4,3,2,2,4,1,2,1,3,4,2,5,5,4,3,1,5,5,4,5,2,5
1,"30659","Gravic, Inc.","auto",5,3,2,2,1,5,3,3,3,2,5,1,5,1,5,5,1,4,5,5,4,2
1,"30629","Gravic, Inc.","auto",4,3,2,2,4,1,2,1,3,2,2,1,5,4,3,5,2,4,5,2,2,4
1,"30504","Gravic, Inc.","auto",4,3,1,1,4,1,4,2,5,4,2,5,5,4,3,5,4,5,4,5,2,3
1,"30682","Gravic, Inc.","auto",4,3,2,2,4,1,4,1,3,4,2,1,3,5,3,5,2,4,4,5,1,2
1,"30493","Gravic, Inc.","auto",4,3,2,2,4,1,5,2,3,2,5,1,5,5,3,5,5,5,5,5,3,5
1,"30559","Gravic, Inc.","auto",5,3,2,2,4,5,2,3,3,4,2,1,3,4,3,1,5,3,5,1,4,5
1,"30764","Gravic, Inc.","auto",4,2,2,2,4,1,4,1,3,4,4,1,3,3,3,1,2,4,4,3,4,4
1,"30565","Gravic, Inc.","auto",4,3,2,1,2,3,3,1,3,4,2,1,1,4,4,5,3,4,4,2,2,4
1,"30508","Gravic, Inc.","auto",5,3,2,2,4,1,3,1,5,4,5,1,5,5,3,5,4,5,4,5,2,4
1,"30494","Gravic, Inc.","auto",4,3,2,2,4,1,4,1,3,4,2,1,3,4,3,1,2,4,4,3,2,4
1,"30789","Gravic, Inc.","auto",4,1,2,2,4,5,4,1,3,5,2,5,1,4,3,5,5,4,4,5,2,2
1,"30773","Gravic, Inc.","auto",4,3,2,2,4,2,5,1,3,2,5,5,5,5,4,5,5,5,5,5,4,2
1,"30556","Gravic, Inc.","auto",5,3,2,2,4,3,4,1,3,4,5,5,5,5,3,5,1,4,1,5,4,4
1,"30743","Gravic, Inc.","auto",4,3,2,2,4,3,4,1,3,4,2,1,3,4,3,1,2,4,4,5,2,4
1,"30713","Gravic, Inc.","auto",4,3,2,1,4,1,4,1,3,4,2,1,2,4,3,1,1,5,4,3,2,4
1,"30806","Gravic, Inc.","auto",4,1,4,2,3,3,5,3,4,4,5,5,5,3,3,1,1,5,2,2,2,2
1,"30747","Gravic, Inc.","auto",4,3,2,2,4,1,4,1,3,4,2,1,3,4,3,5,2,4,4,3,2,4
1,"30474","Gravic, Inc.","auto",4,3,2,2,4,1,3,1,3,4,2,1,5,4,4,1,5,5,4,5,2,5
1,"30779","Gravic, Inc.","auto",4,3,2,2,4,5,4,5,5,4,2,5,5,4,3,5,5,5,2,3,2,4
1,"30509","Gravic, Inc.","auto",4,3,2,2,4,1,4,1,3,4,2,2,3,4,3,1,2,4,4,3,2,4
1,"30726","Gravic, Inc.","auto",4,3,2,2,4,2,4,1,3,2,2,5,5,5,3,5,2,5,4,2,4,4
1,"30797","Gravic, Inc.","auto",2,3,2,2,4,1,4,1,5,4,2,1,5,4,3,2,5,1,5,5,4,4
1,"30897","Gravic, Inc.","auto",4,3,2,2,4,5,5,1,3,4,2,1,3,4,3,1,5,5,4,5,2,4
1,"30665","Gravic, Inc.","auto",4,3,2,2,4,1,4,1,3,2,2,1,3,4,3,1,5,5,4,2,2,4
1,"30794","Gravic, Inc.","auto",4,3,2,2,4,5,4,1,3,2,3,5,3,4,3,5,2,4,4,5,4,4
1,"30787","Gravic, Inc.","auto",4,3,2,2,4,5,4,1,3,4,2,1,5,4,3,1,2,4,4,2,2,4
1,"30802","Gravic, Inc.","auto",4,3,2,2,4,1,4,1,3,2,2,1,3,4,3,1,2,4,5,3,2,2
1,"30582","Gravic, Inc.","auto",4,3,2,1,4,1,4,1,3,4,2,5,5,4,3,1,2,4,4,3,2,4
1,"30755","Gravic, Inc.","auto",4,3,2,1,4,4,3,1,3,4,2,5,5,4,3,3,5,4,4,2,4,4
1,"30715","Gravic, Inc.","auto",4,3,2,2,4,1,2,1,3,4,2,2,4,4,3,1,2,4,4,2,4,4
1,"30714","Gravic, Inc.","auto",4,3,2,2,4,1,4,1,3,4,4,1,2,4,3,1,2,4,5,3,2,2
1,"30545","Gravic, Inc.","auto",4,2,2,1,4,5,3,1,3,4,1,1,3,3,3,5,5,4,4,2,1,3
1,"30495","Gravic, Inc.","auto",4,3,2,2,4,1,2,1,3,4,2,1,3,4,3,1,2,4,4,1,1,4
1,"30511","Gravic, Inc.","auto",4,3,2,2,4,1,4,1,3,4,2,1,3,2,3,5,4,4,4,3,2,4
1,"30735","Gravic, Inc.","auto",4,3,2,2,4,1,3,1,3,2,5,1,5,4,3,5,5,4,1,5,4,4
1,"30553","Gravic, Inc.","auto",4,3,2,2,4,1,4,1,3,4,2,5,5,4,3,1,4,4,4,3,4,4
1,"30744","Gravic, Inc.","auto",4,3,2,2,4,3,4,1,3,4,5,1,5,4,3,5,3,5,4,3,5,4
1,"30598","Gravic, Inc.","auto",4,3,2,2,4,1,3,1,3,4,2,1,5,4,3,1,2,4,5,2,2,4
1,"30630","Gravic, Inc.","auto",4,3,2,2,4,1,4,1,3,4,2,1,3,4,3,1,2,4,4,3,2,4
1,"30711","Gravic, Inc.","auto",4,3,2,2,2,1,4,1,3,4,5,1,2,5,3,1,5,4,5,2,2,4
1,"30733","Gravic, Inc.","auto",4,3,2,2,4,1,4,1,3,4,2,1,3,4,3,1,2,3,2,5,4,4
1,"30721","Gravic, Inc.","auto",4,3,2,2,4,1,4,1,3,4,2,1,3,4,3,5,2,5,3,5,2,5
1,"30754","Gravic, Inc.","auto",4,3,2,2,3,1,4,1,3,4,2,1,1,4,3,1,2,4,2,3,4,4
1,"30535","Gravic, Inc.","auto",4,3,2,2,4,1,4,1,3,2,2,1,5,4,3,1,2,4,4,2,4,4
1,"30706","Gravic, Inc.","auto",4,3,2,2,4,1,4,1,3,4,2,1,3,5,5,5,5,5,5,5,4,5
1,"30778","Gravic, Inc.","auto",4,3,2,2,4,2,4,1,3,2,2,1,3,4,3,1,2,4,4,3,2,4
1,"30550","Gravic, Inc.","auto",5,2,4,2,4,5,2,4,5,4,2,5,5,4,5,5,5,1,4,5,1,2
1,"30481","Gravic, Inc.","auto",4,3,2,2,4,3,4,1,3,4,2,1,3,4,3,1,2,4,1,5,4,5
1,"30751","Gravic, Inc.","auto",4,3,2,2,4,1,1,1,3,2,2,2,3,4,3,2,2,4,4,3,4,4
1,"30782","Gravic, Inc.","auto",4,3,2,2,4,1,3,1,3,4,3,1,5,4,4,1,2,4,2,5,2,4
1,"30480","Gravic, Inc.","auto",4,3,2,2,4,1,4,1,3,4,4,1,3,4,3,1,2,4,4,5,1,4
1,"30725","Gravic, Inc.","auto",4,3,2,2,5,3,4,2,4,4,2,1,5,4,3,5,2,4,4,3,2,4
1,"30678","Gravic, Inc.","auto",4,3,2,2,4,5,2,1,3,4,2,1,5,4,5,5,2,1,4,5,4,2
1,"30571","Gravic, Inc.","auto",4,3,2,2,4,3,4,1,3,4,5,5,5,5,3,5,2,5,3,2,2,4
1,"30832","Gravic, Inc.","auto",4,3,2,2,4,1,4,1,3,4,2,1,3,4,3,4,5,5,1,5,2,5
1,"30476","Gravic, Inc.","auto",1,3,2,2,4,2,2,1,3,4,4,1,5,3,5,5,5,5,4,5,5,3
1,"30616","Gravic, Inc.","auto",4,3,2,2,4,1,4,1,3,4,2,1,5,4,3,1,2,5,4,5,4,4
1,"30608","Gravic, Inc.","auto",4,3,2,2,4,1,4,1,3,4,2,5,5,5,3,5,2,5,5,2,2,4
1,"30584","Gravic, Inc.","auto",4,3,2,2,4,2,3,1,3,4,2,2,5,4,3,5,2,5,4,2,4,4
1,"30701","Gravic, Inc.","auto",4,3,2,1,4,3,2,1,3,4,2,1,5,4,3,1,5,5,5,5,4,4
1,"30693","Gravic, Inc.","auto",4,2,2,1,4,2,4,2,3,4,2,5,3,4,3,5,4,4,1,1,1,4
1,"30651","Gravic, Inc.","auto",5,3,4,2,3,1,4,1,3,4,2,1,5,4,3,5,2,5,4,5,5,2
1,"30602","Gravic, Inc.","auto",4,3,2,1,4,1,4,1,5,4,2,5,5,4,3,5,2,4,4,3,2,4
1,"30575","Gravic, Inc.","auto",4,3,2,2,4,1,4,1,3,4,2,1,3,4,3,1,3,4,4,5,2,4
1,"30498","Gravic, Inc.","auto",4,3,2,2,4,1,4,2,3,4,5,1,5,4,5,1,2,5,5,1,4,4
1,"30862","Gravic, Inc.","auto",4,3,2,1,4,1,5,1,3,4,2,1,3,5,5,5,5,5,5,5,4,5
1,"30793","Gravic, Inc.","auto",5,3,2,2,4,1,3,1,3,3,4,4,5,3,5,5,5,4,3,5,4,3
1,"30842","Gravic, Inc.","auto",4,3,2,2,3,2,3,1,3,4,2,5,3,3,3,2,5,3,1,5,4,4
1,"30815","Gravic, Inc.","auto",4,3,4,2,4,1,2,1,3,4,1,1,5,5,4,5,5,4,5,5,4,5
1,"30605","Gravic, Inc.","auto",4,3,2,2,4,1,4,2,3,4,2,5,5,4,3,1,4,4,4,2,4,2
1,"30703","Gravic, Inc.","auto",4,3,2,1,4,1,3,1,3,2,2,5,5,5,3,5,5,4,4,5,2,4
1,"30679","Gravic, Inc.","auto",4,3,2,2,4,1,4,1,3,4,2,1,5,4,3,5,2,4,1,2,3,4
1,"30900","Gravic, Inc.","auto",4,3,2,2,4,1,4,1,3,4,2,5,5,4,3,1,4,4,4,3,2,4
1,"30607","Gravic, Inc.","auto",4,3,2,2,4,3,4,1,3,4,2,1,3,4,3,1,2,4,4,3,2,3
1,"30518","Gravic, Inc.","auto",4,3,2,2,4,1,4,1,3,4,2,1,3,3,3,1,2,4,4,5,4,4
1,"30604","Gravic, Inc.","auto",4,3,2,2,4,3,3,3,3,3,1,4,5,3,3,1,2,4,3,1,3,4
1,"30825","Gravic, Inc.","auto",4,3,2,2,4,1,4,1,3,4,2,2,3,4,3,1,2,4,4,2,2,4
1,"30568","Gravic, Inc.","auto",4,3,2,1,4,1,4,1,3,4,2,1,3,4,3,1,2,5,4,3,2,4
1,"30694","Gravic, Inc.","auto",4,3,2,2,4,1,4,1,3,4,2,1,3,4,3,1,2,1,2,5,2,4
1,"30907","Gravic, Inc.","auto",4,3,2,2,4,1,4,1,3,4,2,5,3,4,3,1,2,4,4,3,2,4
1,"30712","Gravic, Inc.","auto",4,3,2,5,4,1,4,1,3,4,5,5,3,4,3,1,2,4,4,2,1,4
1,"30823","Gravic, Inc.","auto",4,3,5,2,4,1,5,5,3,2,5,1,5,5,5,5,5,5,5,5,4,5
1,"30588","Gravic, Inc.","auto",5,3,2,2,4,3,2,1,5,2,2,5,4,3,3,5,2,5,2,5,3,5
1,"30768","Gravic, Inc.","auto",4,3,2,1,4,5,3,1,3,2,2,5,5,4,3,5,5,5,5,3,4,4
1,"30621","Gravic, Inc.","auto",4,3,2,1,4,3,4,1,3,4,2,1,4,4,3,1,2,4,4,3,2,4
1,"30836","Gravic, Inc.","auto",4,3,4,2,4,1,5,1,3,2,2,5,5,5,3,5,2,4,4,5,5,4
1,"30853","Gravic, Inc.","auto",4,3,2,2,4,3,4,1,5,4,4,5,5,3,3,5,4,4,4,5,1,4
1,"30625","Gravic, Inc.","auto",4,3,2,1,4,1,4,1,3,4,2,1,4,4,3,1,2,4,3,5,2,4
1,"30640","Gravic, Inc.","auto",4,3,4,1,1,1,4,1,3,2,2,1,3,3,3,1,2,4,4,3,2,1
1,"30567","Gravic, Inc.","auto",4,3,2,3,4,1,4,1,3,4,2,1,3,4,3,1,2,4,4,2,4,2
1,"30908","Gravic, Inc.","auto",4,3,5,2,4,1,4,1,3,4,2,1,3,4,3,5,2,5,5,3,2,5
1,"30551","Gravic, Inc.","auto",4,3,2,2,4,3,4,1,3,4,2,1,5,4,3,1,2,5,4,4,2,4
1,"30887","Gravic, Inc.","auto",4,3,2,2,4,1,3,1,3,4,2,1,5,4,3,5,4,4,5,1,2,5
1,"30808","Gravic, Inc.","auto",4,3,2,2,4,5,4,1,3,4,2,1,5,5,3,5,2,4,4,5,4,5
1,"30702","Gravic, Inc.","auto",4,3,5,2,3,1,4,1,3,4,2,5,1,4,3,3,2,5,5,2,1,3
1,"30901","Gravic, Inc.","auto",4,3,2,2,4,1,4,1,3,4,4,1,5,3,5,1,5,4,4,5,2,4
1,"30497","Gravic, Inc.","auto",4,3,2,3,4,3,2,1,3,4,2,1,5,4,3,5,2,4,3,4,4,2
1,"30557","Gravic, Inc.","auto",4,3,2,2,4,1,4,1,3,4,2,1,3,4,3,1,2,4,4,4,2,4
1,"30590","Gravic, Inc.","auto",4,3,2,2,4,1,4,1,3,4,2,1,5,5,3,1,2,4,4,2,2,4
1,"30612","Gravic, Inc.","auto",5,2,2,3,5,1,4,3,5,2,1,4,2,3,2,4,3,3,1,2,2,1
1,"30710","Gravic, Inc.","auto",4,3,2,1,4,1,4,1,3,4,2,1,3,4,3,1,2,4,4,5,2,4
1,"30642","Gravic, Inc.","auto",4,3,2,2,4,3,4,1,3,4,5,1,1,4,3,5,5,5,5,5,2,4
1,"30611","Gravic, Inc.","auto",4,3,2,2,4,1,5,1,3,4,2,1,3,3,3,1,2,4,4,5,2,4
1,"30636","Gravic, Inc.","auto",4,3,2,2,4,3,3,1,3,2,2,1,1,4,3,1,3,4,4,4,2,4
1,"30696","Gravic, Inc.","auto",4,5,2,1,4,2,5,1,3,4,1,1,4,5,5,5,5,5,3,5,4,2
1,"30653","Gravic, Inc.","auto",4,3,2,2,4,5,4,1,5,3,4,1,5,4,5,5,2,4,4,3,1,5
1,"30763","Gravic, Inc.","auto",4,3,2,2,4,1,4,1,3,4,2,5,5,4,3,5,2,5,4,3,2,4
1,"30591","Gravic, Inc.","auto",4,3,5,2,4,5,3,5,3,2,5,5,5,4,5,5,5,4,4,5,2,4
1,"30589","Gravic, Inc.","auto",4,3,2,1,4,2,4,1,3,4,2,1,3,4,3,1,2,4,4,3,2,4
1,"30601","Gravic, Inc.","auto",4,3,2,2,4,1,4,1,3,4,2,1,3,4,3,1,2,4,4,3,2,4
1,"30615","Gravic, Inc.","auto",4,3,2,2,4,1,5,1,5,2,2,5,5,4,5,5,5,5,5,5,4,3
1,"30632","Gravic, Inc.","auto",4,2,2,2,4,3,4,1,3,2,4,1,5,5,3,1,2,4,4,4,4,4
1,"30892","Gravic, Inc.","auto",4,3,2,2,4,1,4,1,3,4,3,1,3,4,5,1,4,4,4,5,4,5
1,"30613","Gravic, Inc.","auto",4,3,2,2,4,1,4,1,3,4,2,1,3,4,3,1,2,4,4,2,4,4
1,"30637","Gravic, Inc.","auto",4,2,2,2,3,5,5,5,5,2,2,5,5,3,5,5,5,5,3,1,4,2
1,"30885","Gravic, Inc.","auto",4,3,2,2,4,1,4,1,3,4,3,1,5,4,3,5,5,5,4,5,2,4
1,"30820","Gravic, Inc.","auto",4,3,2,2,1,3,4,1,3,4,2,1,2,4,3,5,5,5,2,5,4,5
1,"30850","Gravic, Inc.","auto",4,3,2,2,4,1,5,1,3,4,2,1,3,5,3,1,2,4,4,5,2,4
1,"30660","Gravic, Inc.","auto",4,3,2,2,3,5,4,1,3,4,2,1,3,4,3,2,5,4,4,3,2,4
1,"30641","Gravic, Inc.","auto",4,3,2,2,4,1,4,1,3,4,2,1,3,4,3,1,2,4,5,3,3,4
1,"30872","Gravic, Inc.","auto",4,3,2,2,4,1,4,1,3,4,2,1,3,4,3,1,2,4,4,3,2,4
1,"30879","Gravic, Inc.","auto",4,3,2,2,4,3,4,1,3,4,2,1,5,4,3,5,2,4,4,3,2,4
1,"30690","Gravic, Inc.","auto",4,3,2,2,4,3,4,4,3,2,2,5,5,4,3,1,3,5,2,3,2,5
1,"30844","Gravic, Inc.","auto",4,2,2,1,4,3,3,1,3,4,2,1,5,3,3,5,2,5,5,2,4,4
1,"30506","Gravic, Inc.","auto",4,3,2,2,4,1,4,1,3,4,4,1,3,4,2,1,2,4,4,3,4,4
1,"30610","Gravic, Inc.","auto",5,1,4,2,5,2,3,1,5,4,1,1,5,3,3,1,2,3,4,2,1,3
1,"30736","Gravic, Inc.","auto",4,3,2,2,4,5,4,1,3,2,2,1,5,3,3,5,2,4,4,5,4,5
1,"30517","Gravic, Inc.","auto",4,3,2,1,4,1,3,1,3,4,2,1,5,3,4,1,2,5,4,2,4,4
1,"30646","Gravic, Inc.","auto",5,3,2,1,4,3,2,3,3,2,2,5,5,4,4,2,1,4,4,5,2,2
1,"30699","Gravic, Inc.","auto",4,3,2,2,4,1,4,1,3,4,5,1,5,4,3,1,5,5,5,5,4,4
1,"30859","Gravic, Inc.","auto",4,3,2,2,4,1,2,1,3,4,2,1,3,4,3,1,2,4,3,3,2,4
1,"30834","Gravic, Inc.","auto",4,3,2,2,4,1,5,1,3,2,2,1,5,4,5,5,5,5,5,2,3,2
1,"30827","Gravic, Inc.","auto",4,3,2,2,3,1,1,1,3,4,4,1,4,3,3,5,5,4,2,2,2,4
1,"30829","Gravic, Inc.","auto",4,3,2,2,4,3,4,1,3,4,2,1,1,4,3,1,2,5,2,2,2,4
1,"30914","Gravic, Inc.","auto",4,3,2,3,4,1,3,1,3,4,2,1,5,4,3,1,2,3,3,3,4,4
1,"30886","Gravic, Inc.","auto",4,3,2,2,4,1,1,1,3,4,2,1,5,4,3,5,2,4,4,3,2,4
1,"30532","Gravic, Inc.","auto",4,3,2,2,5,5,3,1,5,5,5,5,5,4,3,5,5,4,3,2,4,5
1,"30765","Gravic, Inc.","auto",4,3,2,2,4,1,4,1,3,4,2,1,3,4,3,1,4,3,4,3,2,4
1,"30776","Gravic, Inc.","auto",4,3,2,2,4,1,2,1,3,4,2,1,4,4,3,5,2,4,4,5,2,2
1,"30705","Gravic, Inc.","auto",4,3,2,3,4,3,3,1,3,4,2,1,3,4,3,5,1,3,5,3,3,2
1,"30814","Gravic, Inc.","auto",4,3,2,1,2,3,2,2,3,4,5,5,5,2,3,5,5,5,1,2,2,4
1,"30748","Gravic, Inc.","auto",4,3,2,2,4,1,4,1,3,4,2,1,5,3,3,5,5,5,3,4,3,4
1,"30490","Gravic, Inc.","auto",4,3,2,2,4,1,4,1,3,4,2,1,1,3,3,1,2,4,4,4,2,4
1,"30893","Gravic, Inc.","auto",4,3,2,2,4,1,4,1,3,4,2,5,3,5,3,1,2,4,4,3,2,4
1,"30639","Gravic, Inc.","auto",4,3,2,2,4,3,4,1,3,4,5,1,5,5,5,5,2,5,2,5,3,4
1,"30657","Gravic, Inc.","auto",4,3,2,2,4,3,2,1,3,4,2,1,3,4,3,1,2,4,4,3,2,4
1,"30835","Gravic, Inc.","auto",4,3,5,1,4,1,4,1,3,4,2,5,3,3,4,1,5,4,3,2,2,4
1,"30718","Gravic, Inc.","auto",4,3,2,2,4,3,4,1,3,4,2,1,3,4,3,1,2,4,4,3,2,4
1,"30619","Gravic, Inc.","auto",2,2,2,2,4,5,4,1,3,4,5,5,5,4,3,5,5,4,1,5,2,2
1,"30554","Gravic, Inc.","auto",4,3,2,2,4,3,4,1,3,4,2,1,3,3,3,1,2,4,2,3,2,4
1,"31538","Gravic, Inc.","auto",4,3,2,2,4,1,3,1,3,4,2,1,3,4,3,1,5,5,5,5,4,4
1,"31505","Gravic, Inc.","auto",5,3,2,2,4,5,4,1,3,4,2,5,5,4,3,1,5,5,2,3,2,4
1,"31470","Gravic, Inc.","auto",5,3,2,2,4,1,5,1,3,4,2,1,5,4,5,5,2,5,4,5,5,5
1,"31565","Gravic, Inc.","auto",4,3,2,2,4,1,4,1,3,4,2,1,1,4,3,5,4,4,4,5,2,4
1,"31453","Gravic, Inc.","auto",4,3,2,1,3,1,4,1,3,4,2,5,5,2,3,1,5,3,3,3,2,4
1,"31629","Gravic, Inc.","auto",4,3,2,2,4,1,4,1,3,2,2,5,5,4,4,5,2,4,2,1,3,4
1,"31334","Gravic, Inc.","auto",5,3,2,1,4,1,4,1,3,2,2,1,5,5,5,5,5,5,5,3,2,4
1,"31343","Gravic, Inc.","auto",4,3,2,2,4,1,4,1,3,4,2,1,3,5,3,5,2,4,4,4,4,4
1,"31438","Gravic, Inc.","auto",4,3,2,2,4,1,3,1,3,4,2,1,3,4,3,5,2,4,1,3,4,2
1,"31431","Gravic, Inc.","auto",4,3,2,2,4,3,4,3,5,4,2,5,5,4,3,5,5,5,5,5,4,5
1,"31456","Gravic, Inc.","auto",4,3,2,2,4,1,3,1,3,4,2,1,3,4,3,1,2,4,4,5,2,4
1,"31424","Gravic, Inc.","auto",4,3,2,2,4,1,4,1,3,4,5,5,5,3,5,5,5,3,5,5,4,4
1,"31359","Gravic, Inc.","auto",4,3,2,3,5,5,4,1,3,4,2,5,5,3,3,1,2,4,2,3,2,4
1,"31655","Gravic, Inc.","auto",4,3,2,2,4,5,3,1,3,4,2,5,5,4,3,1,5,4,4,3,2,3
1,"31575","Gravic, Inc.","auto",4,3,2,2,4,1,5,1,5,4,4,5,5,5,1,5,5,4,5,2,4,3
1,"31407","Gravic, Inc.","auto",4,3,2,2,4,2,4,1,3,4,3,1,5,4,3,5,3,4,1,4,3,4
1,"31432","Gravic, Inc.","auto",4,2,2,1,4,2,4,4,3,4,2,5,5,5,5,5,5,5,5,5,4,2
1,"31412","Gravic, Inc.","auto",4,3,2,1,4,5,3,1,3,2,2,1,5,4,4,5,2,4,4,3,4,4
1,"31435","Gravic, Inc.","auto",4,3,2,2,3,1,4,5,3,4,2,1,5,5,2,5,2,4,4,1,2,2
1,"31460","Gravic, Inc.","auto",4,3,2,2,4,1,4,1,5,2,2,5,3,2,3,5,5,4,4,5,4,4
1,"31471","Gravic, Inc.","auto",4,3,4,3,4,1,4,1,3,4,1,5,2,4,3,1,2,4,4,3,2,4
1,"31501","Gravic, Inc.","auto",4,3,2,2,4,1,2,1,3,4,2,5,3,3,4,1,5,4,5,5,4,4
1,"31340","Gravic, Inc.","auto",4,5,2,1,5,5,5,1,5,4,5,5,5,5,5,5,5,5,5,5,4,5
1,"31336","Gravic, Inc.","auto",4,3,2,2,4,5,5,1,1,4,4,5,5,4,3,5,5,5,5,5,5,2
1,"31458","Gravic, Inc.","auto",5,3,2,2,4,1,4,1,3,4,5,5,5,4,3,5,5,5,4,2,2,2
1,"31347","Gravic, Inc.","auto",4,3,2,2,4,2,4,1,5,4,2,1,5,4,3,5,5,4,5,5,2,4
1,"31477","Gravic, Inc.","auto",4,3,4,2,4,1,5,1,5,4,2,5,5,4,3,5,3,4,4,5,4,4
1,"31567","Gravic, Inc.","auto",4,3,2,2,4,5,4,4,3,4,2,5,3,3,4,5,5,3,1,2,2,5
1,"31381","Gravic, Inc.","auto",4,1,2,2,4,1,4,1,3,4,2,2,5,4,3,1,5,4,4,5,4,2
1,"31396","Gravic, Inc.","auto",4,3,2,2,4,1,4,1,5,4,2,5,5,4,3,5,5,4,5,5,4,4
1,"31552","Gravic, Inc.","auto",4,5,2,1,4,2,3,1,5,4,5,5,5,3,3,1,2,5,4,5,3,4
1,"31332","Gravic, Inc.","auto",4,3,2,2,3,3,5,1,3,4,3,4,5,3,1,5,1,5,4,3,2,5
1,"31536","Gravic, Inc.","auto",4,3,2,2,4,5,4,1,3,4,2,5,3,4,5,5,5,4,4,5,2,4
1,"31345","Gravic, Inc.","auto",4,3,2,2,4,1,4,1,3,4,2,1,5,4,4,1,1,4,4,3,4,4
1,"31425","Gravic, Inc.","auto",4,3,5,3,4,1,2,1,3,4,5,5,5,4,3,5,2,4,4,5,4,5
1,"31357","Gravic, Inc.","auto",4,3,2,2,4,1,4,1,3,4,2,1,3,3,3,5,2,4,4,2,4,4
1,"31454","Gravic, Inc.","auto",1,3,2,2,4,3,4,1,3,4,2,1,5,4,3,5,5,5,5,5,1,1
1,"31495","Gravic, Inc.","auto",4,3,2,2,4,1,4,1,3,4,2,1,3,4,2,1,2,4,5,2,2,4
1,"31441","Gravic, Inc.","auto",4,3,4,2,4,2,3,1,3,2,5,5,3,4,3,5,5,4,4,5,1,4
1,"31490","Gravic, Inc.","auto",1,4,1,2,2,5,2,5,5,1,2,4,5,2,3,5,5,5,4,1,4,3
1,"31457","Gravic, Inc.","auto",4,3,2,2,4,1,4,1,3,2,2,1,3,4,3,1,2,5,4,5,4,4
1,"31549","Gravic, Inc.","auto",4,3,2,1,4,5,4,1,5,4,4,5,5,4,3,5,2,5,5,3,2,4
1,"31401","Gravic, Inc.","auto",4,4,2,2,4,1,4,2,5,5,2,5,5,4,5,5,4,4,5,1,4,2
1,"31344","Gravic, Inc.","auto",4,3,2,2,4,2,5,3,3,4,2,3,5,3,3,4,5,4,5,2,2,4
1,"31582","Gravic, Inc.","auto",4,3,2,2,4,1,4,1,3,4,2,1,5,3,3,1,5,4,4,5,5,4
1,"31455","Gravic, Inc.","auto",4,3,2,2,4,1,4,1,3,4,2,1,5,3,4,5,1,4,5,5,4,4
1,"31366","Gravic, Inc.","auto",4,3,2,2,4,1,4,1,3,4,2,1,3,4,3,1,2,4,4,3,4,4
1,"31337","Gravic, Inc.","auto",4,3,2,2,3,1,4,1,3,4,2,1,3,4,3,5,2,4,2,3,2,4
1,"31368","Gravic, Inc.","auto",4,3,2,2,4,1,4,1,3,2,2,1,5,4,2,1,2,4,4,5,1,4
1,"31500","Gravic, Inc.","auto",4,3,2,2,4,1,4,1,3,2,2,1,3,4,3,2,3,4,5,1,4,2
1,"31631","Gravic, Inc.","auto",2,3,5,2,4,3,5,1,5,1,2,5,3,2,2,5,1,1,2,4,1,4
1,"31520","Gravic, Inc.","auto",4,3,2,2,4,1,4,1,3,4,2,1,2,4,3,1,2,4,3,3,2,4
1,"31539","Gravic, Inc.","auto",5,3,2,2,4,3,3,1,3,4,4,5,3,4,3,5,1,4,2,1,1,4
1,"31496","Gravic, Inc.","auto",4,3,2,2,2,1,4,5,3,4,2,1,3,3,3,1,2,4,4,3,2,4
1,"31380","Gravic, Inc.","auto",4,3,2,1,3,1,1,1,3,4,5,1,5,4,3,5,5,5,4,4,3,4
1,"31333","Gravic, Inc.","auto",4,3,2,2,4,5,3,1,5,4,5,2,2,4,3,5,5,1,4,3,4,3
1,"31493","Gravic, Inc.","auto",2,1,5,1,5,5,5,1,5,1,2,5,5,2,5,5,5,5,5,5,5,5
1,"31652","Gravic, Inc.","auto",4,2,2,1,4,3,4,1,3,4,2,2,5,4,3,5,2,5,2,5,3,4
1,"31388","Gravic, Inc.","auto",4,3,2,1,4,1,4,1,3,4,2,1,3,4,3,1,2,4,4,3,2,4
1,"31409","Gravic, Inc.","auto",4,3,2,2,3,3,1,1,5,4,2,3,3,3,3,1,5,4,4,3,2,4
1,"31422","Gravic, Inc.","auto",4,3,2,2,2,2,2,3,5,2,5,5,2,3,1,1,4,4,4,1,2,3
1,"31365","Gravic, Inc.","auto",4,3,2,2,4,2,4,1,3,4,2,5,3,3,3,5,5,4,2,3,1,4
1,"31544","Gravic, Inc.","auto",1,4,5,3,2,3,4,2,5,2,4,1,1,3,2,5,5,4,3,3,1,2
1,"31507","Gravic, Inc.","auto",4,3,2,1,1,1,4,1,3,4,2,4,3,2,1,2,3,4,3,2,2,3
1,"31515","Gravic, Inc.","auto",4,3,2,2,4,3,5,1,3,4,2,1,3,4,2,5,2,4,5,3,2,4
1,"31510","Gravic, Inc.","auto",4,3,2,2,4,1,3,1,3,4,2,5,5,4,2,5,5,5,2,5,4,2
1,"31589","Gravic, Inc.","auto",4,3,5,3,4,1,3,1,3,2,2,5,5,4,3,5,5,5,4,5,4,4
1,"31517","Gravic, Inc.","auto",4,3,2,2,4,2,5,1,3,4,5,5,5,4,3,5,5,5,5,5,2,2
1,"31633","Gravic, Inc.","auto",4,3,2,2,4,1,4,1,3,4,2,4,5,3,5,1,2,5,3,5,2,2
1,"31528","Gravic, Inc.","auto",4,2,2,2,4,1,4,1,3,4,2,1,5,4,3,5,5,4,4,3,2,4
1,"31555","Gravic, Inc.","auto",4,3,2,2,4,1,4,1,3,4,2,5,5,4,3,5,5,5,4,2,1,2
1,"31577","Gravic, Inc.","auto",4,3,2,2,4,3,4,1,3,4,2,1,5,4,3,1,1,4,4,3,2,4
1,"31399","Gravic, Inc.","auto",5,3,2,2,3,1,4,1,5,5,2,5,5,4,3,5,2,3,4,5,2,5
1,"31578","Gravic, Inc.","auto",4,3,2,1,4,5,4,1,5,2,3,1,5,4,3,5,5,1,1,3,4,4
1,"31588","Gravic, Inc.","auto",5,3,1,2,1,5,3,4,5,2,2,1,5,3,3,5,5,5,3,3,2,5
1,"31553","Gravic, Inc.","auto",4,3,4,2,4,5,5,1,5,2,4,5,1,5,3,5,5,4,5,5,2,5
1,"31374","Gravic, Inc.","auto",4,4,2,1,4,2,4,1,3,2,2,5,3,4,3,5,2,3,3,2,3,4
1,"31548","Gravic, Inc.","auto",4,3,2,1,4,1,3,1,5,4,2,1,5,4,3,1,2,4,4,2,2,4
1,"31619","Gravic, Inc.","auto",4,3,2,2,4,5,4,1,3,4,2,1,5,4,3,1,2,4,4,3,2,4
1,"31384","Gravic, Inc.","auto",4,1,2,2,4,5,4,1,5,4,2,1,5,4,3,5,5,4,5,1,5,4
1,"31367","Gravic, Inc.","auto",4,3,2,2,4,3,4,1,3,4,2,1,5,5,4,1,2,4,4,3,4,4
1,"31372","Gravic, Inc.","auto",4,3,2,2,4,1,4,1,3,4,2,1,3,4,3,1,2,4,4,3,2,4
1,"31617","Gravic, Inc.","auto",4,3,2,2,3,5,3,1,5,2,4,1,5,3,5,5,5,5,4,5,4,3
1,"31391","Gravic, Inc.","auto",4,3,2,2,4,4,2,1,3,4,5,5,3,1,3,5,5,5,4,5,5,4
1,"31480","Gravic, Inc.","auto",5,3,2,2,4,3,3,1,5,4,5,5,5,4,4,5,5,5,4,5,2,4
1,"31545","Gravic, Inc.","auto",4,3,2,2,4,3,4,1,3,4,2,1,5,5,5,5,5,4,4,3,2,4
1,"31572","Gravic, Inc.","auto",4,3,2,2,4,1,4,1,3,4,2,1,3,4,3,1,2,4,4,3,2,4
1,"31403","Gravic, Inc.","auto",4,3,3,2,4,2,4,3,3,4,2,5,5,4,2,5,5,5,4,1,2,3
1,"31551","Gravic, Inc.","auto",4,3,2,2,4,1,2,3,5,4,2,5,3,4,4,5,5,3,4,5,2,2
1,"31618","Gravic, Inc.","auto",4,3,2,2,4,3,4,1,3,4,2,1,5,4,3,1,2,5,5,5,2,4
1,"31634","Gravic, Inc.","auto",4,3,2,1,4,1,4,1,3,4,2,1,5,4,3,5,5,4,4,5,2,4
1,"31395","Gravic, Inc.","auto",4,3,2,2,4,1,5,1,3,4,2,5,5,3,3,1,2,5,5,3,4,4
1,"31645","Gravic, Inc.","auto",4,3,2,2,3,1,4,1,3,4,2,1,5,4,3,5,5,5,5,5,2,4
1,"31608","Gravic, Inc.","auto",4,3,2,2,4,5,1,1,5,2,2,5,3,4,3,5,5,4,4,5,2,4
1,"31433","Gravic, Inc.","auto",4,3,2,2,4,5,4,1,3,4,2,1,5,4,3,5,4,4,4,2,4,4
1,"31476","Gravic, Inc.","auto",4,3,2,1,4,1,3,1,3,4,2,1,5,4,3,1,4,4,4,2,2,4
1,"31584","Gravic, Inc.","auto",4,3,5,2,4,1,4,1,3,4,2,5,5,4,3,1,2,5,3,3,2,4
1,"31352","Gravic, Inc.","auto",4,3,2,2,4,3,4,1,3,2,2,5,5,4,2,5,3,4,2,5,1,4
1,"31556","Gravic, Inc.","auto",4,3,2,2,4,1,4,1,5,4,2,5,3,4,3,5,2,5,4,3,2,4
1,"31626","Gravic, Inc.","auto",4,3,2,2,4,1,4,1,3,4,2,1,3,4,3,1,2,4,4,2,2,4
1,"31592","Gravic, Inc.","auto",4,2,2,2,4,1,3,1,3,4,2,1,5,4,3,1,2,4,5,5,2,2
1,"31600","Gravic, Inc.","auto",4,3,2,2,4,5,3,1,3,5,5,1,5,4,3,5,5,4,5,5,4,4
1,"31527","Gravic, Inc.","auto",4,3,2,2,4,1,4,1,5,4,2,5,5,4,3,1,4,4,5,2,4,4
1,"31543","Gravic, Inc.","auto",4,3,2,2,4,1,2,1,3,4,2,1,5,4,3,1,2,5,4,3,3,4
1,"31404","Gravic, Inc.","auto",4,3,2,2,4,1,4,1,3,4,2,1,3,4,3,1,2,4,4,3,4,4
1,"31616","Gravic, Inc.","auto",4,3,2,1,4,5,5,1,3,4,2,1,5,4,3,5,2,5,5,5,4,2
1,"31649","Gravic, Inc.","auto",4,3,2,1,4,2,4,1,3,4,2,5,5,4,3,5,4,3,5,3,3,2
1,"31640","Gravic, Inc.","auto",4,4,2,2,3,1,2,1,3,4,2,5,3,4,3,1,5,4,4,5,2,3
1,"31382","Gravic, Inc.","auto",3,3,2,1,4,5,4,1,5,4,4,5,5,4,3,5,5,4,3,3,1,4
1,"31613","Gravic, Inc.","auto",4,3,4,1,4,5,3,1,5,4,2,4,5,4,5,5,5,4,2,4,4,5
1,"31373","Gravic, Inc.","auto",4,3,4,5,4,5,4,3,3,2,2,5,5,5,1,5,2,5,5,5,4,4
1,"31593","Gravic, Inc.","auto",4,3,2,2,4,5,4,1,3,2,2,5,3,3,3,5,5,4,5,2,2,4
1,"31579","Gravic, Inc.","auto",4,3,2,2,4,1,5,2,5,2,2,1,1,4,2,2,5,4,2,5,3,2
1,"31376","Gravic, Inc.","auto",4,3,2,2,4,1,4,1,3,4,2,1,3,4,3,1,2,4,4,3,2,4
1,"31603","Gravic, Inc.","auto",4,3,2,2,4,2,3,4,4,4,5,5,3,5,3,5,1,1,2,5,4,4
1,"31624","Gravic, Inc.","auto",4,3,2,2,4,1,3,1,5,4,2,5,5,4,3,1,3,5,4,5,2,4
1,"31554","Gravic, Inc.","auto",4,3,2,2,4,1,4,1,3,4,2,1,3,4,3,1,2,4,4,3,2,4
1,"31393","Gravic, Inc.","auto",4,3,2,2,4,1,4,1,3,4,5,5,3,4,4,1,2,4,4,3,2,4
1,"31585","Gravic, Inc.","auto",3,3,2,2,4,5,4,1,5,4,2,1,3,4,3,5,3,5,4,2,2,4
1,"31516","Gravic, Inc.","auto",4,2,4,3,5,3,5,3,5,4,4,1,3,2,2,5,5,4,2,1,3,2
1,"31546","Gravic, Inc.","auto",4,3,2,2,4,1,4,1,3,2,2,2,3,4,3,1,2,3,3,3,2,4
1,"31630","Gravic, Inc.","auto",4,3,2,2,4,5,4,1,3,4,4,1,2,4,3,2,5,5,4,3,2,4
1,"31623","Gravic, Inc.","auto",4,3,5,2,4,1,5,1,3,4,2,1,3,3,4,5,3,4,2,5,2,4
1,"31610","Gravic, Inc.","auto",4,3,2,2,4,5,4,5,3,4,2,5,5,4,3,5,5,4,5,5,2,4
1,"31663","Gravic, Inc.","auto",4,3,2,1,4,3,4,1,3,4,2,1,3,4,3,1,2,4,4,3,2,4
1,"31660","Gravic, Inc.","auto",4,3,2,1,4,3,3,1,3,2,2,1,5,4,3,1,2,4,4,2,1,2
1,"31744","Gravic, Inc.","auto",4,3,2,1,4,1,4,1,3,4,5,5,5,4,3,1,2,3,5,5,2,4
1,"31731","Gravic, Inc.","auto",4,3,3,2,4,1,2,1,3,4,2,1,5,4,3,1,2,4,5,2,2,4
1,"31687","Gravic, Inc.","auto",4,2,2,2,4,5,4,3,3,4,4,1,5,4,3,5,5,1,5,2,2,4
1,"31750","Gravic, Inc.","auto",4,3,2,2,4,1,2,1,3,4,2,1,5,4,3,1,2,4,4,5,2,4
1,"31738","Gravic, Inc.","auto",4,3,2,2,4,5,4,1,5,4,2,5,5,3,3,5,5,4,4,5,2,4
1,"31692","Gravic, Inc.","auto",5,3,2,1,4,5,2,4,3,3,2,5,3,2,3,5,5,4,2,5,3,4
1,"31778","Gravic, Inc.","auto",4,3,2,2,4,1,4,1,3,4,2,1,5,4,3,5,2,5,5,3,4,4
1,"31679","Gravic, Inc.","auto",1,2,4,2,3,3,2,2,3,4,1,1,3,2,1,4,3,2,4,1,2,2
1,"31753","Gravic, Inc.","auto",5,3,2,2,4,1,1,1,3,4,5,5,5,4,3,5,5,5,4,3,2,5
1,"31709","Gravic, Inc.","auto",4,3,2,2,4,1,4,1,3,4,2,1,3,4,3,1,2,4,4,3,2,4
1,"31734","Gravic, Inc.","auto",4,3,2,2,4,1,4,1,3,4,2,1,5,4,5,1,1,5,5,5,2,4
1,"31680","Gravic, Inc.","auto",4,3,5,2,4,1,4,1,5,2,2,5,3,4,3,1,2,4,1,5,2,4
1,"31711","Gravic, Inc.","auto",4,3,2,2,4,1,4,1,3,4,2,1,5,4,3,1,2,4,5,2,2,1
1,"31795","Gravic, Inc.","auto",4,3,4,2,4,2,3,1,5,4,4,5,3,3,5,1,2,5,4,5,4,2
1,"31666","Gravic, Inc.","auto",4,3,2,2,4,1,4,1,3,4,2,1,3,4,3,1,2,4,4,3,2,4
1,"31728","Gravic, Inc.","auto",4,3,2,1,4,1,2,1,3,4,2,1,1,4,3,5,5,4,4,5,2,4
1,"31721","Gravic, Inc.","auto",5,3,2,2,4,1,5,2,5,4,2,5,5,4,5,5,1,4,4,2,4,4
1,"31701","Gravic, Inc.","auto",4,3,2,2,4,1,4,1,3,4,2,1,2,4,3,1,2,4,4,2,2,4
1,"31708","Gravic, Inc.","auto",4,3,2,2,4,1,5,1,3,2,5,5,5,4,3,5,5,5,4,5,2,2
1,"31707","Gravic, Inc.","auto",4,3,2,2,4,2,3,1,5,2,2,1,3,4,5,1,2,5,4,5,2,4
1,"31664","Gravic, Inc.","auto",2,3,4,2,4,5,4,5,5,2,5,5,5,2,5,5,5,5,1,5,2,4
1,"31683","Gravic, Inc.","auto",4,3,2,2,5,3,5,4,5,2,5,4,5,2,5,5,5,4,4,4,2,3
1,"31686","Gravic, Inc.","auto",1,3,2,2,2,1,4,1,3,4,2,1,3,4,3,1,2,3,4,3,4,3
1,"31789","Gravic, Inc.","auto",4,3,2,2,4,1,4,1,3,4,2,1,3,4,3,1,2,4,4,3,2,4
1,"31747","Gravic, Inc.","auto",4,3,2,2,4,1,4,1,5,4,4,1,3,4,3,5,2,4,4,2,1,4
1,"30669","Gravic, Inc.","auto",4,3,2,2,4,2,3,1,3,4,2,1,3,4,3,5,1,4,3,3,2,4
1,"31132","Gravic, Inc.","auto",4,3,2,2,4,2,5,1,3,1,5,1,5,4,5,5,5,5,4,3,2,4
1,"31222","Gravic, Inc.","auto",4,3,2,2,4,1,4,1,3,4,2,1,3,4,3,1,2,4,4,3,4,4
1,"31161","Gravic, Inc.","auto",4,3,2,2,4,1,4,1,3,4,2,1,3,4,3,1,2,4,4,2,4,2
1,"30994","Gravic, Inc.","auto",2,3,5,5,4,3,4,1,5,2,1,4,5,4,3,5,1,3,4,2,2,4
1,"31063","Gravic, Inc.","auto",4,3,2,2,5,5,5,1,3,4,2,5,3,3,5,5,2,4,5,5,3,4
1,"31248","Gravic, Inc.","auto",4,1,2,2,5,2,3,1,5,2,4,5,4,3,2,5,4,5,5,5,1,2
1,"31485","Gravic, Inc.","auto",4,3,2,2,2,1,4,1,3,4,2,1,5,4,3,5,2,4,4,3,2,4
1,"31210","Gravic, Inc.","auto",4,3,2,2,4,5,4,1,3,4,2,4,5,4,3,5,5,4,1,2,3,4
1,"30562","Gravic, Inc.","auto",4,3,2,1,4,5,2,1,1,5,2,5,5,4,3,5,5,5,5,2,4,4
1,"30890","Gravic, Inc.","auto",4,3,2,2,4,3,2,1,3,4,2,1,3,4,3,1,2,4,4,2,3,4
1,"30760","Gravic, Inc.","auto",5,3,2,2,4,1,4,1,1,4,2,1,5,4,3,1,2,5,4,3,4,3
1,"31212","Gravic, Inc.","auto",4,3,2,2,4,1,4,1,3,4,2,1,3,4,3,1,2,4,4,5,2,4
1,"31487","Gravic, Inc.","auto",4,3,2,2,4,1,4,1,3,4,2,1,3,4,3,1,2,4,4,3,2,4
1,"31001","Gravic, Inc.","auto",4,3,2,2,4,1,3,1,3,4,2,1,5,4,3,2,2,4,4,3,2,4
1,"30788","Gravic, Inc.","auto",4,3,2,2,4,2,4,1,3,4,2,4,5,4,3,5,3,3,1,4,2,4
1,"30723","Gravic, Inc.","auto",4,3,2,2,4,5,3,1,3,2,5,5,5,3,2,5,2,4,3,1,2,2
1,"30974","Gravic, Inc.","auto",4,3,2,2,4,1,4,1,3,4,2,1,3,4,3,1,2,4,4,3,2,4
1,"31058","Gravic, Inc.","auto",4,3,2,2,4,1,2,1,3,4,2,5,5,3,3,5,5,5,5,2,2,4
1,"30672","Gravic, Inc.","auto",4,3,2,1,4,1,4,1,3,4,2,1,3,4,3,1,2,4,4,3,4,4
1,"31452","Gravic, Inc.","auto",4,3,2,2,4,1,4,1,5,2,2,5,3,3,2,5,2,4,4,4,4,4
1,"31609","Gravic, Inc.","auto",4,1,2,2,3,3,4,1,3,4,2,1,4,3,3,1,2,5,4,5,2,2
1,"30531","Gravic, Inc.","auto",4,3,2,2,4,1,4,1,3,4,2,1,5,4,3,1,2,4,4,4,2,4
1,"30972","Gravic, Inc.","auto",4,3,2,1,4,1,3,1,5,4,2,1,3,4,4,1,2,4,4,2,4,4
1,"30593","Gravic, Inc.","auto",4,3,2,2,4,1,4,1,3,4,2,1,3,4,3,1,4,4,5,3,4,4
1,"30742","Gravic, Inc.","auto",4,3,2,2,4,1,4,1,3,4,2,1,3,3,3,5,2,5,4,3,4,4
1,"30670","Gravic, Inc.","auto",4,3,2,2,4,1,4,1,3,4,4,1,1,4,3,5,5,4,4,2,4,4
1,"31027","Gravic, Inc.","auto",4,3,5,2,4,3,2,1,3,4,2,2,1,4,3,2,2,4,4,5,4,2
1,"30680","Gravic, Inc.","auto",4,3,4,2,4,1,3,1,3,2,4,1,5,4,3,5,4,4,4,5,1,4
1,"30766","Gravic, Inc.","auto",4,3,2,2,4,3,4,1,3,4,2,3,5,4,4,5,5,5,1,5,2,4
1,"30811","Gravic, Inc.","auto",4,3,2,2,3,1,4,1,3,4,2,1,3,4,3,2,3,4,4,2,2,4
1,"30783","Gravic, Inc.","auto",4,3,2,2,4,1,3,1,3,4,2,1,5,4,3,5,5,4,5,3,2,2
1,"30971","Gravic, Inc.","auto",4,3,2,1,4,2,4,1,3,4,2,1,4,3,4,1,1,4,3,2,2,4
1,"30767","Gravic, Inc.","auto",4,3,2,2,4,1,4,1,5,4,2,1,5,4,3,1,2,4,4,5,4,4
1,"31564","Gravic, Inc.","auto",4,5,2,2,4,1,3,1,3,4,2,2,3,4,5,2,1,4,1,5,2,3
1,"31511","Gravic, Inc.","auto",4,3,2,2,4,1,4,1,3,4,2,5,5,4,3,5,2,4,4,3,4,2
1,"30527","Gravic, Inc.","auto",4,3,2,2,4,3,4,1,3,4,2,1,5,4,3,1,5,4,4,3,2,4
1,"31665","Gravic, Inc.","auto",4,3,2,2,4,1,4,1,3,4,2,1,5,4,3,3,2,5,2,3,1,4
1,"30514","Gravic, Inc.","auto",4,3,2,2,4,3,4,1,3,4,2,1,3,4,3,1,2,4,4,3,2,4
1,"30965","Gravic, Inc.","auto",4,3,2,2,4,5,4,1,3,4,2,1,5,4,3,3,2,4,4,5,2,4
1,"30813","Gravic, Inc.","auto",4,3,2,2,4,1,4,1,3,2,5,1,5,5,3,5,2,4,4,3,3,4
1,"31121","Gravic, Inc.","auto",5,3,2,4,2,1,1,3,2,2,2,1,5,4,3,2,5,4,2,1,1,1
1,"31338","Gravic, Inc.","auto",4,3,2,2,4,1,5,1,3,4,4,1,3,2,2,5,2,5,5,5,2,4
1,"31590","Gravic, Inc.","auto",4,3,2,2,4,3,3,1,5,4,2,5,3,4,3,5,5,5,4,3,2,4
1,"31576","Gravic, Inc.","auto",4,3,2,2,4,1,4,1,3,4,2,5,5,3,3,5,5,4,5,3,2,4
1,"31647","Gravic, Inc.","auto",4,3,2,2,4,1,4,1,3,4,2,4,3,3,5,2,2,4,3,3,2,2
1,"30818","Gravic, Inc.","auto",4,3,2,2,4,1,3,1,3,4,2,2,3,3,3,1,2,4,5,3,3,4
1,"31402","Gravic, Inc.","auto",4,3,2,2,4,1,4,1,3,2,2,1,5,4,4,1,2,4,4,3,3,2
1,"31143","Gravic, Inc.","auto",4,3,2,2,4,1,1,1,3,4,5,1,5,4,3,1,2,4,4,3,2,4
1,"31716","Gravic, Inc.","auto",4,3,2,2,4,1,4,1,3,4,2,2,5,4,3,1,2,4,4,3,4,2
1,"30627","Gravic, Inc.","auto",4,3,2,1,4,1,4,1,3,2,2,1,4,4,3,2,5,5,2,2,3,4
1,"30573","Gravic, Inc.","auto",4,3,2,2,4,3,4,1,3,4,4,1,3,4,3,1,4,4,4,2,4,4
1,"31723","Gravic, Inc.","auto",3,3,2,2,4,3,3,1,5,2,2,1,5,4,4,5,5,4,4,3,4,3
1,"31745","Gravic, Inc.","auto",2,3,2,2,4,1,4,4,4,4,2,1,1,3,3,5,2,4,4,2,2,4
1,"31309","Gravic, Inc.","auto",4,3,2,2,4,3,4,1,3,4,2,1,3,4,3,1,2,4,4,3,2,4
1,"31699","Gravic, Inc.","auto",4,3,2,2,4,5,3,1,5,4,2,5,3,4,3,5,3,5,4,3,4,4
1,"31387","Gravic, Inc.","auto",4,3,2,3,4,1,4,1,3,2,2,1,3,4,3,1,2,4,4,5,2,4
1,"31464","Gravic, Inc.","auto",4,2,2,2,4,1,4,1,3,2,2,1,3,4,2,2,4,2,2,4,4,4
1,"31437","Gravic, Inc.","auto",3,4,2,1,2,4,1,1,3,2,2,3,1,4,3,5,5,3,4,2,4,2
1,"31153","Gravic, Inc.","auto",4,3,4,2,4,5,1,1,3,2,5,4,5,5,2,5,5,5,4,5,4,5
1,"31534","Gravic, Inc.","auto",2,3,2,1,5,1,4,1,3,4,1,2,4,3,3,5,5,4,5,3,3,2
1,"31767","Gravic, Inc.","auto",4,3,2,1,2,4,4,1,3,4,3,5,3,4,3,5,2,5,4,5,4,4
1,"30492","Gravic, Inc.","auto",4,3,2,2,4,1,1,1,3,4,2,1,3,4,3,1,2,4,4,3,2,4
1,"30728","Gravic, Inc.","auto",4,3,2,1,4,1,3,1,3,4,2,1,3,4,4,1,2,4,4,1,2,2
1,"31420","Gravic, Inc.","auto",4,3,2,2,4,1,4,1,3,4,2,5,5,4,3,5,5,4,4,3,2,4
1,"31502","Gravic, Inc.","auto",4,3,2,2,4,3,4,1,3,4,2,1,5,4,3,1,2,5,1,5,2,4
1,"30622","Gravic, Inc.","auto",4,3,2,2,4,1,3,1,3,4,2,1,5,5,3,1,2,5,4,3,2,4
1,"31369","Gravic, Inc.","auto",4,3,2,2,4,3,4,1,3,4,2,1,1,4,3,1,2,4,2,3,4,4
1,"30878","Gravic, Inc.","auto",4,3,2,2,4,1,4,1,3,2,2,1,3,4,1,1,5,5,4,5,4,3
1,"31526","Gravic, Inc.","auto",4,3,2,2,4,1,4,1,3,4,2,1,3,4,3,1,2,4,4,4,2,4
1,"30816","Gravic, Inc.","auto",4,3,2,2,4,1,4,1,3,4,2,5,3,4,3,5,4,4,4,5,2,4
1,"31319","Gravic, Inc.","auto",4,3,2,1,4,3,4,1,3,4,2,1,3,4,3,1,2,4,4,3,2,4
1,"31602","Gravic, Inc.","auto",4,3,2,3,4,5,2,1,5,2,2,5,3,4,1,1,5,4,5,4,2,4
1,"30937","Gravic, Inc.","auto",4,3,2,2,4,1,2,1,5,1,3,1,2,4,3,5,2,4,4,5,2,2
1,"31259","Gravic, Inc.","auto",2,3,2,2,5,1,5,1,3,4,3,4,4,5,4,5,1,1,5,5,2,2
1,"30955","Gravic, Inc.","auto",5,3,4,2,4,1,3,1,3,2,2,1,4,4,2,5,2,4,1,5,2,2
1,"999999","Gravic, Inc.","auto",4,3,2,2,4,1,4,1,3,4,2,1,3,4,3,1,2,4,4,3,2,4