Snapshot,Participant,Vendor,Group,Q1,Q2,Q3,Q4,Q5,Q6,Q7,Q8,Q9,Q10,Q11,Q12,Q13,Q14,Q15,Q16,Q17,Q18,Q19,Q20,Q21,Q22
1,"bi1595966550xjVbtCC5UBz4N1i5MqTmfevPDkK9uF","Gravic, Inc.","auto",3,3,5,4,4,3,3,4,4,4,3,2,1,4,2,2,3,3,2,5,3,3
1,"bi1592998099jzU8GyqXmXHz5pgmZ6XU6koeH87Ugi","Gravic, Inc.","auto",1,3,4,4,2,3,4,3,1,3,1,3,3,4,4,4,3,3,4,3,1,5
1,"bi1594063230o6WWvt061g6lYByYnlYjpgbDBZ4Fvz","Gravic, Inc.","auto",4,4,1,4,4,3,4,1,1,4,4,2,1,4,2,3,3,3,2,3,1,4
1,"bi15975235717oQSWrGrQSrjoBKdbJV5DrOUt4iRAN","Gravic, Inc.","auto",4,4,1,4,4,2,4,1,1,2,1,2,4,5,2,3,5,4,2,3,2,3
1,"bi1597488753oquutLsusYm2ystpJDo0u5nLSFm4bv","Gravic, Inc.","auto",3,3,5,3,2,3,4,1,1,1,5,2,2,5,2,4,3,3,1,5,4,2
1,"bi1591006587uaCJ7Z1BvYzYA1D5mW6zdZMpOD2DRN","Gravic, Inc.","auto",4,4,1,4,4,3,3,1,1,1,5,1,4,4,2,3,3,3,2,3,2,4
1,"bi1596029453hJjQe2TR9l5IK4GLmyibzUqR0nfwMq","Gravic, Inc.","auto",4,4,1,4,5,2,4,1,1,4,3,2,1,4,2,3,4,3,2,3,5,3
1,"bi1592501829NRd4xJRiyjwbPsQnWYFLmY4fVQpgSN","Gravic, Inc.","auto",4,4,1,4,4,2,4,1,1,4,3,2,1,4,2,3,4,3,2,3,1,3
1,"bi1590991636mrFnEbR3Ixyt0HIQUPdLmqNFbkmul9","Gravic, Inc.","auto",4,4,1,4,4,2,4,1,1,4,3,2,1,4,2,3,3,3,2,3,1,3
1,"bi1591203081dFs5UXxFPwPlxTpSRx3j39cu2JDE7Z","Gravic, Inc.","auto",4,4,1,4,4,2,4,3,5,4,1,5,1,4,2,4,3,3,3,3,4,5
1,"bi1596132383murQov4aJnZYCiOC5YnoU98o048cHP","Gravic, Inc.","auto",4,4,1,5,4,2,4,1,5,4,3,2,1,4,2,4,3,3,2,3,1,5
1,"bi1596725515I2Q0bExy1ZJtYB9BFd3KDVJavUu9ix","Gravic, Inc.","auto",4,4,1,4,4,2,4,1,1,4,3,2,4,1,2,3,4,3,2,3,1,4
1,"bi1597436607bb2UAjpVkj3eMl9M48k3VKspfQdqdI","Gravic, Inc.","auto",5,1,1,5,4,2,4,1,1,1,1,1,3,4,4,2,5,3,2,5,2,5
1,"bi1591561539uYWzguZh0r9bd3JC6sOxzeiLSU9Fm1","Gravic, Inc.","auto",5,1,1,4,4,2,4,1,4,1,3,1,1,4,4,2,5,2,5,3,1,3
1,"bi1597527928FUSAoWj1fTU6Mp7DchLXvnUMdTVkpW","Gravic, Inc.","auto",4,4,1,5,4,3,4,1,1,4,5,5,1,4,2,1,3,3,2,3,2,4
1,"bi1596536507BND4plam4BMBMYcvF5EsdIhl6rHCZW","Gravic, Inc.","auto",4,4,1,4,4,4,3,1,1,4,3,2,1,4,2,3,3,3,2,3,1,1
1,"bi15922488480InskGydvbOHEymGRKQ8bRxEevxrES","Gravic, Inc.","auto",4,4,4,4,5,1,4,1,1,1,3,2,1,2,2,4,5,3,2,3,2,3
1,"bi1591776113t2yBPxQzdzwyCMjj5hURmyP2RJ5QrX","Gravic, Inc.","auto",4,2,1,4,5,1,4,1,1,1,3,2,1,2,2,3,3,3,1,3,1,3
1,"bi1596648001fxf3rtvy5S5HUrk4wPPZ8JgVKGQkvv","Gravic, Inc.","auto",4,4,1,4,4,4,4,2,5,4,3,2,4,4,4,4,3,3,2,5,1,4
1,"bi1597158045bwN7s4ZMKiQLQINfHkVe4mXplOn905","Gravic, Inc.","auto",4,4,1,4,3,2,4,2,1,1,3,4,1,4,2,1,3,3,3,3,1,3
1,"bi1591184211LEy1ejYHQK32NQRIWHpwTBmcuW6hSI","Gravic, Inc.","auto",4,3,2,5,4,1,4,1,1,1,3,2,4,2,1,3,5,1,2,5,2,3
1,"bi1594987458S2CQxP9jOOHxs2J5HMlyH7xvgCMrdx","Gravic, Inc.","auto",3,5,3,1,5,3,2,5,2,1,3,5,4,1,5,4,2,3,5,5,4,4
1,"bi1597166949vnlYb35eDunYuI9NEeD0jZVkoDZQKh","Gravic, Inc.","auto",4,4,1,5,4,3,4,1,5,2,5,5,2,4,2,2,5,3,4,5,2,5
1,"bi1592744192W76xZ2wxwEV3s21kTAl35xshVaFTtG","Gravic, Inc.","auto",4,4,1,4,5,5,3,1,1,4,3,2,1,3,2,3,3,3,2,3,1,3
1,"bi1596958301g98PeBjsUdZAXEWdzBKqiU4bcHC7YN","Gravic, Inc.","auto",4,3,1,5,4,3,4,1,1,4,1,1,4,4,2,3,3,2,5,5,1,5
1,"bi1596649487zOlsU9ChID9kwLraMFrReLwTHwpj43","Gravic, Inc.","auto",4,4,4,4,4,2,4,2,2,4,3,2,3,1,1,3,3,3,2,5,1,3
1,"bi15947405546CtUHaJtYMrMzWoJpdpLKMfsrF1UAF","Gravic, Inc.","auto",4,4,1,4,4,2,4,1,1,4,3,2,1,4,2,3,4,3,2,3,1,3
1,"bi15959688156ichV6QLvDxthJpRKO0S7wlFSJ9l1V","Gravic, Inc.","auto",4,5,5,2,3,3,4,5,1,4,4,2,2,3,1,4,5,3,5,2,2,1
1,"bi1593947122vvzUnnF6uQZjQ3NP5aeKqfb2gVBQZ2","Gravic, Inc.","auto",4,4,1,4,4,2,4,1,1,4,3,5,1,4,2,3,3,3,2,3,1,3
1,"bi159622240257khxfVcZ3eCv7v1Wc5Zrr51QcXmun","Gravic, Inc.","auto",3,4,1,4,5,2,4,1,1,1,4,2,5,4,2,2,4,3,2,3,1,5
1,"bi1591452061GfOlzFk9Uuy75vzjnbdgLnWn6NMH1Q","Gravic, Inc.","auto",4,4,2,4,4,2,4,1,1,4,3,2,1,4,2,3,5,3,2,5,1,3
1,"bi1596965069Xat0ijnOuLWcIKekj4nMFtFVFmpuRe","Gravic, Inc.","auto",1,4,1,4,4,3,4,1,1,1,3,1,1,2,1,3,3,3,2,3,2,4
1,"bi1597480662ciA1JYMyv9nTr8DVYCf7tQlf6R82du","Gravic, Inc.","auto",3,4,1,4,4,1,4,1,1,4,2,2,1,4,2,3,4,3,2,3,2,3
1,"bi15974947240GUSt8tzOoRsn8Ahb9PJyiU89IutE6","Gravic, Inc.","auto",3,3,1,4,4,2,4,2,1,4,3,2,1,4,2,3,3,3,2,2,1,3
1,"bi1597243179d7mIfOszwZUYUyncf7iBdCKpIKmxvi","Gravic, Inc.","auto",4,4,1,4,4,2,4,1,1,2,3,1,1,4,2,3,3,3,2,3,1,5
1,"bi1592584943LKuid4MXKco8eppoVM4uYsnfbuoqbq","Gravic, Inc.","auto",5,4,1,4,4,2,4,2,1,4,3,5,1,4,2,3,3,3,2,1,1,5
1,"bi1593975014UcCrDUXOeUCQYo4OYqCHhRhhP7p65D","Gravic, Inc.","auto",5,4,2,4,5,3,4,1,5,4,3,2,2,4,2,2,3,3,5,1,2,3
1,"bi1597259319OzNebMcnxrKKTn0YLqH2kB8nOG2zeY","Gravic, Inc.","auto",5,1,3,5,5,2,4,2,4,2,1,5,3,4,4,2,3,3,2,3,1,3
1,"bi1591003702fnloeASELhjgIPLbJG8DAUnEncJajp","Gravic, Inc.","auto",4,4,1,4,4,2,4,5,1,4,3,2,1,4,2,3,5,3,5,5,1,3
1,"bi1595162983KzCPSyVQoN4xUt5DJpoUS9AgULiACd","Gravic, Inc.","auto",5,4,1,5,4,2,4,1,1,4,3,5,1,5,2,3,3,3,2,3,1,3
1,"bi1596664623y20PuCzZE6mqEs6UCjE3R6qav6upoX","Gravic, Inc.","auto",4,4,1,4,4,2,4,1,1,4,3,2,1,4,2,3,3,3,2,3,1,3
1,"bi1595077828iIa22Q4q0peLVvxPa5HdusGjeBWgCr","Gravic, Inc.","auto",4,4,1,5,3,2,2,1,1,4,3,2,1,4,2,4,3,3,2,3,2,3
1,"bi1597501448oJwzLbT66ndLlgXvPATm5rWLnD4YA6","Gravic, Inc.","auto",4,4,5,4,2,5,4,1,1,1,1,2,1,4,2,5,5,3,2,3,1,5
1,"bi1592483953U5rPBtei7FhqL2FgTjOhNd8OubBLjU","Gravic, Inc.","auto",2,4,1,4,4,2,4,1,5,1,3,2,2,4,2,1,3,3,2,1,1,3
1,"bi1597320026ctJSZ4wwjnjvH8p02WvlJrcRBZa0vv","Gravic, Inc.","auto",4,4,1,4,2,3,4,1,1,4,3,2,1,4,2,3,3,3,2,3,1,3
1,"bi1593795928iNC38MxG2XRIjVJLppoa7C3ATVADDh","Gravic, Inc.","auto",4,4,2,5,5,2,4,5,5,4,5,2,5,4,2,4,5,3,1,5,1,1
1,"bi1592064177020PaYTz76v0mPzsDX5yz0NuOJDTkA","Gravic, Inc.","auto",4,4,1,4,4,5,4,1,5,5,5,5,5,1,2,3,3,3,2,5,1,5
1,"bi1596391247EOPlEyEViWOoXUu5AI5U4a6JPMQSaM","Gravic, Inc.","auto",4,4,2,5,3,3,2,1,1,2,3,2,1,4,1,2,3,3,2,1,1,3
1,"bi1596367918nWsVOrCtIqhxPeS7cltprwNkPROCJt","Gravic, Inc.","auto",3,4,4,4,3,4,4,1,1,1,1,1,1,4,2,3,4,2,1,1,1,2
1,"bi1594577151fS9Z0onQDYAkAs9OZ0aJOYj39BEPZx","Gravic, Inc.","auto",4,4,1,5,5,2,4,3,1,1,3,5,1,1,2,3,5,3,2,5,1,5
1,"bi1592400682CaSsZs0Se4UIjBCNQKPtap6lXxhlwb","Gravic, Inc.","auto",4,4,2,4,3,2,4,1,1,2,2,5,3,2,5,3,3,3,2,2,2,3
1,"bi1597337903xg2m8GvnEMgADvLTVTMlvDs3Adlfbd","Gravic, Inc.","auto",5,1,2,4,5,2,4,1,2,4,5,5,1,4,2,3,3,3,2,3,2,3
1,"bi1597310684k1y6LqyfgzIYTC9jddih7vrQiCm9ff","Gravic, Inc.","auto",2,4,1,4,4,2,4,1,2,3,1,2,3,4,2,4,3,3,2,3,1,3
1,"bi15968792627mTSCsTj7yGZq4HPFDjQxaQRFywzs8","Gravic, Inc.","auto",4,4,1,4,4,2,4,1,1,4,3,2,1,4,2,3,1,3,2,3,1,4
1,"bi1597085752AxHgMSu0w5VQogUv1KbgsM3AqDDqEi","Gravic, Inc.","auto",4,4,1,5,4,2,4,1,2,4,3,2,1,4,2,3,3,3,2,3,1,3
1,"bi1594636555af7arFSE6Nmw7KQ7XpY6s5niU2WrJ6","Gravic, Inc.","auto",4,3,2,4,5,3,4,1,5,4,1,2,1,2,5,3,5,3,2,3,2,3
1,"bi1597310478d8uSTgOX0NrM7Nlm770cZqTJN7YFoV","Gravic, Inc.","auto",4,5,3,4,4,5,4,1,5,4,5,5,1,4,2,3,3,3,3,5,2,5
1,"bi1596904548EcH6ntKXBqxReOzVFfhAf5xFXOuWgq","Gravic, Inc.","auto",4,5,5,4,5,5,4,1,1,4,3,2,1,2,2,3,3,5,2,3,1,3
1,"bi1597133109QnA6Qw4f2nPy3Sbc46cbv4lOZXU9yT","Gravic, Inc.","auto",4,4,1,4,4,2,4,1,1,4,3,2,1,4,2,3,3,3,2,3,2,3
1,"bi15970840429oP5l10PcsCYLxLeROBodbj8FTeS7F","Gravic, Inc.","auto",4,4,1,4,4,2,4,1,1,4,3,2,1,4,2,3,4,3,2,3,2,3
1,"bi1592944796tLyLJKU7nITWyTFYRJkZMQJImt9uOK","Gravic, Inc.","auto",3,5,1,4,4,2,4,1,1,4,3,2,1,4,2,3,5,3,2,3,1,3
1,"bi1594917830tdNmbYuuvWEhQC4ldXCCNJfjfYE3oi","Gravic, Inc.","auto",4,4,1,4,4,2,4,1,1,1,3,2,2,2,1,2,3,3,1,4,2,2
1,"bi159524549293cmnIkv1r9y0a4gcZPfSEjQexv7Nl","Gravic, Inc.","auto",4,4,1,5,5,3,4,1,1,4,3,2,1,1,5,3,3,3,2,3,2,3
1,"bi1592125129QMOvGfXqHagDB5OZ00aQoBD6u5dfSs","Gravic, Inc.","auto",4,4,1,4,4,2,4,1,1,4,3,1,5,1,2,3,3,3,2,5,1,3
1,"bi1597167418eYKqBA6qlg0e5wn4QiUywa59c68eRB","Gravic, Inc.","auto",4,4,1,4,4,2,4,1,1,3,3,2,3,4,2,3,3,3,2,3,1,3
1,"bi15912837283Lq2z9zICzr3Xu7ac3vRCf5VjN7yat","Gravic, Inc.","auto",2,4,1,4,2,3,4,2,2,3,1,2,3,1,2,3,3,3,1,3,2,3
1,"bi1597415038OKQzfKMJxG67IdopWP2KXdIWJqS6ug","Gravic, Inc.","auto",4,4,2,1,2,3,4,1,4,4,4,2,4,4,1,1,3,2,1,1,2,4
1,"bi1597435574vrpzsRsS6CCKA0gP9TzAzt8P9fjQ4l","Gravic, Inc.","auto",3,4,5,4,2,5,4,1,5,4,5,2,3,4,2,1,3,3,5,5,1,5
1,"bi1593379996qCt1HDQaspwPEgw6sACzpqBpKMANPL","Gravic, Inc.","auto",4,4,1,4,4,4,4,1,1,1,3,2,1,4,2,3,3,3,2,3,1,3
1,"bi1592126634Aw9Y63hJn0nPdDCyD3LQsX2rinoKzl","Gravic, Inc.","auto",4,3,2,4,2,3,4,1,4,1,4,1,1,4,2,1,4,3,2,3,2,1
1,"bi15939791882yXekUEhEYSEyvPfing8pzhRdWWU5Y","Gravic, Inc.","auto",4,4,1,4,4,2,4,1,1,4,3,2,1,4,2,3,3,3,2,3,1,3
1,"bi159300471775MPWilaj8zMeEjuLHe6XdHzqmFi9B","Gravic, Inc.","auto",4,4,1,5,4,2,4,1,1,2,3,2,1,2,4,3,3,3,4,5,1,4
1,"bi1596194927zlpKKFyyOQCcYL1xmRsd9ScgcVWSoR","Gravic, Inc.","auto",4,4,1,4,4,2,4,1,1,2,2,5,1,1,2,3,3,3,2,3,1,5
1,"bi15960549820s8T1JvAF8U6WE0gyIg5lUSCJJ3Mbw","Gravic, Inc.","auto",4,4,1,4,5,2,4,1,1,4,3,5,1,4,2,3,3,3,2,3,2,3
1,"bi1591604978KNfXHyjvXHGlwPtr76LpHnQebjfQaA","Gravic, Inc.","auto",1,4,3,1,2,2,4,1,3,1,1,2,1,4,2,4,3,3,4,3,1,3
1,"bi1595534154mjrlxLax2I6t4lL0GGhVI317qxpbwx","Gravic, Inc.","auto",4,4,1,4,5,2,4,1,5,4,3,1,3,4,2,2,3,3,2,3,1,3
1,"bi1591515456vVG1bhfIFUgp2ErQTBK3fOyPHJqiaV","Gravic, Inc.","auto",4,3,1,5,4,3,4,1,1,5,5,2,5,4,5,3,3,3,2,5,2,3
1,"bi1597337940Rbu4kgD6bqbhJ4gZF7c3RSNbLdoij1","Gravic, Inc.","auto",5,5,5,5,5,5,4,1,5,5,5,5,5,4,2,4,5,5,5,5,2,5
1,"bi159578395655z5y2RGa2ybsLuLKQWFdWXlpGsheE","Gravic, Inc.","auto",4,4,1,4,4,2,4,1,1,5,3,2,1,5,4,3,4,3,2,3,1,3
1,"bi15912873812Oi25jo5eDB4p2bXuhgPelCyfpMdmz","Gravic, Inc.","auto",4,4,1,4,4,2,4,1,1,4,3,2,1,4,2,3,3,3,2,3,1,3
1,"bi1592643608Oi4PRW3THEAx3Yjj9ZDnxRdt1Jj536","Gravic, Inc.","auto",4,4,1,4,4,2,4,1,1,4,3,2,1,4,2,4,3,3,2,3,1,3
1,"bi1597164934biWCpk2xthRlUPcAv250YMVMQnyG1U","Gravic, Inc.","auto",4,4,1,4,4,2,4,1,1,2,3,2,1,4,2,3,3,3,2,3,2,3
1,"bi1594926439D6JARZIvuAiNbZ3Pm46MvVGJAI3Snu","Gravic, Inc.","auto",4,4,1,4,4,2,4,1,1,4,3,2,1,4,2,3,3,3,2,3,1,3
1,"bi1596385911O7YLdJT6GJUJBBzT2TdbnbgHk882yG","Gravic, Inc.","auto",4,4,1,4,4,2,4,1,1,2,3,2,2,4,2,3,3,3,2,3,1,3
1,"bi1597316384NnvvAgmvxD4LmWVjQey5DCYrD1UWK5","Gravic, Inc.","auto",5,3,5,5,5,2,4,5,5,5,5,5,1,4,2,5,5,2,5,5,5,5
1,"bi15974905300ELqhIqLYUGc8uYS4XcixUmQryQOzA","Gravic, Inc.","auto",1,4,1,1,3,3,2,4,4,4,3,1,4,4,4,4,3,3,2,3,1,3
1,"bi1591363736GuH2Utsfyy4u9cIHJkDrOasLnwm2vC","Gravic, Inc.","auto",2,4,1,4,5,2,4,5,1,1,1,5,3,1,2,3,5,3,2,5,2,5
1,"bi1593625229HRTUw6Ka4gP9lt8HFGo6WJ7C6AHwmH","Gravic, Inc.","auto",4,4,1,4,4,2,4,5,1,2,5,1,1,4,2,3,3,3,2,5,1,5
1,"bi1597485276MLBUw83k9ppWV7voTViOCO1hEovjjU","Gravic, Inc.","auto",4,4,1,4,4,5,4,1,1,4,5,2,1,4,5,3,3,3,2,5,1,5
1,"bi1592134777bGF10aKGtSJ6wTULmxno14nLEl0VK0","Gravic, Inc.","auto",5,3,1,4,4,5,4,1,1,4,3,2,1,4,2,3,3,3,2,3,5,5
1,"bi15942951951eapwUaPye38nWyO11kAwJz8iPqmEO","Gravic, Inc.","auto",4,4,1,4,4,2,4,1,1,4,3,2,1,4,2,3,4,3,2,3,1,3
1,"bi1593637589GvWKKVprawbS8hs3nQDLij1jg9PnNN","Gravic, Inc.","auto",4,4,1,5,5,5,4,1,5,4,3,2,1,4,5,3,5,3,2,1,1,2
1,"bi1591108464wm4Dh9ut3kGx1hWwuKd3WSmdX6Sr54","Gravic, Inc.","auto",4,4,1,4,4,2,4,1,1,4,3,2,1,4,2,3,4,3,2,3,1,3
1,"bi1592212984hYH7vFa5ycZRdMZ96hdJqGsL14Zkkw","Gravic, Inc.","auto",4,4,1,4,4,2,4,1,1,4,3,2,1,4,2,3,4,3,2,3,1,3
1,"bi1596960518NbVell9ga98quYNml8WthAtbYf2Q2F","Gravic, Inc.","auto",4,4,1,4,5,4,4,1,1,4,1,2,2,4,2,4,3,4,2,1,1,3
1,"bi1593101502w2NanQsBfChhhDUYXiLBAxoJPRyS2c","Gravic, Inc.","auto",5,2,1,4,4,3,4,2,1,3,3,2,4,4,2,4,3,3,2,5,1,3
1,"bi1591874380jE0XHsUn24gzcrPKuX5B5nohITVVLl","Gravic, Inc.","auto",4,4,1,4,4,2,3,1,1,3,3,2,3,1,2,3,2,3,2,1,1,3
1,"bi1591008434bcZuLUA0vZNNSPgT56lNS4dRWbKb8q","Gravic, Inc.","auto",4,4,1,4,5,5,4,1,1,1,3,1,1,4,2,3,3,3,2,3,1,3
1,"bi1596884270FiHWNoGPugPnsXkb54Up0XoVmkhvwp","Gravic, Inc.","auto",1,4,1,2,4,3,4,2,1,1,3,5,2,3,5,3,3,3,2,5,2,4
1,"bi1591955152uYjflKPENC3oboarnopIst6Ds0b147","Gravic, Inc.","auto",4,4,1,4,3,3,4,4,1,1,3,1,3,4,2,3,4,4,2,3,1,3
1,"bi1592124905jp9w4JhWT9Jvm6hJDwtdxhA0MuFpU3","Gravic, Inc.","auto",4,4,1,4,4,2,4,1,1,4,3,2,1,4,2,3,3,3,2,3,1,3
1,"bi1592225860lOnBgKzdFi1KUAJgPUbJYa6Zur6jK4","Gravic, Inc.","auto",4,4,1,4,4,2,4,1,1,4,3,2,1,4,2,3,3,3,2,3,1,3
1,"bi1594027877qc8g37eyhQiqMz8BwDxn3Dq713sD62","Gravic, Inc.","auto",4,4,1,4,4,1,4,1,5,4,3,5,5,4,5,3,5,5,2,3,1,3
1,"bi1596801186kQdhdDHoGiw3e3AQ8KZWGuYajOqZSi","Gravic, Inc.","auto",4,1,5,4,5,4,4,1,1,4,3,5,1,4,2,4,3,1,5,3,2,3
1,"bi1596566389IHIklslQkrHlZhpHwBVWOjEm8Pt88c","Gravic, Inc.","auto",4,4,1,4,4,2,4,1,1,4,3,2,1,2,2,3,3,3,2,3,2,3
1,"bi1591621583DNFKOH7fBpC62TE5T8RZkBE0wGDTcO","Gravic, Inc.","auto",1,4,4,4,4,3,4,3,1,4,4,1,1,4,2,4,3,1,2,1,1,4
1,"bi1596225206ZsbN24H3WWpQQGelCOpRLp0Ol0DUZE","Gravic, Inc.","auto",4,4,1,4,4,2,4,1,1,1,3,1,1,4,2,3,3,3,2,3,1,3
1,"bi1596812135PdDPQ6hESKCmvbyGzEy80deFPzUKau","Gravic, Inc.","auto",4,4,1,4,4,5,3,2,5,5,4,1,1,3,2,3,5,2,2,3,1,5
1,"bi15931601975MQJb6b2GwLQz1vRIwx3nhUdAHRW8y","Gravic, Inc.","auto",4,4,1,4,4,2,4,1,1,4,3,2,1,4,2,3,3,3,2,3,2,3
1,"bi1591518784ty5Bg9zJzGoLkbx1I0vfk1Swn39N9T","Gravic, Inc.","auto",4,3,1,4,4,2,4,1,1,4,3,2,1,4,2,3,3,3,2,3,1,3
1,"bi1596362837PO6g1Nb3EV0uPhrR6B7Hd3pRojYa6y","Gravic, Inc.","auto",4,4,1,4,3,5,4,1,1,4,3,5,1,5,2,3,3,3,2,3,1,5
1,"bi1596452246ER5agizQmEBY4hnKHfdSbwI7szCPs9","Gravic, Inc.","auto",4,4,1,4,4,2,4,1,1,4,3,1,1,4,2,3,3,3,2,3,1,3
1,"bi15937844469jfqOvb5pUOm25mxeI4vY1ZAKeN4UC","Gravic, Inc.","auto",4,4,2,4,4,5,4,1,4,4,3,2,1,4,5,3,4,3,2,3,1,3
1,"bi1597505672wrZtrGaWHiVpTYusX1m7tJt2LITNk9","Gravic, Inc.","auto",4,4,1,4,4,2,4,1,1,4,3,2,1,4,2,3,3,3,2,3,1,5
1,"bi1591798752Az0Zeavi93LrTSxF3VeWRxv3orG1R3","Gravic, Inc.","auto",5,4,1,4,4,3,4,1,1,4,5,2,1,4,2,2,3,3,2,3,2,3
1,"bi1591008806RJ2FI3oGOxVNMpCQdpcYOfBVaBiqNf","Gravic, Inc.","auto",3,4,5,4,4,2,4,1,1,4,3,2,1,4,2,3,5,3,2,3,2,3
1,"bi1591463171VimH1NIqiR7B9XY9CH4q7wQhduWkTd","Gravic, Inc.","auto",4,4,1,4,5,2,4,1,1,4,3,2,1,1,5,3,5,3,2,3,1,3
1,"bi1593631594KP8VO2KA2ffXqDHLRHteNSrsip2Z9R","Gravic, Inc.","auto",3,4,4,4,4,3,4,1,2,2,1,1,3,4,2,4,3,3,2,1,2,3
1,"bi1596653459ukfz9jjSo61FiI00DLUQdXlkBIiv3f","Gravic, Inc.","auto",4,4,1,4,4,4,4,1,1,2,3,2,1,4,2,3,3,3,1,3,1,3
1,"bi1593119538FFHYgZqiDc8SDybLEX96yr3eP99Dm2","Gravic, Inc.","auto",4,3,1,4,4,3,4,5,1,2,5,5,1,4,2,3,4,3,2,5,1,3
1,"bi1596819889mVsndQPk0ojw0exKDtGZCVsFrIsTlg","Gravic, Inc.","auto",4,4,4,4,5,2,4,1,1,4,5,2,1,4,1,3,3,3,2,3,1,3
1,"bi1591039513bDPV56pZmqe8LJYzWx6xlXTM6sGij8","Gravic, Inc.","auto",4,4,1,4,4,2,4,1,1,4,4,2,1,4,2,3,3,3,2,3,2,3
1,"bi15943986252s5nzAvRdKrwazCdG01MJe289oEknp","Gravic, Inc.","auto",4,1,2,5,4,1,4,1,1,4,3,5,1,4,4,4,3,3,2,5,2,5
1,"bi1593759662mehUSU0XhQhfmBrhmo4ykrIzTylEAe","Gravic, Inc.","auto",4,4,3,4,1,2,4,1,1,1,3,5,1,4,1,3,5,5,2,5,1,3
1,"bi1597069702BjM6YMBz8butCWEKJSzoezPCeDrtgz","Gravic, Inc.","auto",4,4,1,4,4,1,4,1,5,1,5,5,1,4,2,4,2,3,2,5,2,5
1,"bi1597418875qi4CW9xDD3CWJw77fD9VlBHDKCcTaF","Gravic, Inc.","auto",4,4,1,4,4,2,4,1,1,2,3,2,1,4,2,4,3,3,2,3,2,3
1,"bi1596385653E6EDxtxmbW9Huv7sh0gqb3fzZ6a1AO","Gravic, Inc.","auto",4,4,1,4,4,3,4,1,1,4,3,2,2,4,2,3,3,3,2,3,1,3
1,"bi1591186995XZ3LYhPBTwWjlL4hC4WKwVBq6RXvbO","Gravic, Inc.","auto",4,3,5,1,4,4,4,1,5,1,5,1,2,5,2,3,3,2,3,3,1,3
1,"bi1591382504ssF2bmfV8CrCYr8wGDR5VECq5izNRL","Gravic, Inc.","auto",4,4,1,4,4,2,4,1,1,4,3,2,1,4,2,3,3,3,1,3,1,3
1,"bi1593013257hvzFd8F1B7TrQ3Q9RuZw0BjON2S8gw","Gravic, Inc.","auto",4,4,1,4,4,2,4,1,1,4,3,2,1,4,2,2,3,3,2,3,1,3
1,"bi1591028248Liumd5eMQgRGOZbeVt4UW3T9tgjS2v","Gravic, Inc.","auto",4,4,1,4,4,2,4,1,1,4,3,2,1,4,1,3,3,3,2,3,1,1
1,"bi1595876422WOCFamaZPRwPY75bITT16b6QQHAZwa","Gravic, Inc.","auto",4,4,1,4,4,2,4,1,1,4,3,2,1,4,2,3,3,3,2,3,1,3
1,"bi1596456928uZTP03PMhnBmMdC1rhkL8XMcIgLWyu","Gravic, Inc.","auto",4,4,2,4,4,5,4,1,5,5,3,1,5,1,2,3,3,3,2,5,1,5
1,"bi1593178207zMhT6yF33UIO9Jr3UODThtJBevq21E","Gravic, Inc.","auto",4,3,5,4,4,2,3,1,1,4,3,5,1,4,1,4,4,3,5,1,2,5
1,"bi15933749406WxnksgYVpJIoLZWJqPGjQCtJzJ15Y","Gravic, Inc.","auto",4,1,1,1,4,4,4,1,3,2,2,1,2,1,2,3,5,2,2,3,5,3
1,"bi1597317329GidxiRsYOfEOuTeohWG4pTFos6dP46","Gravic, Inc.","auto",3,3,1,4,5,5,4,1,1,5,4,2,3,5,1,1,5,2,5,3,2,3
1,"bi1591460901ilD84zuZ5OISWW4BvPnGMghnpWp306","Gravic, Inc.","auto",4,1,1,4,4,2,4,1,1,1,5,2,1,4,4,3,3,3,2,3,2,3
1,"bi1595255140GnLG0pBcJJUW1jYSiy1PEg0j6oi2yx","Gravic, Inc.","auto",3,4,1,1,4,3,4,1,5,4,3,5,1,1,3,1,5,3,2,5,2,3
1,"bi1593609660R9qGrExnVWWQDmo7BZ5gLqEFE5yPOh","Gravic, Inc.","auto",4,4,1,4,4,2,4,1,1,4,1,1,1,4,2,3,3,3,2,3,1,4
1,"bi1593456365RPBBAbtgk85cT5qZtaWL2hLmJWEEz4","Gravic, Inc.","auto",4,4,1,4,4,2,4,1,1,5,3,2,1,4,2,3,3,3,2,5,2,3
1,"bi1591459437f18t25jfs4QwvvTnHiPI8YlyxW9cIH","Gravic, Inc.","auto",5,1,1,5,1,1,4,1,5,5,3,5,5,4,1,1,5,1,4,3,1,5
1,"bi1597304817qa57jyGfWdxui3vITIacfewQs2K3fJ","Gravic, Inc.","auto",5,4,4,5,4,3,4,1,1,4,5,5,4,4,5,1,5,3,2,3,2,5
1,"bi1597318742RKnx03HZsohKsK8VOch8Pha3YmMAtf","Gravic, Inc.","auto",4,4,1,3,4,2,4,1,1,1,2,5,1,4,2,3,3,3,2,3,1,3
1,"bi1593976940UE6itVvFwrk1wwtVYm7mCfaoZQB3hy","Gravic, Inc.","auto",4,4,1,4,4,4,4,1,1,4,3,2,1,4,2,2,3,3,2,3,2,3
1,"bi1591366134dAXYv1sHrKXTg7KglI8NSmCQ1d8RnC","Gravic, Inc.","auto",4,4,1,4,4,2,4,1,1,4,3,5,3,4,2,3,2,3,2,3,1,3
1,"bi1596187445IqltkivrarFJkro4ZW2aRRnAodDwBx","Gravic, Inc.","auto",4,4,1,4,4,2,4,1,1,4,3,2,1,4,2,3,3,3,2,3,1,3
1,"bi1593335534tRUBURPLpDuhcl8S5W2rdrF3a5hn8j","Gravic, Inc.","auto",3,4,1,4,4,4,4,1,1,2,1,1,2,1,2,3,3,3,1,1,1,4
1,"bi1593539008p7p4ar97h7HvBufYAwF8EqHLjEUiQX","Gravic, Inc.","auto",4,4,1,4,5,5,4,1,5,4,5,2,2,4,2,4,5,3,2,3,1,5
1,"bi15912321753xD11UPOQPNjAJALxhg7G6xNN6qxCm","Gravic, Inc.","auto",5,4,4,4,4,2,4,1,1,4,3,2,1,5,2,5,4,3,2,3,1,3
1,"bi1597077676vKu5Weux5UMeEaoV2qXkcOipaenIas","Gravic, Inc.","auto",5,4,1,4,5,3,4,1,1,5,5,2,5,2,2,3,5,3,2,5,2,3
1,"bi1593594413Yf2gAKWVsHaxIXsArxgeqIQZONBZzF","Gravic, Inc.","auto",5,5,5,4,5,5,4,1,3,2,5,5,5,4,5,3,5,2,3,5,1,3
1,"bi1593882084Qa2NCeeGOsUn6A60TrUUsFW46h340M","Gravic, Inc.","auto",4,4,2,5,5,2,4,1,2,4,5,2,1,4,2,4,3,4,2,5,5,5
1,"bi1592417595kT38a2Bs3IZzHvU7EqNiZWF1iFow6j","Gravic, Inc.","auto",5,4,1,4,4,5,4,1,5,2,5,1,1,2,2,3,3,3,3,1,1,3
1,"bi1595677751hU0NB3u8xB996xWW4uNfDNHFEaOVkR","Gravic, Inc.","auto",4,4,1,4,4,2,4,1,1,2,3,2,1,4,2,3,3,3,2,3,1,3
1,"bi1593620195STpVjk3D9s1bf3i8oEmde9c1oPqW4g","Gravic, Inc.","auto",4,4,1,4,4,3,4,1,1,4,1,2,1,4,2,3,4,3,2,1,1,3
1,"bi1597501010Fb4NgT5HS8Jq4V3HZy9s7pDqXo0VXu","Gravic, Inc.","auto",1,4,1,5,4,2,4,1,1,2,3,5,3,4,4,3,3,3,2,3,2,3
1,"bi1593879781arZHr5lpJpx3pVMCjE2wDPKTxq3u78","Gravic, Inc.","auto",4,4,1,4,4,3,4,1,1,3,5,5,1,2,5,3,4,5,2,3,2,5
1,"bi1592585692icUic4XfodYKEjMa6hmyHaS4vua2qh","Gravic, Inc.","auto",4,4,1,4,4,2,4,1,1,4,3,2,1,4,2,3,4,3,2,3,1,3
1,"bi15971816568MFRB18YjfI8WTtSb2pa8WQAK6GIZ8","Gravic, Inc.","auto",4,4,1,4,4,3,4,1,1,4,2,1,4,1,2,3,2,3,2,3,1,4
1,"bi1596104892HNdOvc48ea9BIwOirpsg9JcjdfGZvk","Gravic, Inc.","auto",4,4,1,4,4,2,4,1,1,1,1,2,1,4,2,5,3,3,2,3,2,3
1,"bi1596719483GeeddJIN134DBXtIEEJiGtdX9S99di","Gravic, Inc.","auto",4,4,1,4,2,2,4,1,1,2,3,3,1,4,1,3,4,3,2,3,2,3
1,"bi1592034599LTNMn9r9zmA5noTBgzM6cHfRfmxPEb","Gravic, Inc.","auto",4,4,1,4,4,2,4,1,1,1,3,2,1,2,2,3,3,3,2,3,1,3
1,"bi1591342320WTedSQqZgCNHB3K9uBRltK5GVrg3FE","Gravic, Inc.","auto",4,4,1,4,4,2,4,1,1,4,3,2,1,4,2,3,3,3,2,5,5,3
1,"bi1591133784NAkSgrXZ2GQkMD4XIqev6rYe9kDFL8","Gravic, Inc.","auto",5,3,4,4,4,3,4,1,5,2,4,5,1,4,1,3,3,3,2,3,2,5
1,"bi15953207130UtQnZEPm3aK4xVYMri939jFDiCX9m","Gravic, Inc.","auto",4,1,1,4,4,2,4,1,1,1,3,2,1,4,2,3,3,3,2,3,1,3
1,"bi15956364895jpHErj12VA9Vd9lpwVuRKPRdr2kdA","Gravic, Inc.","auto",3,4,1,4,4,2,4,1,1,1,3,4,3,1,2,3,4,3,2,3,1,1
1,"bi1591017881hJFidNAuD338LYmgGvda8d0BVasWu0","Gravic, Inc.","auto",1,4,1,4,5,2,4,1,5,4,4,5,1,5,2,4,5,3,2,3,1,5
1,"bi15971579385XxzpdscqrRAMKVZuUFFNbAClFUvUw","Gravic, Inc.","auto",4,4,1,4,4,4,4,1,1,3,3,2,1,4,2,2,3,3,1,1,1,3
1,"bi1594734858t1scKI5u0BipjuQ4Ou72eYSASUKT0C","Gravic, Inc.","auto",4,4,1,4,4,4,4,1,1,4,3,5,1,4,2,3,3,3,2,5,1,3
1,"bi1595671946uoGRQEvpdtU6WE6h0WWRBLOEsgnklD","Gravic, Inc.","auto",4,4,1,4,4,4,4,1,1,4,3,2,1,4,2,4,3,3,2,5,2,3
1,"bi1597437007yrza1gG1pTBgmYbgYPiReizF88tK6N","Gravic, Inc.","auto",1,3,1,4,4,2,4,1,1,4,3,2,1,4,2,3,3,3,2,3,1,5
1,"bi15960444543wmpD7ozsyx6gVtaTvEaMQOx3E1SnD","Gravic, Inc.","auto",4,4,1,4,4,2,4,1,1,4,5,2,5,4,2,3,3,3,2,3,2,5
1,"bi1591370841P0HIm8EymG49H4L37XXdRmHGmuQCx1","Gravic, Inc.","auto",4,4,1,4,3,2,4,1,2,1,3,2,1,4,2,3,3,3,2,3,2,3
1,"bi1592225909BSVaGDA9FRWqs2xHAEcDfpy5gPbKaR","Gravic, Inc.","auto",1,4,1,4,5,2,4,1,5,4,4,5,1,5,2,4,5,3,2,3,1,5
1,"bi159100583238LpqO2GUEeKjOMdUhwiBXt8M8E1FZ","Gravic, Inc.","auto",4,4,1,4,4,2,4,1,1,4,3,2,1,4,2,3,3,3,2,3,1,3
1,"bi1591701483ha77GFOBMAzHqjLFvbmBacB87YkJqD","Gravic, Inc.","auto",4,4,1,5,4,3,4,1,4,4,3,5,1,4,2,3,3,3,2,3,2,3
1,"bi1593959840RQ8uPkJ4tkYeIE9OSfm3EZSeTTpnOC","Gravic, Inc.","auto",4,4,1,5,5,3,4,1,1,1,3,1,1,4,1,3,5,3,2,5,4,1
1,"bi1596816662XGEdv0KQoy6UxmPQC1O1jdENfQfFPN","Gravic, Inc.","auto",4,3,1,4,4,2,4,1,1,4,3,2,1,4,2,3,3,3,2,3,1,3
1,"bi1594766800VShZxZsUE9Kr6JnV63L1SBEGqG0ozH","Gravic, Inc.","auto",5,3,1,5,3,3,4,5,5,1,4,2,4,4,5,3,4,3,5,5,1,4
1,"bi1596651446QbSnkmZbkkpcJ9e5uq5CCLSDChRNp1","Gravic, Inc.","auto",4,4,1,4,5,2,4,1,1,1,3,1,3,4,4,3,3,3,2,3,2,1
1,"bi1597515770cU0uZ8L1R7noB1icp9ANtAgrTMxzGJ","Gravic, Inc.","auto",4,4,4,4,4,2,4,1,1,4,3,5,1,4,2,3,3,3,2,3,5,3
1,"bi1597505482v6m6wKUyNwsibWeNbfaXc2AfGgku6W","Gravic, Inc.","auto",4,1,1,4,4,2,4,1,1,4,3,2,5,4,2,3,3,3,2,3,2,3
1,"bi1595620486q00q9QpIiucmMpE6uPZEpQ3y5hrAAm","Gravic, Inc.","auto",4,4,1,4,4,2,4,1,1,4,3,2,1,4,2,3,3,3,2,3,1,5
1,"bi1591283680xu30PeHiTLLaUEdzFyCcFBeb4HwsqS","Gravic, Inc.","auto",4,4,1,4,5,5,4,1,1,4,3,2,1,4,2,3,3,3,2,3,2,3
1,"bi1591786130IWBC1VggzWSKTXnJV6LYlQaARkQ2Nf","Gravic, Inc.","auto",4,4,1,4,4,2,4,1,1,4,3,1,1,4,2,3,4,3,2,5,1,3
1,"bi1592662986cmo7LLxABD3CxfbMJaI3fpEcwEI5QF","Gravic, Inc.","auto",4,4,1,4,4,2,4,1,1,4,3,2,2,4,2,3,3,3,2,3,1,3
1,"bi1594749410UapRp1OZflDvzZlKDrEowvvc0TCAYg","Gravic, Inc.","auto",4,4,1,4,4,2,4,1,1,4,3,2,1,2,2,3,3,4,2,3,1,3
1,"bi15966496839tDZKgOdqRSj2kfzmqWhxqKO2jKeV6","Gravic, Inc.","auto",4,4,1,4,4,4,4,1,1,4,3,2,1,4,2,3,3,2,2,3,2,3
1,"bi1597320558TILEb0u5FClsJiY67vkreLG3NRfiDO","Gravic, Inc.","auto",4,4,1,4,5,4,4,1,1,4,1,2,1,4,2,4,1,3,2,1,1,3
1,"bi1591014100kSqyP60SZzBybVSEcth3JSMe9TFVob","Gravic, Inc.","auto",4,1,1,4,4,5,4,1,1,1,3,2,2,2,2,3,3,3,2,3,1,3
1,"bi1596750900bBk5kIzLZDheZYUgCEUx4pCrJfbQrJ","Gravic, Inc.","auto",4,4,1,4,4,3,4,1,1,4,3,2,1,2,2,3,3,3,2,3,1,3
1,"bi1593016118UUfakYe1bgCnwwGKqv7Dq0ahXhlcPq","Gravic, Inc.","auto",2,4,1,4,1,2,4,4,1,3,3,1,1,4,2,3,4,3,2,1,1,4
1,"bi1595847340LnykeHMYgPEhhK1t0sMq64x2xtPxoT","Gravic, Inc.","auto",4,4,5,4,4,3,4,1,1,4,1,1,1,4,2,3,3,3,2,3,1,3
1,"bi1591217825fluckUeIWNiTelWcCiF9SomwtBjla6","Gravic, Inc.","auto",5,4,1,5,4,3,4,1,5,5,3,1,1,4,5,3,5,3,2,5,5,5
1,"bi1595933701vsCLgjz9LRWZh3bwLi0rkYSAfHB8kW","Gravic, Inc.","auto",4,4,1,4,5,4,4,1,5,4,5,5,3,4,2,3,3,3,1,3,2,1
1,"bi1591900431aoo9ZVmMe2PuFRQ8MIedZtkRUHZ9jE","Gravic, Inc.","auto",4,4,3,5,5,2,4,1,1,5,5,4,1,4,2,5,3,3,2,3,2,5
1,"bi1592496549z26cC0P1P58HHVNLgGIviHGFUvXY75","Gravic, Inc.","auto",4,4,1,4,4,3,4,1,1,4,3,2,1,2,2,3,3,3,2,3,1,3
1,"bi1596230637QjOTzPVu3KP4pgJePhTJPuYUQV8tyv","Gravic, Inc.","auto",4,4,1,2,1,2,4,1,1,4,2,5,4,4,2,3,4,3,2,3,2,3
1,"bi1596370356UUHxr9AQiogaTUuP8Bp4U16gTvcy8U","Gravic, Inc.","auto",4,1,1,4,4,3,4,1,1,1,3,2,1,4,2,3,3,3,1,3,2,3
1,"bi1592309015cdE1qfbYfEIxx0RU3UhRj3bGhsUT5F","Gravic, Inc.","auto",3,3,1,5,4,2,4,1,1,2,4,1,1,2,2,3,3,3,2,1,2,5
1,"bi1591898746IxOZ2R3NcAMsZ3ypOjLKZtAyGdInuc","Gravic, Inc.","auto",4,4,1,4,5,4,4,1,1,4,5,2,1,4,2,4,3,3,2,1,1,3
1,"bi1593287745rpmamvdbJ6V6V8DKw0yBshuqnWnlv8","Gravic, Inc.","auto",4,3,1,4,4,2,4,1,1,3,3,2,1,4,2,3,3,3,2,3,1,3
1,"bi1591204029ngDxcohHei7PfYREf3P29wGIIajhDJ","Gravic, Inc.","auto",4,3,5,4,4,2,4,1,1,5,5,2,2,5,1,4,1,3,2,3,1,3
1,"bi1591378537eVFXVS4eyejhcHcbSpSkjT6tpH7Wzm","Gravic, Inc.","auto",4,4,1,4,4,3,4,1,1,4,4,2,1,4,2,3,4,3,2,3,2,3
1,"bi1591089221pt4DODsOYcEmnfs5Wa4Srp0m0ffMhT","Gravic, Inc.","auto",4,5,1,4,4,2,4,5,1,1,3,2,1,5,2,3,3,3,2,3,1,3
1,"bi15924067809yZIeyuaNNdfxhhbDuABPaVm5JYxBT","Gravic, Inc.","auto",4,4,4,5,4,2,4,1,5,1,3,2,5,2,2,3,1,4,5,5,1,5
1,"bi1597439288UDv9P6vGhfgDZN3GT4VgRdwrKP1DUA","Gravic, Inc.","auto",4,4,1,4,4,2,4,1,1,4,3,2,1,4,2,3,3,3,2,3,2,5
1,"bi1595269463jdKYkGJc62FauhEz50pVBbpDNXWvVV","Gravic, Inc.","auto",4,4,1,4,4,1,4,1,1,1,3,4,1,2,2,3,4,3,2,3,2,4
1,"bi1594546899egtvioWCd7duEWZLGH1zOrojMk6PdB","Gravic, Inc.","auto",4,4,1,4,4,2,4,1,1,4,3,2,1,4,2,3,3,3,2,5,1,3
1,"bi1591022461J424pIGVMOk6DyMOHSVVjkdH4yBLtS","Gravic, Inc.","auto",4,4,1,4,4,5,4,1,1,4,3,2,5,4,2,3,3,3,2,3,1,3
1,"bi1591041816hgLk0IEa3P13pO9iZLUAcyt7Ns3vJ3","Gravic, Inc.","auto",4,3,1,4,4,2,4,1,2,1,3,2,1,3,2,3,3,3,2,3,2,3
1,"bi1593251336ifZ4sY9s4tfLTs87RcEL5S1qkBaspG","Gravic, Inc.","auto",4,4,2,4,4,2,4,1,1,4,3,2,3,4,2,3,3,3,2,1,2,3
1,"bi1595498957eGcwUh1eSOS0wNHvzndqJ5skFpf8dv","Gravic, Inc.","auto",4,4,1,4,4,2,4,1,1,4,3,2,1,4,2,3,3,3,2,3,1,3
1,"bi1595694178LNf6wWvv496xZ2UrpD4JckGVjmqCow","Gravic, Inc.","auto",4,4,1,4,4,2,4,1,1,4,3,2,1,4,2,3,3,3,2,3,1,3
1,"bi1597233561XmKdOTst7xLcpwlbfYHPQqfl5mGST7","Gravic, Inc.","auto",4,4,1,4,4,3,4,1,1,1,3,2,1,4,2,3,3,3,2,3,2,4
1,"bi15973105788X7YuZNn8rVXVM3VXvSm4v62bEHarT","Gravic, Inc.","auto",4,3,1,4,4,2,4,1,1,1,3,2,1,2,1,3,3,3,2,5,2,5
1,"bi1596795217JFncVYhiurgCfZNw6tZQw6WCED69Zu","Gravic, Inc.","auto",4,4,1,4,4,2,4,1,1,4,5,2,1,4,2,3,3,3,2,3,1,3
1,"bi15919757757Da5UyfJT7jEETsFeYAqmJXGg9Ji5P","Gravic, Inc.","auto",1,4,1,4,5,5,4,1,1,3,3,5,1,4,1,1,3,3,2,5,1,1
1,"bi1591556086abGm1kqj4frVAbadIgofUOrDrNmNtj","Gravic, Inc.","auto",4,4,1,4,3,3,4,1,1,1,3,2,1,4,2,3,3,3,2,3,2,3
1,"bi15945598857g6T3VTS0kXbjG1v8nwVEKkmRFqHq6","Gravic, Inc.","auto",4,4,1,4,4,3,4,1,1,1,4,2,1,4,2,3,5,3,2,3,2,4
1,"bi1597307444VNmRL9B3i7tW21N62HT74G8U6L0KnB","Gravic, Inc.","auto",4,4,1,4,5,5,4,1,1,2,5,2,5,4,3,3,5,3,2,3,1,5
1,"bi1594380793m9X5D5Ck2Cvo679AB8TxDSVa06cPuT","Gravic, Inc.","auto",4,4,1,1,4,2,4,1,1,5,4,2,1,4,2,5,3,3,2,3,2,4
1,"bi1592299517YzsiPgd7lNmRL2gnk8k7tGlL9uIuBm","Gravic, Inc.","auto",4,4,1,4,4,2,4,1,1,1,5,5,1,4,2,3,3,3,2,3,1,5
1,"bi1593695130DKkAmSRTpsE4f9yN5yrkAGVYJmwRUx","Gravic, Inc.","auto",4,5,1,4,4,3,4,2,1,1,1,5,3,3,1,3,5,3,2,3,1,4
1,"bi1596483330hT5xr7mD3KkpO7FuoyySUfLOGTnYBz","Gravic, Inc.","auto",2,4,1,4,4,2,4,1,5,1,5,5,5,4,1,3,4,3,2,5,1,5
1,"bi15975191307qU4Bb7meIKk0lR9H5lLQiN9ZOc4JK","Gravic, Inc.","auto",4,4,1,4,4,2,4,1,1,4,3,2,1,4,2,3,3,3,2,3,2,3
1,"bi1597339390PjovC7Vy8XC7rGVt1caT6hk0XfnOnF","Gravic, Inc.","auto",3,4,1,4,4,3,4,1,1,2,3,5,1,4,2,3,1,3,2,3,1,5
1,"bi15931543209sNWsuETMOxCoJBfKqbcxKL4B4tSci","Gravic, Inc.","auto",4,4,1,4,5,2,4,5,1,1,5,5,1,4,2,3,3,3,2,5,2,4
1,"bi1596194349lEQSt9wKeIuWFUTyc1alkQ6zvGqJwR","Gravic, Inc.","auto",4,4,1,4,4,5,4,1,1,4,3,2,3,2,5,3,3,3,2,3,1,3
1,"bi1591688962edbBaarFGqKr7ee3JtLCkF3fcaA4wN","Gravic, Inc.","auto",4,4,1,4,5,2,4,1,1,1,5,5,5,5,5,3,5,3,2,3,1,3
1,"bi1591555530BamTsoi0zR8vuOg7mdPMFtKDmohoAm","Gravic, Inc.","auto",4,4,1,4,5,2,4,1,1,4,3,2,3,4,2,4,3,3,2,3,2,3
1,"bi1596987360vDNGWcn91Ju6Ou8iO4kFZhX9n7eR5o","Gravic, Inc.","auto",4,4,4,4,4,2,4,1,1,1,3,1,1,1,2,3,3,3,2,3,1,3
1,"bi1594572355dRswsUbPzIYg0SgWgJYqN57WKTY7QZ","Gravic, Inc.","auto",5,4,1,4,5,2,4,1,1,5,3,2,5,4,5,3,5,3,2,1,1,3
1,"bi1592040119nDiCcbV5diWAV71jHmPtH5CnS9v3Oz","Gravic, Inc.","auto",4,4,1,4,4,2,4,1,1,4,3,2,1,4,2,3,5,3,2,3,1,3
1,"bi1593351685ElmLKknjvnA8cjBS5M8t2oNcm6lgVo","Gravic, Inc.","auto",4,3,1,5,5,2,4,1,1,1,3,5,2,4,5,3,3,3,1,3,1,3
1,"bi159604449633Ic8yh1NBapvPvPQSRr6BLCrKorEZ","Gravic, Inc.","auto",4,4,5,4,5,3,4,1,1,1,3,2,3,4,1,3,3,3,2,3,1,3
1,"bi1591046472oUxA58VRM0OyX95H7boKu8enIDcrI6","Gravic, Inc.","auto",4,4,1,4,5,2,4,1,5,4,5,5,1,4,2,3,4,3,2,3,2,5
1,"bi15949268484wcdTcJrsxNhfJtekVtUEvXD6HK6bA","Gravic, Inc.","auto",4,4,1,4,4,5,4,1,1,4,3,2,1,4,2,3,3,3,1,3,1,5
1,"bi1591343296tLS8n71ksUeAupPyv5w6spE25XKf7u","Gravic, Inc.","auto",4,4,1,4,4,4,4,1,4,4,3,2,1,4,2,3,1,3,1,3,2,4
1,"bi1597393472QjQ3y0TFZpQ3SEiSZqU0R4Buz878PU","Gravic, Inc.","auto",4,4,1,4,4,2,4,1,1,4,3,1,1,4,2,3,3,3,2,3,1,5
1,"bi1591538072htcI89vpHGfbFA03x70aAfj2Yqxbbv","Gravic, Inc.","auto",4,4,1,4,5,4,4,1,1,4,1,5,1,4,5,3,5,3,2,3,2,3
1,"bi1594489267grMUDhChGl9JrkKKpWp8R1g4l4B1St","Gravic, Inc.","auto",4,3,1,4,4,2,4,1,2,1,3,2,1,4,2,3,3,3,2,3,1,3
1,"bi1595516530MUg19wjKfoaiktU3seP9mycboV4UnO","Gravic, Inc.","auto",5,4,1,4,5,5,4,1,1,1,3,2,1,4,1,3,4,3,2,5,1,3
1,"bi15936034158avEgaigSTzn241yFLDR6yXUcQ0eAZ","Gravic, Inc.","auto",3,4,4,1,4,2,4,4,3,1,3,2,2,2,2,3,4,3,2,3,2,3
1,"bi1591102645h0s5lkRVuGRp2sR02jQG5VL668IfQJ","Gravic, Inc.","auto",4,4,1,4,4,2,4,1,1,4,5,1,1,4,2,3,3,3,2,3,2,3
1,"bi1595065492j2aCZTmFkT1YoFu7XRcHEyWFmd303k","Gravic, Inc.","auto",4,4,4,4,2,2,4,1,1,2,3,1,2,4,2,3,4,3,2,3,1,3
1,"bi1592130033eeHgogEgNAuA7Q9RVG9dNVYSrIjTTm","Gravic, Inc.","auto",5,4,1,5,4,5,4,4,5,4,3,2,1,4,2,3,3,3,2,3,5,3
1,"bi1595327181ESH6vkhsj0SAYeEo5xOwXes63AlF6a","Gravic, Inc.","auto",4,4,1,4,4,2,4,1,1,4,3,5,5,1,2,3,3,3,2,3,1,3
1,"bi1591425762hR541ADxBQCK6fG8or0esojWE3Ufka","Gravic, Inc.","auto",3,4,1,4,4,2,4,1,1,1,3,1,1,4,2,3,3,3,2,3,2,3
1,"bi1596569053vweJWQU9hWu3CEFAOQyujWyefuF8Td","Gravic, Inc.","auto",4,4,1,4,4,2,4,1,1,4,2,1,1,4,2,3,3,3,2,3,1,3
1,"bi1597518033bqLA8x6osCJresS7xbcjKgj5w09iCH","Gravic, Inc.","auto",4,4,1,4,4,3,4,1,1,4,3,2,1,1,2,3,3,3,2,3,1,3
1,"bi1591797673n94r3VfU16ACdBNVx75tZDR2sbky8q","Gravic, Inc.","auto",4,4,1,4,4,2,4,1,1,4,3,2,1,4,4,3,3,3,2,3,1,3
1,"bi1592466826mDTEbuFLNR77CgcS082KJbTdDK8uYP","Gravic, Inc.","auto",4,4,1,4,4,2,4,1,1,4,3,2,1,4,2,3,3,3,2,3,1,3
1,"bi15973227212jhvq7QXoqBSu1RSLjtVh8PjUF6CRP","Gravic, Inc.","auto",3,4,3,2,4,1,4,2,1,2,2,2,1,3,2,1,4,2,2,3,1,3
1,"bi1593073462ZwePtFQuEwAwGamn3RyhzUsaPgyNWp","Gravic, Inc.","auto",4,4,2,4,1,3,4,1,1,1,3,4,3,4,2,3,3,3,2,3,1,1
1,"bi1597311207g9VALghdwc76jcqqtG7XkciOCoo5JO","Gravic, Inc.","auto",4,4,1,4,4,2,4,1,1,5,3,5,1,5,2,3,3,3,2,3,1,5
1,"bi1597335208REdpjfmSSFv36FRv3EUSaUdwc00uO5","Gravic, Inc.","auto",2,4,1,4,4,2,4,1,2,4,3,5,4,4,2,3,5,3,2,3,2,3
1,"bi15917931491wRZ4nA8ABiam7omFIYskoYuqRrVW6","Gravic, Inc.","auto",4,4,1,4,4,2,4,5,1,4,3,2,5,4,2,3,4,3,2,3,1,3
1,"bi1597339874DV9fLpdGfjLtglmqBbSCsIUuB46Tf1","Gravic, Inc.","auto",4,4,1,4,4,2,4,1,1,4,3,2,1,4,2,3,3,3,2,3,1,3
1,"bi1597317897VmvpdM4tp904cfkyHOeDycR8cVFAW4","Gravic, Inc.","auto",4,3,1,4,4,2,4,1,2,2,3,2,4,2,2,1,3,3,2,3,1,3
1,"bi1594899106ONESUtBayxedFo4AddA7ndJsYjXmZQ","Gravic, Inc.","auto",4,4,1,4,4,4,4,1,1,1,5,5,1,5,2,3,3,2,2,3,1,3
1,"bi1591025221ee4bDFqZE46GZHPgRp1wTOiWOVobhW","Gravic, Inc.","auto",4,3,1,3,4,4,4,1,2,4,2,1,4,2,2,3,5,3,1,5,2,3
1,"bi1592134104VIPb5MEwtgRxyAGBagEhJJSnTI7vN5","Gravic, Inc.","auto",4,4,2,4,4,2,4,1,5,1,3,1,1,4,1,4,3,3,1,3,2,4
1,"bi159402278983mC8Zy8UtYFL8rylv2GjmvqhX796J","Gravic, Inc.","auto",4,4,1,4,4,5,4,1,1,4,3,2,1,4,2,3,3,3,2,5,1,3
1,"bi1591379278tYBHGcjIm98x3WM1CD76r27CkB6VCm","Gravic, Inc.","auto",5,4,1,4,4,5,4,1,1,4,3,2,1,4,2,3,3,3,2,3,1,3
1,"bi1591191685un746rZYEV5KzFfaSnDp3o87bamTU2","Gravic, Inc.","auto",4,5,1,4,4,2,4,1,5,5,5,5,5,4,1,3,3,3,2,5,1,5
1,"bi1595346654n0TlIjAiK7WLnjPwaJbyFoynRXffD0","Gravic, Inc.","auto",4,4,1,4,4,5,4,1,1,5,3,5,1,2,2,3,3,3,2,1,2,5
1,"bi1594741990LFRjYBhhrwXIbjP3C3tRfR2d88yyeW","Gravic, Inc.","auto",4,4,1,3,4,3,4,1,1,4,3,2,1,4,2,3,3,3,1,3,2,3
1,"bi1596550273EWW7JmQKWsheZvY2uIelXENvzTRweM","Gravic, Inc.","auto",4,4,1,4,4,2,4,1,1,4,1,2,1,4,2,4,3,3,2,3,1,3
1,"bi1591122309gEPP8pd5tVCcK0F9i6NSGmAAUMiRwD","Gravic, Inc.","auto",4,4,1,4,4,2,4,2,5,4,3,5,1,4,2,3,3,3,2,3,2,3
1,"bi1596045037rTzcnIMzvyNudvJwxtQLEDLQRsWuIn","Gravic, Inc.","auto",4,4,1,4,2,2,4,1,1,1,3,2,1,4,2,3,3,3,2,3,2,3
1,"bi1594316082tNOYw3KBcxx0E6kfcH5gp3cNz1BQaY","Gravic, Inc.","auto",4,4,1,4,4,4,4,1,1,4,3,2,1,4,2,3,3,3,2,3,1,3
1,"bi15962163999EVruzsfeNQnc9BrersuIFixj2jPrd","Gravic, Inc.","auto",4,4,1,4,4,3,4,1,5,3,3,5,3,4,2,3,3,3,2,3,1,3
1,"bi1595167351kQm0fkvAKT2U8CCBcDMGhUWeDHWEOU","Gravic, Inc.","auto",4,4,1,4,4,2,4,1,1,4,3,2,1,5,2,3,5,3,2,3,2,3
1,"bi1595167826A8QDg5gbJKtmY9NkauFROh379JYASR","Gravic, Inc.","auto",4,4,1,4,4,2,4,1,1,4,3,2,1,5,2,3,5,3,2,3,5,3
1,"bi1591297571J20lleYT95JJHsyBP5pIHQUsLlxIjC","Gravic, Inc.","auto",4,4,1,4,4,2,4,1,1,4,3,2,1,4,2,3,3,3,2,3,1,3
1,"bi1597228742dNFztbJy3S755OcGwG0Hhtz4uR013y","Gravic, Inc.","auto",4,4,1,4,2,2,4,1,1,1,5,2,1,4,2,3,3,3,2,3,1,3
1,"bi1593083358xci78uoQYN7DGKr03kVaqnWbZ0QBIJ","Gravic, Inc.","auto",4,4,1,4,4,2,3,1,1,1,5,5,1,4,2,3,3,3,2,3,1,3
1,"bi1597058597eEh2hi4ftgB7vRIfupMGgplViFsmqs","Gravic, Inc.","auto",4,4,1,4,4,2,4,1,1,4,3,2,1,4,2,3,3,3,2,1,1,3
1,"bi1592492636pejHTlR5XRJgKP1Q6FPD9M1h0lJjJj","Gravic, Inc.","auto",4,4,1,4,5,3,4,5,1,5,5,1,5,5,2,4,3,3,5,5,2,3
1,"bi1591960194ViHur5lZa98pPy5xn1XsNzHn7biUQr","Gravic, Inc.","auto",4,4,1,4,4,3,4,1,1,4,3,2,1,4,2,3,3,3,2,1,2,3
1,"bi1591999126ptEoik2HsEdtIkQT6H6CrGJhE5v5K0","Gravic, Inc.","auto",5,2,1,5,5,3,4,1,1,2,3,2,2,1,5,3,5,3,3,3,2,3
1,"bi1597358656bbUjlTWg12VVJQxKjS85NfqEmD9MfP","Gravic, Inc.","auto",4,4,1,4,4,2,4,1,1,4,3,2,1,4,2,3,3,3,2,3,1,3
1,"bi15947250327X36Q0uIerXjGli5I4bcJn9sQMDDjR","Gravic, Inc.","auto",4,5,1,4,4,2,4,1,1,5,3,5,5,5,5,3,5,3,2,5,1,3
1,"bi1591973851ZG1dBNLxOyomh1mhgVKFoffNHZOtxg","Gravic, Inc.","auto",5,3,1,4,4,5,4,1,5,4,3,2,5,4,2,3,5,3,2,5,2,3
1,"bi1594481498RPFA9lJpBk3D1C2PUXpRToXDmz8TdU","Gravic, Inc.","auto",5,4,1,4,4,2,4,1,1,5,5,2,1,4,2,4,3,3,2,3,1,3
1,"bi1592163947mTJZnnU5NAsltYXq7cWs1Cb96po75v","Gravic, Inc.","auto",4,4,1,4,5,2,4,1,1,5,3,5,5,4,2,3,3,3,2,3,1,3
1,"bi1597240929xxJQQULsnkLEXRC7wfW5qTeBgDG8sx","Gravic, Inc.","auto",4,4,1,4,4,2,4,1,5,4,3,5,1,2,2,3,3,3,2,3,2,5
1,"bi1591523031Chrz22jJrqoW2HDqDn2qsQQZurKw6O","Gravic, Inc.","auto",4,4,1,4,4,2,4,1,1,4,5,5,1,2,2,3,3,3,2,3,2,3
1,"bi1597428358FYOteIMK4q67D1pM52AHA3CXbMPPov","Gravic, Inc.","auto",4,4,1,4,4,2,4,1,1,1,3,2,4,2,4,3,3,3,2,3,2,3
1,"bi1596803140wXbQ3xqBvPxhbyPwrVV9FEYUybirBz","Gravic, Inc.","auto",4,4,1,4,4,2,4,1,1,4,3,2,1,4,2,3,3,3,2,3,1,3
1,"bi1596107802v3Zae7yKpAmokIGSuKpQ6g8ARtFKRd","Gravic, Inc.","auto",4,4,1,4,4,2,4,1,5,1,3,2,5,4,2,3,3,3,2,3,2,3
1,"bi1597224910jQb8c6kIItzbaqLEUH1ARYOfxIgbzw","Gravic, Inc.","auto",4,4,1,4,4,2,4,1,1,4,3,2,1,4,2,3,3,3,2,1,1,3
1,"bi1593029322zWM16tVbF8laYB78XZO6r8iEegOfAH","Gravic, Inc.","auto",4,4,1,4,4,2,4,1,1,4,3,2,1,4,2,3,3,3,2,3,1,3
1,"bi1597506439TH50El1xt9kxvd297s2phxWjyGrjfE","Gravic, Inc.","auto",4,1,4,5,5,2,4,1,1,5,3,1,5,5,2,3,3,3,2,5,4,5
1,"bi1594037628nJUYAx8Iu7L3JYQWsBV3g6cPMQjo2r","Gravic, Inc.","auto",4,4,1,4,4,2,4,1,1,4,5,5,1,4,2,3,4,3,2,1,2,3
1,"bi1594056965DPCXAG4GGQPbXCzffHdfwHAcuHB4K3","Gravic, Inc.","auto",4,4,1,4,4,2,4,1,1,4,3,2,1,4,4,3,3,3,2,3,1,3
1,"bi1596552821oUy9MbF6gUv75Zlq3UX2eqkmmPXrKE","Gravic, Inc.","auto",3,1,1,4,5,2,4,1,1,4,5,2,3,5,2,3,3,3,2,5,2,3
1,"bi1592161566TiIN5NisEcQOEDbGOR02FOLz62n8eV","Gravic, Inc.","auto",4,4,1,4,4,2,4,1,1,4,3,2,1,4,2,3,3,3,2,3,1,3
1,"bi1596437392nIO0yIRc6ifjGROR3nLg0fXzIN6WJP","Gravic, Inc.","auto",4,4,1,4,4,2,4,1,1,4,3,2,1,5,2,3,4,3,2,3,2,3
1,"bi1597346793w7pZ0cnUypA9NjSUgY6GdRy45eP2Yt","Gravic, Inc.","auto",5,4,1,4,4,3,3,1,1,4,3,2,1,4,2,3,3,3,1,3,1,3
1,"bi15912461587LbC9SmUznCrBmbVV43XoL1OGBkS0L","Gravic, Inc.","auto",4,4,1,4,4,4,4,1,2,4,3,2,3,4,2,3,3,3,1,3,1,4
1,"bi1597076444hfCs4pcnPihvAqNBH4oogyXj9NobGx","Gravic, Inc.","auto",4,4,1,4,4,2,4,1,1,4,5,2,1,4,2,3,3,3,2,3,2,3
1,"bi1597223915LDkJtHSLsjsjVdd9HPO8VZlyYYIxNw","Gravic, Inc.","auto",4,4,1,4,4,2,4,1,1,4,3,2,1,4,2,3,3,3,2,5,2,3
1,"bi1597404815HlaVedBLzvyrB6q9QYkwqvtQBrOpT7","Gravic, Inc.","auto",4,4,1,4,4,3,4,1,5,4,3,2,1,4,2,3,3,3,2,3,1,4
1,"bi1597300720CWwMz98nS9Hxs4NLlv4hks5ia3b9JF","Gravic, Inc.","auto",3,4,4,2,5,5,4,3,5,2,5,5,4,4,1,3,5,3,3,5,1,3
1,"bi1591203444mSFI5aPsBFeh18NPGmrhLJqGYt98iZ","Gravic, Inc.","auto",4,4,1,4,4,5,4,1,1,4,3,2,1,4,2,3,3,3,5,3,5,3
1,"bi1594213142fLWIJQdGLJnjRMxGvlFPh1tnwbPswp","Gravic, Inc.","auto",4,4,1,4,4,4,4,1,1,5,5,5,5,1,5,3,3,3,2,3,1,5
1,"bi1596039859Ln0HVqO5C1Z7vxhaBBi4ttR88yCoQQ","Gravic, Inc.","auto",4,4,1,4,4,2,4,1,1,4,3,2,1,4,2,3,3,3,2,1,1,3
1,"bi1591512840DjHCeGWikLlwhCEXl1nHqiUVaoyVnE","Gravic, Inc.","auto",4,4,1,4,4,2,4,1,1,4,3,2,1,4,4,3,3,3,2,3,1,3
1,"bi1591167094ehIHeUfrhB4xkaJqd7LrVlr60ZlAmb","Gravic, Inc.","auto",5,4,1,5,4,2,4,5,5,2,5,2,4,5,5,3,4,3,2,5,1,3
1,"bi1597341053kC8hUvpsZ8ZIjYw8PULBsfm8enyaSx","Gravic, Inc.","auto",4,4,1,4,4,2,4,1,1,4,3,2,4,4,2,3,3,3,2,2,4,3
1,"bi1594473369uBC1S0AKquI3NA4Uv9YfeOgM44XgdI","Gravic, Inc.","auto",5,4,1,4,4,2,4,1,5,5,3,2,1,4,2,3,3,3,2,3,2,3
1,"bi15916157399PrUOLm8YKrYlXLazVyLsOUgxB4h9b","Gravic, Inc.","auto",4,4,1,4,4,2,4,1,1,1,3,1,5,1,2,3,3,3,2,3,1,3
1,"bi1590998992BhCfSe88ItwTCWvAHNC95Jozuzn7Vn","Gravic, Inc.","auto",4,4,1,4,4,2,4,1,5,1,3,1,1,1,2,3,3,3,2,3,1,3
1,"bi1591378544u9d3VmoHDo4VC6gzINIpg94lWq2yxO","Gravic, Inc.","auto",4,5,1,4,4,2,4,1,1,4,3,2,5,4,2,3,3,3,2,3,2,3
1,"bi1593373288OiJxgaNsnm6yo244q7fvQRpkLT2TuZ","Gravic, Inc.","auto",4,4,1,4,4,5,4,1,1,4,3,2,1,4,2,3,3,3,2,3,5,3
1,"bi1591033126xApRp0mij6SRqrX2Lgjk78kyCdEmzp","Gravic, Inc.","auto",3,4,1,4,4,2,4,1,1,4,3,2,1,4,2,3,3,3,2,3,1,3
1,"bi1593421969G97i5g58hXnDdOroMa4bdMzXp48rzc","Gravic, Inc.","auto",4,4,1,4,5,2,4,1,1,5,4,2,1,4,2,3,3,3,2,3,1,3
1,"bi159102914523BZKyfOD970FOYipMr8SEHeLIhf6e","Gravic, Inc.","auto",4,4,1,4,4,2,4,1,1,1,3,2,1,4,2,3,3,3,2,3,2,3
1,"bi1593264028qFM8MYd9V8IPw4HQRmaHBRtJv5Hxvo","Gravic, Inc.","auto",4,1,1,4,4,2,4,1,2,5,5,1,1,4,2,2,3,3,2,3,5,3
1,"bi1592468890Ogxa1E2IIRaFk0NQlkALcDyCsvTFoL","Gravic, Inc.","auto",4,4,1,4,4,2,4,1,1,4,3,5,1,4,2,3,3,3,2,5,1,4
1,"bi1592151415XPlgIYSN0KbI2Dih9BvUQArdq7uUO9","Gravic, Inc.","auto",4,4,1,4,4,2,4,1,1,4,3,2,1,4,2,3,3,3,2,3,1,3
1,"bi1591539948cHXSNgfzhVyFucLnbRqnp4U3YQFZ4J","Gravic, Inc.","auto",4,4,1,4,4,2,4,1,1,4,5,2,1,4,2,3,4,3,2,3,2,3
1,"bi1595926451YUVs0IGL8h9y38Q5pwYjSuGq5nQCjj","Gravic, Inc.","auto",5,4,1,4,4,3,4,1,5,4,3,2,1,4,2,3,4,3,2,3,1,3
1,"bi1591958739OfiK5gKWyqAhcqw6K9i5CbdBISWZMQ","Gravic, Inc.","auto",4,4,1,4,4,2,4,1,1,4,3,2,1,4,2,2,5,3,2,3,5,3
1,"bi1597503068DyIBbIHgzpKmr1qiUM5owlnzKOtxEm","Gravic, Inc.","auto",4,3,1,4,4,4,4,1,1,4,3,2,1,4,2,3,3,3,2,3,1,3
1,"bi1597329224Hy1I3mQRmfQlXfntmjiDnA6L7uBT9k","Gravic, Inc.","auto",4,4,1,4,4,4,4,1,5,3,1,5,1,4,2,4,3,5,1,5,1,4
1,"bi1597180315Cnt4FX5guu6Qd7k9C5t04ig7uOf8lC","Gravic, Inc.","auto",4,4,1,5,4,2,4,1,1,4,3,2,1,4,2,3,3,3,2,3,1,3
1,"bi1596617839JP1064IwAeAzTYC38LAK38dRruIGKt","Gravic, Inc.","auto",4,4,1,4,4,2,4,1,5,4,3,1,3,4,2,3,3,3,1,5,1,3
1,"bi1597155239AETwoBQapBdUeLsdHdeBqBoqbaD6vv","Gravic, Inc.","auto",3,4,1,4,5,3,4,1,3,4,5,5,3,4,2,3,5,3,2,3,1,5
1,"bi1591173141zSzYFfwGJqSYz4qqR9AqLyWhi54Qoe","Gravic, Inc.","auto",5,5,5,5,5,2,4,1,1,4,5,2,5,4,2,3,3,3,2,3,5,3
1,"bi1593339566oKzCZ5wUTKJRfxcXoBoOCshZ9hDZs0","Gravic, Inc.","auto",4,4,1,4,4,2,4,1,1,4,3,2,1,4,2,3,3,3,2,3,2,3
1,"bi1597408392yjVGRZKU5FrZhezkMRQvFQCbQYvkzs","Gravic, Inc.","auto",4,4,1,4,4,2,4,1,1,4,3,2,1,4,2,3,3,3,2,3,2,3
1,"bi1595532836QyX1K0gGj8IsVz8syfXoeuG1QByBjt","Gravic, Inc.","auto",4,4,1,4,4,2,4,1,1,4,3,2,1,4,2,3,3,3,2,3,1,3
1,"bi15915248898eD3QpBKyYdvJ1urBhpgi9O1QFr3cy","Gravic, Inc.","auto",4,4,1,4,4,4,4,1,1,1,3,2,5,4,2,3,3,3,2,3,1,3
1,"bi1597421104mZSLBSV9v7BpTHf6NHnxkAFCqB1PyZ","Gravic, Inc.","auto",4,4,1,4,3,2,4,1,1,4,3,2,1,4,2,3,3,3,2,3,1,3
1,"bi15958753446E2mwTjqXDZnoi9p1AArEUpdUol1QP","Gravic, Inc.","auto",4,4,1,4,5,2,4,1,1,5,5,5,1,4,2,3,3,3,2,3,1,3
1,"bi15911074347TqWHfI2WnYJhwHaNRc9h06lZiwbsp","Gravic, Inc.","auto",4,4,1,4,4,2,4,1,1,4,1,3,1,4,2,3,3,3,2,3,2,3
1,"bi1597510821sLsX0doEopT9GKTYf0Age2otaM5SYL","Gravic, Inc.","auto",4,4,1,4,4,2,4,1,1,4,3,2,1,4,2,3,3,3,2,3,1,3
1,"bi1591771124eQ58IcD5KwdQ3GpKVilDHWGxkw5gnD","Gravic, Inc.","auto",4,4,1,4,4,3,4,1,1,1,4,2,1,4,2,3,3,3,2,3,1,3
1,"bi1595411250ry5taPlNO6T5bPdTSb6HBOjQ3a0jb2","Gravic, Inc.","auto",4,4,1,4,3,2,4,1,1,4,3,2,1,4,2,3,3,3,2,3,2,3
1,"bi1594249512LjQuLIGk8oAEs2gDCVnkfvtueHtHjM","Gravic, Inc.","auto",4,4,1,4,4,2,4,1,1,4,3,2,1,4,1,1,3,3,2,3,1,5
1,"bi1591028841RQia5K8lr29oAMni8Az7FywCXBes51","Gravic, Inc.","auto",4,4,1,4,4,2,4,1,1,4,3,2,1,4,2,3,3,3,2,3,1,3
1,"bi1591001853tEXXL9kPnZdox5f90lSq4F2TobkM2f","Gravic, Inc.","auto",4,4,1,4,4,3,4,1,1,4,3,2,1,4,2,3,3,3,2,3,1,3
1,"bi1591218090wMfpR8mHo0mUx3hTl9VSCOvqYG03rr","Gravic, Inc.","auto",4,4,1,4,4,2,4,1,1,4,3,2,1,4,2,3,3,3,2,3,2,3
1,"bi15915476187lROInoXqRM5P5vJUCJPOXVzVOyCBX","Gravic, Inc.","auto",2,1,1,4,3,4,3,4,2,4,2,5,1,2,2,1,3,5,1,3,1,5
1,"bi1597232394rFNMwB4SmQ87aQNaZdP5r47O1HHtTS","Gravic, Inc.","auto",4,4,5,4,4,4,4,1,1,4,5,2,4,4,2,3,3,3,2,3,1,5
1,"bi15932676312hIl913HehX3U0DHaXUiOyakdIYNYK","Gravic, Inc.","auto",2,4,3,4,2,2,2,1,1,1,3,2,1,4,2,3,2,4,1,2,2,4
1,"bi1591008526wrVsk3euhWbZVOazaZVW4Zvh4fMhkX","Gravic, Inc.","auto",4,4,1,2,1,3,3,4,1,4,4,2,1,3,2,1,1,2,2,3,2,4
1,"bi1591119983Ir0AtbIW6INEe6csuV9oKCXSE6yQYR","Gravic, Inc.","auto",4,4,1,4,4,2,4,1,2,4,3,2,1,4,2,3,4,3,1,3,1,3
1,"bi1595874253rE81H8NvQLiEzY8EnwPKNXfaOjb8Ca","Gravic, Inc.","auto",4,4,1,4,4,2,4,1,2,4,3,2,1,4,2,3,3,3,2,3,2,3
1,"bi1595500150EnMWbAugZJaMInPRUu2VQAhLjIJsKP","Gravic, Inc.","auto",4,4,1,4,4,2,3,1,1,4,3,2,1,4,2,2,3,3,2,3,1,3
1,"bi1597340711UhEhwt7RljcEgssrlYF4cokmx9wkwT","Gravic, Inc.","auto",4,4,1,4,4,2,4,1,1,4,3,2,5,4,2,4,4,3,2,3,1,3
1,"bi1591902196rFS383HqQK2lcOErs5WQkzJ1cKAJHj","Gravic, Inc.","auto",4,4,1,4,4,3,4,2,5,1,1,3,3,4,1,3,3,3,2,3,1,3
1,"bi1597422141A7lhZ3yDA2vHIqFOWgSnAYnOlRsIT3","Gravic, Inc.","auto",3,4,2,4,4,2,4,1,1,1,3,1,1,4,2,3,4,3,2,1,2,3
1,"bi1596883644zvlrfZ26KerZrGrWg6PtQdZC5cARv4","Gravic, Inc.","auto",4,4,1,4,4,2,4,1,1,4,3,1,2,4,2,3,3,3,1,3,2,3
1,"bi1591780166e8GiMJLaIMWpgxKs8SKsGAaEEarPDc","Gravic, Inc.","auto",5,4,1,4,5,5,4,1,1,5,3,1,1,1,2,3,4,3,2,3,2,5
1,"bi1591779564QO1MxnACmSpNmOoXnAfrr7GsJKai09","Gravic, Inc.","auto",4,4,4,4,4,2,4,1,1,4,3,2,1,4,2,4,4,3,2,5,2,3
1,"bi1591011152BrOGrNCVBh7uuARTGt8WI358ofAR4Z","Gravic, Inc.","auto",2,4,5,5,4,3,4,1,5,2,5,1,1,4,2,2,3,3,2,5,2,3
1,"bi1596377195JmiJM1TgXoPd0TaMbHd6tZZWlmQpVW","Gravic, Inc.","auto",3,4,4,4,5,2,4,1,4,4,3,2,2,4,2,3,3,3,4,3,2,3
1,"bi1594114309NHOgXdrwMFQTXDsIVkuutMDQDJQfd5","Gravic, Inc.","auto",4,4,1,4,3,2,4,5,1,4,5,5,1,4,2,3,3,3,2,3,5,5
1,"bi1593640731GXAF2sJ4sQv3NeAfcdLLtWTYqONkpI","Gravic, Inc.","auto",5,4,5,5,5,5,4,1,5,1,3,5,5,4,2,3,5,3,2,5,1,5
1,"bi1595873783Nkcr1jBatDpe2WHzbyES4z7kMylxEh","Gravic, Inc.","auto",5,4,1,5,4,2,4,1,1,4,3,5,5,4,5,3,4,3,2,3,2,5
1,"bi15965443911uhnLOYyEqgIDiF9DXgf5TJSKHVI3h","Gravic, Inc.","auto",4,4,1,4,4,2,4,1,1,4,3,2,1,4,2,3,3,3,2,3,1,3
1,"bi1595778335zWF0OBcbroUuuHXgCK6F35AxqJcxrG","Gravic, Inc.","auto",4,4,1,4,4,2,4,1,1,3,3,1,1,3,2,3,3,3,2,3,1,3
1,"bi1593272829Zzoa4QpXjTU4eywTzLDWgcnon8WzJM","Gravic, Inc.","auto",4,3,1,4,5,5,4,1,1,4,3,2,1,4,2,3,4,3,2,1,1,3
1,"bi1592921059Hw29l1jzXuJVix2qoKm81wKgwmjpOM","Gravic, Inc.","auto",4,4,1,4,4,4,4,1,4,1,3,3,2,4,4,4,3,2,2,3,2,3
1,"bi1597475267fc5VpkOmAHzBDNqzWOXQJryiuRKSot","Gravic, Inc.","auto",3,4,1,5,4,2,4,5,1,1,2,2,3,2,2,3,4,3,2,3,1,2
1,"bi15933592418EcmWUcZHywXcoRT9IWt6ZLNGr9QVY","Gravic, Inc.","auto",4,4,1,4,4,2,4,1,1,1,3,2,1,4,2,3,3,3,2,3,2,3
1,"bi1594658778lqwCfkyOnjAWjkxSvZ7FjxIUfnWyaP","Gravic, Inc.","auto",2,3,1,4,5,2,4,1,1,4,3,5,1,3,1,3,3,3,2,1,1,3
1,"bi1591188542rkPVs5SOzrLjL0i6V5t0Pgq3qjnj6E","Gravic, Inc.","auto",4,4,1,4,4,2,4,1,1,2,3,2,1,4,2,3,3,3,3,3,1,3
1,"bi1593459076W6MQBcJS590Mris8Oq4C5mIjEkKa4G","Gravic, Inc.","auto",2,4,1,1,4,3,1,3,1,1,1,2,1,2,2,3,4,3,2,1,1,3
1,"bi1593789696PzIMkIo4bBmP9MTHzk3Slk4wOY9bYt","Gravic, Inc.","auto",4,3,1,1,4,4,4,1,1,4,3,2,2,3,2,3,4,3,2,3,2,3
1,"bi1596229738E70AkrG60sEnTWpeGqFZZCq2c8RUW9","Gravic, Inc.","auto",4,4,2,4,4,3,4,1,1,4,3,2,1,2,2,5,3,2,2,1,1,3
1,"bi1591523722wUC72lYwfzNKuszAa2DBr5AvEEBhxv","Gravic, Inc.","auto",4,4,1,4,4,1,4,1,1,1,3,2,1,3,4,4,3,3,5,3,1,1
1,"bi1594844243xdauPbjl2rgaNwAE7ippNeA8SaOOsi","Gravic, Inc.","auto",4,4,1,5,4,2,4,1,5,4,3,1,1,4,2,4,3,3,2,5,2,3
1,"bi1595946931WLwYhw3HJzC7XaY38ClrgY8QVosMd7","Gravic, Inc.","auto",4,4,1,4,4,2,4,1,1,4,3,2,1,2,2,2,3,3,2,3,2,3
1,"bi1597466987nFMjgyW0suvhRrJJNH5kfhX4pa8SUw","Gravic, Inc.","auto",4,4,1,4,4,3,4,1,5,1,3,2,1,4,2,3,3,3,2,1,1,3
1,"bi1596010504lPyVZtP62K3B8o9OPbLZhpzHJ4ywGI","Gravic, Inc.","auto",4,4,1,5,4,2,4,1,1,4,5,2,1,4,2,3,3,3,2,5,1,3
1,"bi1592213037JcS54nUqEbHJJpLSOhRQgRtyLvOOMt","Gravic, Inc.","auto",4,4,1,4,4,2,4,1,2,2,3,1,1,4,2,4,3,3,4,3,1,3
1,"bi1595509394lsqXkg2krnanrg2HCifWFx40OzMSu1","Gravic, Inc.","auto",4,4,1,5,5,2,4,1,1,4,5,2,1,4,2,4,3,3,2,5,2,3
1,"bi1595682591lQCpr5kzteR175drknVNBklMjsVBSk","Gravic, Inc.","auto",4,4,1,5,4,5,4,1,1,4,3,5,3,4,4,3,3,1,1,5,5,3
1,"bi1594576267R6AT48JCPjExiBh9bs0iEl1vInLRXs","Gravic, Inc.","auto",4,4,1,4,4,2,4,1,1,2,3,2,1,4,2,3,3,3,2,3,2,3
1,"bi1591696926O9H9N7y9Iv5vJ3hqcr4iIwUmFxSPny","Gravic, Inc.","auto",5,3,1,4,4,2,4,1,1,4,3,2,3,4,2,3,3,3,2,3,1,3
1,"bi1595529762B3yARQrSVB809uoHoWl122ugzSXf0V","Gravic, Inc.","auto",4,4,1,4,4,2,4,1,5,4,3,2,5,4,2,3,3,3,2,1,1,3
1,"bi1594132851jsa5CeTH3bLZM0mUjBVGxeurfvQar4","Gravic, Inc.","auto",3,5,5,4,4,3,4,1,1,3,4,4,4,1,2,4,5,2,3,5,2,4
1,"bi1595501944cTebDZ68ipIhiZRQ2ktqyl7ZEGzXle","Gravic, Inc.","auto",1,4,1,3,4,3,4,4,1,2,2,5,1,2,1,4,3,3,2,5,1,5
1,"bi1596782035Qj93rNVCSPK7r3KDaHWuaRzihb1sfR","Gravic, Inc.","auto",3,4,4,4,5,4,4,1,5,4,3,2,2,3,2,3,3,2,1,5,2,3
1,"bi1595783290WCEpxWggLRGc9GVH0NSE34UX4P2c5v","Gravic, Inc.","auto",4,4,1,4,4,4,2,1,5,4,1,5,1,4,2,3,3,3,2,3,1,3
1,"bi1595863362m0RUObvcBMLzT6ryBOtEs4tA5o8u8A","Gravic, Inc.","auto",3,3,4,4,5,4,4,1,1,1,3,2,1,4,2,3,3,3,5,3,1,3
1,"bi1591032622kIb8M0Kmj3mRRPhZP0R5m1VpskgAPy","Gravic, Inc.","auto",4,4,1,4,4,2,4,1,1,4,3,2,1,4,2,3,3,3,2,3,1,3
1,"bi1595850295sdaQPipXdS6HFFy8yeX5HBsabTEj5J","Gravic, Inc.","auto",4,4,1,4,4,2,4,1,1,4,5,5,1,4,2,4,4,3,2,3,2,5
1,"bi1594200360fHUBcVdIVqNqtrqtYwmbCZKBejhFEu","Gravic, Inc.","auto",4,4,1,4,4,2,4,1,1,4,3,2,1,4,2,3,3,3,2,3,1,3
1,"bi1596395125wqSNxvjjIS8ACO0zjJGNgpJClS1EyH","Gravic, Inc.","auto",4,2,1,4,4,3,4,1,1,5,3,5,1,4,2,3,3,3,2,3,1,3
1,"bi15953514181N8ufoPTLNWwgwTr5r92PC74PqcMDW","Gravic, Inc.","auto",4,4,5,4,4,2,4,1,3,4,3,1,1,4,4,3,3,3,2,3,2,3
1,"bi15931069101sl0os1iEm4oN1XAC8SRnNtcjcMZnx","Gravic, Inc.","auto",4,4,1,4,4,2,4,1,1,4,3,2,1,4,2,3,3,3,2,3,1,3
1,"bi1591344757LSwGf0UdDyEvBsKbxRPa7VuKipPSL5","Gravic, Inc.","auto",4,4,1,4,4,2,4,1,1,4,3,2,1,4,2,3,3,3,2,3,1,3
1,"bi1590998082roPiQccn2ryCT0Rb65qvgtXUa6C3gW","Gravic, Inc.","auto",4,4,5,4,5,5,4,1,1,1,4,2,3,4,5,5,5,3,2,3,1,4
1,"bi1591003820uGnRQvi0GKTuWoeUFHGPDEl2H5x9ez","Gravic, Inc.","auto",4,4,1,4,4,2,4,1,1,4,4,5,5,4,2,3,4,3,2,3,1,3
1,"bi1595510266U9MpdD2ZBmRuG4mwgRDdZKtwv9QpKt","Gravic, Inc.","auto",4,5,4,4,4,5,4,1,1,4,3,2,1,4,2,4,3,2,5,3,2,3
1,"bi1595062739D00ZJUVbgIdmQeD2aZrhoasTS2YfAE","Gravic, Inc.","auto",1,3,1,4,4,5,4,1,1,4,3,2,4,4,2,3,3,3,2,3,1,3
1,"bi1597004172n1oeAzkzY9QikN2lmlku6K3aleBPLH","Gravic, Inc.","auto",4,4,1,4,3,2,4,1,1,4,4,2,1,4,2,3,3,3,2,3,1,3
1,"bi1592739679nL8h6n7SBcjqFFH6A4ngV6hu1jVIXy","Gravic, Inc.","auto",5,4,1,4,5,5,4,1,1,4,3,2,1,2,2,3,5,3,2,5,2,3
1,"bi1596205264gtRDHuPDcTjcaXCtScdBifPVwqhl7i","Gravic, Inc.","auto",4,4,1,4,4,2,4,1,1,4,4,1,1,4,2,3,3,3,2,3,5,3
1,"bi1591784461At8W1swqDKil61yXnnZXvh2IqoMZmB","Gravic, Inc.","auto",5,5,5,5,5,5,4,5,5,2,5,5,5,5,5,5,5,3,5,5,2,5
1,"bi1596735320yT4x3U99EJGUa6wiG1ddGHqjsGxbbP","Gravic, Inc.","auto",3,5,1,4,4,2,4,5,1,4,3,2,5,4,2,3,5,3,2,3,1,4
1,"bi1596546660XTV7af8H1sheEWYdm291i5O49OkvpA","Gravic, Inc.","auto",4,4,4,4,4,3,4,1,1,4,4,2,3,4,2,3,3,3,2,3,2,3
1,"bi1591008229lcopUK835xGB0s6FUGPBI411xTSB7H","Gravic, Inc.","auto",4,4,1,4,4,2,4,1,1,4,3,5,1,4,5,4,3,3,2,3,2,5
1,"bi1593092794DP08n2xQooOM9dAnY9GMce50zzs9hK","Gravic, Inc.","auto",4,4,1,3,4,2,4,1,1,4,3,2,1,4,2,3,3,3,2,3,1,3
1,"bi1592421611HANwzpKDMdvSPJ2jqFxunb1k0zqDhv","Gravic, Inc.","auto",4,4,1,4,4,4,4,4,1,4,1,2,1,4,2,3,3,3,2,3,1,3
1,"bi1591778114M5xJazIRPDMzNGqYBL2fzrmBs9qmzr","Gravic, Inc.","auto",4,4,1,4,4,2,4,1,1,4,3,2,1,4,2,3,3,3,2,3,1,3
1,"bi1596380638jyg9q9HpUd7EqjfSRj4rjjaF7pcO9R","Gravic, Inc.","auto",4,4,1,4,4,2,4,1,1,4,3,2,1,4,2,3,4,4,2,3,2,3
1,"bi15910089874FwQrqo4bvKA3WeSLa4AMc7YQCi9sp","Gravic, Inc.","auto",4,5,1,4,4,2,4,2,1,1,3,5,5,4,2,3,3,3,2,3,1,3
1,"bi1595342866FlgmUDPhrK4GViYHxw0yVSAGwRIpU9","Gravic, Inc.","auto",4,4,1,4,4,2,4,1,1,4,3,5,1,2,2,3,3,3,2,3,2,3
1,"bi1593850473peNjBiEf60uQ3tJ7ezOWT2WZD5Wdzu","Gravic, Inc.","auto",4,4,1,4,4,2,4,1,1,4,3,2,1,4,2,3,3,3,2,3,2,3
1,"bi1591986790xvOGH2Dg0M6g4Iy7c6X9ali7x1VzWL","Gravic, Inc.","auto",3,4,1,4,4,3,4,1,5,1,1,5,5,4,2,1,3,3,1,3,1,5
1,"bi1592588512MTVihnmiB40Jh5weyFbUNvbS0vpDop","Gravic, Inc.","auto",4,4,1,4,5,1,4,1,1,4,2,2,1,1,1,3,3,3,2,3,2,3
1,"bi1596543881QeqYN4q9DXCI7uNoBxoUH7decQyNIq","Gravic, Inc.","auto",4,4,1,4,4,1,4,1,1,4,3,2,1,4,2,3,3,3,2,3,1,3
1,"bi1593518101qmPC9AVJWYZRi5LYjwGkshaVdpqoDU","Gravic, Inc.","auto",4,4,1,4,4,4,4,1,1,1,3,2,1,4,2,3,4,3,2,3,1,3
1,"bi1593248270Me1IOjCVspgl58KFuU6L17P767CM7F","Gravic, Inc.","auto",4,4,1,4,5,2,4,1,1,4,3,2,1,4,2,3,3,3,1,3,1,3
1,"bi1597416159Lh53EF9bbjxITZuRtGzB6L4rg5P4g0","Gravic, Inc.","auto",4,3,1,4,4,2,4,1,1,2,3,1,1,1,2,3,3,3,1,3,1,3
1,"bi1591253237GfUd92P42D0idyT8PNezT8lzVd21j1","Gravic, Inc.","auto",4,4,1,4,4,5,4,5,2,2,3,1,3,4,5,1,3,2,5,3,2,3
1,"bi1596369214qlbRH4MaXQAlOnivfRWPQw7kBqRXZx","Gravic, Inc.","auto",4,4,1,4,4,4,4,1,1,4,3,2,1,4,2,3,3,3,2,3,2,3
1,"bi15915361825q2sKmOEoGbbahxIHiJbKYHRvL9SWc","Gravic, Inc.","auto",4,4,1,4,4,2,4,1,1,4,3,2,1,4,2,3,3,2,2,3,2,3
1,"bi15935589504vs0Xh9uwo6LzrrKAloRBQDCv980QH","Gravic, Inc.","auto",4,4,1,4,5,2,4,1,5,5,5,5,1,1,5,2,3,2,5,1,2,5
1,"bi15911946352RiMxSx7VeTGXpcTGGafat4V8pqIvS","Gravic, Inc.","auto",4,4,1,4,4,3,4,1,5,4,1,1,1,2,2,4,3,3,2,3,1,3
1,"bi1591445144TsR10XgERTQj4K5s3fSeULIsLLi2YC","Gravic, Inc.","auto",4,4,1,4,4,3,4,1,5,4,5,2,1,4,2,3,3,3,2,3,2,3
1,"bi1596196690YXzNL2yp0OvMB6jQCpgJJ1lDkLvKSN","Gravic, Inc.","auto",4,4,1,5,4,2,4,1,1,4,3,2,1,4,2,3,3,3,2,5,1,5
1,"bi1593088951damD8Bo6jzIIFIBCwVe87joB6YeiHZ","Gravic, Inc.","auto",4,1,1,4,1,2,2,1,1,4,2,1,1,4,2,3,4,3,2,3,2,2
1,"bi159205271931F3RgFYapGKopN54VnwQeOk4K7wDB","Gravic, Inc.","auto",4,4,1,4,5,5,4,1,2,4,1,2,1,4,2,3,3,3,2,5,5,3
1,"bi1597414787rpXYr2pjenlbWjPCU5OpTVCdMgg8fT","Gravic, Inc.","auto",4,4,1,4,4,4,4,1,5,4,5,5,1,4,2,3,3,3,2,3,2,3
1,"bi1591190739hHSScPtGDaGS6d4U2xAcfzBOthDesz","Gravic, Inc.","auto",4,4,1,4,4,2,4,1,1,4,3,2,3,4,2,3,3,3,2,3,1,3
1,"bi1592731752hTFTkH9W65oQxvbtMb3eigY4PFsUDs","Gravic, Inc.","auto",4,4,1,4,5,5,4,1,1,1,3,2,5,4,2,3,3,3,2,3,1,3
1,"bi1591442548QT5kMP4w5RiYkFoKAj51dDLwNbtV9A","Gravic, Inc.","auto",4,4,1,4,4,2,4,1,1,5,3,1,5,4,2,2,4,3,2,3,1,3
1,"bi1592287878AONmTlMlRd0CubS4ztvGPXVHYqz2Fk","Gravic, Inc.","auto",4,3,1,4,5,3,4,1,2,4,3,2,1,4,2,3,3,3,2,1,2,3
1,"bi1593854224bmj3jK00woRxppvMB2iZEAuqApNc3R","Gravic, Inc.","auto",4,5,1,4,4,2,4,1,1,4,3,2,1,4,2,3,3,3,2,3,1,3
1,"bi1596977716TeBqhKbEbrvIeswQORP2GJvOqxWPeO","Gravic, Inc.","auto",4,4,1,4,4,2,4,1,1,4,3,2,1,4,2,3,4,3,2,3,1,3
1,"bi1593626082OaPAegVtcbKwocOTIa2zRpcnGDs5J4","Gravic, Inc.","auto",4,4,1,4,4,2,4,1,1,4,3,2,1,4,2,3,3,3,2,3,2,3
1,"bi1595347131uRGYXJFKirN7IpWuiB97qFtA1dKo12","Gravic, Inc.","auto",4,4,1,5,4,2,4,1,1,4,3,2,1,5,1,3,4,3,2,3,5,5
1,"bi159680606271X314Xqnl76IirNsJvpNXrOj6fJ1Q","Gravic, Inc.","auto",4,4,1,4,4,2,4,1,1,4,3,2,2,4,5,3,3,3,2,3,1,3
1,"bi1596130320YNz8Q4CHYrMn2asxiccDGirf5KFxAA","Gravic, Inc.","auto",4,4,3,4,4,3,4,1,1,3,3,1,3,2,2,2,4,3,2,3,1,3
1,"bi1591109601o9HzOTkzCOgxDOQSl2pCDLrVvWkkaF","Gravic, Inc.","auto",4,4,1,4,4,2,4,5,1,1,3,1,5,1,2,3,5,3,2,5,1,3
1,"bi1592472562AVEtmSENpYF0rxTKiYufK6Xeq7UDDr","Gravic, Inc.","auto",4,4,1,5,1,3,4,1,5,4,3,2,1,4,2,3,3,3,2,3,2,3
1,"bi1597390175HS4DaXdqS7DbzQ0JbxraAhhOrLlbSr","Gravic, Inc.","auto",5,4,1,4,4,5,4,1,1,1,3,5,3,2,2,3,3,3,2,3,1,3
1,"bi159117013652NwueQkB5jMbWiokUpGlJXVpRZwAS","Gravic, Inc.","auto",4,4,1,4,4,2,4,1,1,4,3,2,1,4,2,3,3,3,2,3,1,3
1,"bi1597305489PMhojxUz5FAErjpDoyvMZ30nOFZOCB","Gravic, Inc.","auto",4,4,1,4,4,3,4,1,2,1,3,2,1,4,2,3,3,3,2,1,1,1
1,"bi1596831470sk2w5NiKGX1KJOfRQKc4rsTmq7hGWv","Gravic, Inc.","auto",4,4,1,4,4,2,4,1,1,4,3,2,1,4,2,3,1,3,2,3,2,3
1,"bi1597134784SqXn2gBdVjB6lQnopqOOspS0gWRFeA","Gravic, Inc.","auto",4,4,1,4,4,2,4,1,1,2,3,2,1,4,4,3,3,3,2,3,1,4
1,"bi1591006574ASeDprpNDi7bqszVfBfrEwpTUfW1Hk","Gravic, Inc.","auto",3,4,5,2,5,3,4,1,5,1,4,1,1,5,4,4,3,2,3,1,1,4
1,"bi1592194310J4BrIus8MbM5xYjCH1WwlpcN7lap7n","Gravic, Inc.","auto",4,4,1,4,4,2,4,1,1,4,3,2,1,4,2,3,3,3,2,3,2,5
1,"bi1597340256LwibfKMfNYMA3tvwDFM0FyPX1w70df","Gravic, Inc.","auto",4,4,1,4,5,2,4,1,1,1,3,2,1,4,4,1,3,3,2,3,1,3
1,"bi1591536218H9xnTx6Hv94IdexzAWUcXujQHMyBIn","Gravic, Inc.","auto",4,4,1,4,4,2,4,1,1,4,3,2,1,4,2,3,3,3,2,3,2,3
1,"bi1597255277v8SByqpzWx5WYo99Ncsh5bSuiggUiy","Gravic, Inc.","auto",2,4,1,5,2,4,1,2,1,5,3,3,1,5,4,3,3,3,2,1,2,3
1,"bi1591545470B4Y8T9RcgjrHqDj8qOZldhGwGCArIX","Gravic, Inc.","auto",4,3,1,1,4,2,4,1,5,4,4,2,1,2,5,3,5,3,2,5,2,3
1,"bi1597153460hHYVa3ccET8fibcfaB52vBYrrxEs6B","Gravic, Inc.","auto",1,4,1,4,1,3,4,1,1,4,3,5,2,4,2,4,3,3,2,5,2,3
1,"bi15970893832x60G5DqWDouwWdXUpxRr55semI8Bp","Gravic, Inc.","auto",5,4,5,4,4,2,4,1,5,2,3,2,3,4,2,1,5,3,2,5,2,3
1,"bi1591380569KMznnthPUA48j06kEAXFNq5Yd2RTbB","Gravic, Inc.","auto",4,4,1,4,2,2,4,1,1,4,1,2,1,4,2,3,3,3,2,3,1,3
1,"bi1591776268hs3TXMe7D8APuShVgsWjJD9EKSR6TU","Gravic, Inc.","auto",4,4,1,4,4,2,4,1,1,4,3,2,1,4,2,3,3,3,2,3,2,3
1,"bi1593376775fsZBH9Mq9H0MnM4rdIxO2ABS8Pytch","Gravic, Inc.","auto",4,4,5,1,5,3,4,1,1,4,3,2,1,4,5,3,5,3,2,3,2,3
1,"bi1591013445YFdavtVoy1R9nbM5ODaaBgaGldY7MF","Gravic, Inc.","auto",4,4,1,4,4,2,4,1,1,4,2,2,1,4,2,3,1,3,2,1,1,3
1,"bi1594986430bwwuNXsLAIZ2dS9e5RPJxolNfVLgsh","Gravic, Inc.","auto",4,4,1,4,4,2,3,1,1,5,3,2,2,5,2,3,3,3,2,3,1,3
1,"bi15919594098IHO3XTFty3UWkP0vvsDhEFL8xty9s","Gravic, Inc.","auto",5,5,2,4,5,5,4,1,4,1,1,2,5,2,2,4,5,3,2,5,5,1
1,"bi1593601100i32iEupfWLYhH6P7Kk93E5mATd3gFf","Gravic, Inc.","auto",4,4,2,2,1,3,4,4,1,4,1,1,3,4,1,3,2,2,1,3,3,4
1,"bi1594810202tZ6IFi6SStI5egqTWTji82F4sKYvRY","Gravic, Inc.","auto",4,4,4,4,4,2,4,1,1,4,3,2,1,4,2,3,5,3,2,3,2,3
1,"bi1591449049HHqbJ29p36C8PIfuDrOMbOa0GTWxsh","Gravic, Inc.","auto",2,4,1,4,4,2,4,1,1,5,3,5,5,5,2,3,3,3,2,3,2,3
1,"bi1596315644Sr42fGIMeldEEhB9j79WXEvDrEzjuo","Gravic, Inc.","auto",4,1,1,4,4,2,4,1,1,1,3,2,1,4,2,3,4,3,2,5,2,3
1,"bi1591446618fOWEG1B1cG39wfBkZpSC0b71O6Kcoh","Gravic, Inc.","auto",4,4,1,4,1,2,4,1,1,1,3,1,1,4,2,3,3,3,2,3,1,3
1,"bi1597236750bH3RQMqpKumqVPh7x15XFX8vER4fvq","Gravic, Inc.","auto",4,4,5,5,4,2,4,1,1,1,5,1,1,4,2,3,3,3,2,3,1,3
1,"bi1591113297EI4DPBXu5TZUvMtbVElxzeB1oGCGQD","Gravic, Inc.","auto",4,1,1,4,5,3,4,1,5,1,3,5,5,1,2,3,4,3,2,1,1,4
1,"bi1596237766gLjObjypE0U5xr3QO1OJjVysgD6wWQ","Gravic, Inc.","auto",4,3,1,4,5,4,4,1,1,4,2,2,4,1,2,3,5,3,4,2,1,3
1,"bi159636671845y43PamoB1zrxLnYtXeHHSIYVKClg","Gravic, Inc.","auto",4,4,1,4,4,4,4,1,1,1,1,2,2,1,2,3,4,3,2,3,2,1
1,"bi1595596431Kv4OONMtJ1G6xAm5EZkvBhC0gJyfhH","Gravic, Inc.","auto",4,4,1,4,4,2,4,1,1,4,3,2,1,4,2,3,3,3,2,3,1,3
1,"bi1594661598C1rtMbRAKzU2A2ozQgAtxqT1i0gJi8","Gravic, Inc.","auto",4,4,1,4,4,2,4,1,1,4,3,2,1,4,2,3,3,3,2,3,1,3
1,"bi15947199630N7XmGeh7LCOvBYK9pHoMwzuiIuPmf","Gravic, Inc.","auto",4,4,4,3,4,4,4,1,4,2,3,2,1,1,1,4,3,3,2,3,2,3
1,"bi1591244674gOS6J98Xdo7IMdeIrP94mOxhtTonhR","Gravic, Inc.","auto",4,4,1,4,4,3,4,1,1,4,3,2,1,4,2,3,3,4,2,3,1,3
1,"bi1591271729C8RdwfrnJNXFQwoB3GYSeBpdnO98lU","Gravic, Inc.","auto",3,4,2,4,4,5,3,1,5,4,3,2,5,4,2,3,3,5,2,1,1,3
1,"bi15953684626xRWUw5gbHeGw9cKYgfZscCUXJv2sS","Gravic, Inc.","auto",5,4,1,4,2,3,4,1,1,4,3,2,1,4,2,3,5,3,2,3,1,3
1,"bi1597101413C8IPDs3SSJDGNfMT7CaW5MMnd2yY5B","Gravic, Inc.","auto",4,4,1,4,4,2,4,1,1,4,3,2,1,4,2,3,3,3,2,3,1,3
1,"bi1591611111vzEPF2gVkJP6vZ8r8oLa2XUzqrFyUe","Gravic, Inc.","auto",4,4,1,4,5,4,4,1,1,3,4,1,1,4,2,3,3,3,2,3,2,3
1,"999999","Gravic, Inc.","auto",4,4,1,4,4,2,4,1,1,4,3,2,1,4,2,3,3,3,2,3,1,3
