Snapshot,Participant,Vendor,Group,Q1,Q2,Q3,Q4,Q5,Q6,Q7,Q8,Q9,Q10,Q11,Q12,Q13,Q14,Q15,Q16,Q17,Q18,Q19,Q20,Q21,Q22,Q23,Q24,Q25,Q26,Q27,Q28,Q29,Q30
1,"hi1596197136AnZLBg5N7UmxrJsTKpWAoFvHvxZh6G","Gravic, Inc.","auto",2,2,4,4,2,4,4,4,1,2,4,3,2,3,1,2,1,1,4,2,4,2,1,3,1,3,3,2,4,5
1,"hi1591277210ylxoUfkei1r4vp6Mxk6lxfsG4rrso4","Gravic, Inc.","auto",2,1,4,4,2,4,4,2,1,2,3,5,5,3,2,2,1,1,4,1,3,2,5,1,3,3,2,3,5,5
1,"hi1594133700zgVm8O9rIiZEeAjIRTedXBA2G7lKDx","Gravic, Inc.","auto",1,1,4,4,2,4,2,4,1,5,3,3,2,1,2,4,1,1,4,1,4,2,1,2,3,3,3,2,4,5
1,"hi1597434337ufwYzGF82Ze4YvNBHOrAPwu7lu4IGU","Gravic, Inc.","auto",2,1,4,4,2,4,4,5,1,2,3,4,2,3,2,2,1,2,4,2,4,2,1,2,3,3,5,3,4,5
1,"hi1596110259orIwGBKh7xtJRV33c0xWKJJDj4NMEp","Gravic, Inc.","auto",2,1,4,4,2,4,3,4,1,2,2,3,2,3,1,4,1,2,2,2,3,4,3,2,3,3,2,2,1,2
1,"hi1597098815op72U8cL3ld5JBaoxe4tAGtV6l2oOw","Gravic, Inc.","auto",2,1,4,4,2,4,4,4,1,2,3,1,2,3,1,3,1,1,4,2,3,2,1,1,3,2,3,2,4,2
1,"hi1596991411VtDo4RQRhPxqb6CaHqUg1xk0qRqy4S","Gravic, Inc.","auto",3,1,4,4,2,2,4,4,1,2,4,4,2,3,4,3,1,1,4,1,3,5,5,1,3,2,5,3,4,5
1,"hi1591552550inY0hOivbSJBGl9fEH1aEOM86NuzCC","Gravic, Inc.","auto",2,1,4,4,2,4,3,4,1,2,3,4,2,3,1,2,1,2,4,2,4,4,4,2,3,2,4,2,1,3
1,"hi15927654935J0jV5UlrdS0sy9ImF8Cmu7gQoBaem","Gravic, Inc.","auto",1,1,4,4,2,4,2,4,1,2,3,3,2,3,2,3,3,1,4,3,3,2,2,1,2,2,2,2,4,3
1,"hi1597515995352fC0UtxuSrCQ3OUWmJKs0HR8BO0T","Gravic, Inc.","auto",2,1,4,4,2,4,4,2,1,5,3,5,2,3,2,5,4,3,4,5,3,3,4,1,2,3,2,1,5,4
1,"hi1592676783aVvpmhGmAs1EjVeG3YvhIetUbT53ZR","Gravic, Inc.","auto",1,1,4,4,2,4,4,4,1,2,3,2,2,3,2,2,1,1,4,1,3,2,3,2,3,3,3,2,4,2
1,"hi1593511603jKyyFd7Rf7ineZ974FaPiSMB5rDhWd","Gravic, Inc.","auto",2,1,4,4,1,4,4,4,1,2,4,1,3,3,1,4,3,1,3,4,3,1,4,4,3,1,4,2,4,3
1,"hi1592425057EJw6TmKX25qieIfcjV6hFeiRl6LrU3","Gravic, Inc.","auto",2,1,4,4,2,4,4,2,1,4,3,3,2,3,2,2,1,2,3,2,4,2,1,2,2,2,2,2,3,2
1,"hi1591875104GLr68HeZrAFpoCxCoTED3U8Lydn5xK","Gravic, Inc.","auto",2,1,4,1,2,2,4,1,1,5,4,3,2,3,1,4,1,1,3,5,3,2,1,1,3,3,3,2,4,5
1,"hi1596275518TpVrZdeCpiwnAvuaIEU3cf505SG1pZ","Gravic, Inc.","auto",1,1,4,4,2,3,4,4,1,3,4,5,2,3,1,2,3,4,2,4,2,4,4,1,3,3,3,2,3,3
1,"hi15916176369I0s05KwocnkHGuAzKMGdJ2tnvljjv","Gravic, Inc.","auto",2,1,4,4,1,5,4,4,1,2,3,1,2,3,1,4,1,2,4,1,3,3,1,2,3,2,4,2,2,5
1,"hi1594585204Fa7TwDBYch2JdmeKs138FzfxK4eRce","Gravic, Inc.","auto",1,1,3,4,2,4,4,1,1,2,4,1,5,1,1,5,1,2,3,5,1,5,4,4,3,3,4,2,3,5
1,"hi1597510708EJdwJwB765nivzFrKKSJHNYU24PiFd","Gravic, Inc.","auto",2,2,2,1,2,3,4,2,1,3,2,5,4,3,3,4,1,1,3,5,2,3,1,2,3,2,4,1,1,4
1,"hi1595672026xUtaQsrAV0BBiLfwcvb4vCGJMufdZP","Gravic, Inc.","auto",2,1,4,4,2,4,3,4,1,1,4,4,2,3,2,2,1,1,2,4,3,2,1,1,2,3,1,2,2,2
1,"hi1594055445mqpzCixYpCkQaXJrd4myHheUatdONt","Gravic, Inc.","auto",2,1,4,4,2,4,4,4,1,2,5,5,5,3,2,1,1,1,4,1,5,2,1,2,3,3,5,2,5,1
1,"hi1597483219Db1iNc47YSCgL4BVgdAZsYxHiIBmA0","Gravic, Inc.","auto",2,1,4,4,3,4,4,4,1,2,3,3,2,3,2,2,1,2,4,2,3,5,1,1,1,3,3,2,4,5
1,"hi1593005923fcyZ8D2bl6OKdATEHfsPbZ2dGKZkGj","Gravic, Inc.","auto",1,1,4,4,2,3,5,1,1,2,3,5,2,3,2,5,5,1,4,1,3,3,1,1,3,3,4,2,5,1
1,"hi15933655461XMSqXkj2ol7gXJo7Jdhzoajb1v6jy","Gravic, Inc.","auto",2,1,3,4,2,2,4,1,1,2,3,4,2,3,1,2,1,1,4,1,3,2,4,3,3,3,3,2,4,2
1,"hi1591304657gXmZgjOUbFVxjTd6Gts2FyOTGcnbIc","Gravic, Inc.","auto",2,1,1,2,1,4,4,4,1,2,2,2,3,3,2,4,1,3,3,4,2,3,3,4,2,1,3,4,2,4
1,"hi1591459702RO32bLosP980j0y8EMzipY5LGu1FSV","Gravic, Inc.","auto",2,1,4,4,2,3,4,4,1,4,3,4,2,3,1,5,2,1,4,2,3,5,1,2,3,3,5,2,4,2
1,"hi1592734208oBrLmIdtURunSyqyMvbrd5skwyfLUa","Gravic, Inc.","auto",2,1,4,4,2,4,4,4,1,2,5,4,2,3,1,4,2,1,5,2,3,3,1,1,3,3,3,3,4,4
1,"hi1597054141DMIilu8lmX3fzG8V6JMTwciyACkcqk","Gravic, Inc.","auto",2,1,4,4,1,4,4,1,1,2,3,5,3,4,2,5,5,1,2,1,5,5,5,1,3,3,2,5,5,5
1,"hi1591984443gA8sII4UdPhEmUNJpzxttVhny1wCxp","Gravic, Inc.","auto",2,2,4,4,3,3,4,4,1,2,2,1,2,1,1,3,5,3,3,5,3,5,1,1,2,3,5,3,4,2
1,"hi15974307920KL1s3mXTqltmJm3uv7DTZZoGkKwwm","Gravic, Inc.","auto",2,1,4,4,3,4,4,4,1,2,3,5,2,3,1,4,4,1,3,5,2,2,1,2,2,1,5,3,4,5
1,"hi1597413689VfXitVX6HNEnltwNZt1zwrR9INrCKu","Gravic, Inc.","auto",2,1,4,4,2,4,4,4,1,2,3,5,2,3,1,2,1,1,4,2,3,2,1,1,2,2,2,2,2,5
1,"hi1594395734OLvPJIaP6QIcKixJ26j0i0H18TDZJ6","Gravic, Inc.","auto",2,2,4,4,2,2,4,4,1,2,3,4,2,3,2,2,1,2,3,2,1,2,1,2,3,2,4,3,4,1
1,"hi1592911819vXAE9ACESUnTKBgLFy179i6oUvFZXy","Gravic, Inc.","auto",2,1,4,4,2,3,3,1,1,2,4,5,2,2,1,5,3,1,4,5,3,3,4,1,2,3,4,3,2,5
1,"hi1597350763y5mCKrD231PBMcXx8FLLSu5ESCbk2K","Gravic, Inc.","auto",2,1,4,4,2,4,4,4,1,2,4,5,2,3,1,2,1,3,4,3,3,5,1,2,3,3,2,2,4,5
1,"hi1593510646Mw3cpotGgU9a9eHU0hYg7E3pe3wxis","Gravic, Inc.","auto",2,1,4,4,2,4,4,4,1,2,4,4,2,3,2,4,4,2,4,1,4,3,1,3,4,3,3,2,4,2
1,"hi1597511991WegIKhKuEx9ts67I68UPXqfCtMpca4","Gravic, Inc.","auto",3,1,4,4,2,4,4,4,1,2,3,5,2,3,1,2,1,3,2,5,3,2,4,2,3,3,3,2,4,5
1,"hi1591046472EHQA3xHmICIT31uVfrsz1TEfdSd01q","Gravic, Inc.","auto",1,1,4,4,2,4,4,4,1,2,3,5,5,3,1,5,1,1,4,2,3,5,1,2,3,3,4,2,4,4
1,"hi1595936897R51hqmqmR3gWc4SU02COukUOVcKB51","Gravic, Inc.","auto",2,1,4,4,2,4,4,5,1,2,5,5,5,5,2,5,5,1,4,1,3,5,1,2,3,5,3,4,5,5
1,"hi1596646787Nz4QSSITyMsL9FjOWEWOh6Rd4WxJgO","Gravic, Inc.","auto",2,1,4,4,2,4,4,4,4,3,4,3,4,3,2,3,3,2,4,2,1,3,4,1,2,3,4,3,1,2
1,"hi1591905658Vg2ZF82U8lQTO68aXIzBqVAVC8DnlG","Gravic, Inc.","auto",1,4,4,2,2,4,1,1,1,2,4,2,2,3,1,3,3,1,3,5,5,2,4,2,1,4,3,1,5,3
1,"hi1595590786DsyMESUE936M5OXUQCfwJo1TlkpJUg","Gravic, Inc.","auto",2,1,4,4,2,4,4,4,1,2,1,1,1,3,2,5,1,1,4,2,2,5,1,1,2,3,3,2,4,5
1,"hi1597149808JvMpRtR5yi69jrcL8IA9tOVl5jHbzR","Gravic, Inc.","auto",2,1,3,4,2,4,4,4,1,2,3,4,4,3,1,2,2,1,4,2,4,3,1,2,3,2,3,2,4,3
1,"hi1594992037AmDSuDWp4zaKrcNbxpyMB7L34HNMsp","Gravic, Inc.","auto",2,1,4,4,5,4,4,5,1,2,5,5,2,3,1,4,1,5,4,2,3,5,1,1,3,3,5,5,4,2
1,"hi1597416483VnzygTe2XNjVpr1Y2R3Y7hLzvr3K2D","Gravic, Inc.","auto",2,1,4,4,2,4,4,4,1,2,3,1,2,3,2,3,1,1,4,2,4,2,1,2,3,2,3,2,4,2
1,"hi1597358589ooBvNEMdj5hCAGDPEQRJUfBHJC44DS","Gravic, Inc.","auto",2,1,4,4,3,4,4,4,1,2,2,3,2,3,2,4,3,1,4,2,3,3,4,2,3,3,4,2,4,3
1,"hi1593084393opMRQLviM7A1lMeomoY4KfPzclANnS","Gravic, Inc.","auto",2,1,4,4,2,4,4,4,1,2,3,4,2,3,1,2,2,3,4,2,3,2,1,2,2,2,3,2,4,1
1,"hi1591145085lRgCNyzwit5F95yFwX87K8tNxJVnKQ","Gravic, Inc.","auto",2,1,4,4,2,4,4,2,1,2,3,5,5,3,1,4,5,1,4,5,3,5,1,1,3,2,3,2,4,5
1,"hi1591612669byqM1OGg2iPv0e2FfrYceFQwE7B2zh","Gravic, Inc.","auto",2,1,4,4,2,4,4,2,1,2,3,2,2,3,1,2,3,2,4,1,3,3,1,2,2,1,4,2,4,1
1,"hi1591962327b8o5XmLPIoGWZgAwRowsfYpn2ICvmx","Gravic, Inc.","auto",2,1,4,4,2,4,4,1,1,4,3,4,2,3,2,2,4,4,4,2,1,2,1,2,2,2,2,2,4,3
1,"hi1596143836CBRts39pFIuStOXlowcrOJENlRcBQ8","Gravic, Inc.","auto",2,2,4,4,4,4,4,5,1,2,4,5,2,3,2,5,1,1,4,1,3,2,3,1,3,3,3,1,4,5
1,"hi1593260221iRKiENEZj0yczqHij2UvtO0T4ISdS7","Gravic, Inc.","auto",2,1,3,4,1,4,4,4,1,2,4,4,2,3,2,1,1,1,4,1,3,3,4,1,3,3,3,2,4,2
1,"hi1597334721ZH1Ut6tMzLUzLMNpNHPJBERxKjdE4a","Gravic, Inc.","auto",2,1,4,4,2,4,3,4,1,5,4,5,5,3,2,2,1,1,4,5,3,2,4,2,2,2,2,2,4,5
1,"hi1591025240fndyormFEz8x7XWdg7RWUSYrkFfXyy","Gravic, Inc.","auto",2,1,4,4,2,4,4,4,1,3,3,5,2,1,2,2,1,1,5,5,3,2,5,2,3,3,5,2,4,5
1,"hi1596396977d9e1ar1hag2xU6TjUVuThejiOnSXKU","Gravic, Inc.","auto",2,1,4,4,2,4,4,4,1,1,3,4,2,3,5,4,1,1,4,2,3,3,1,1,3,3,3,2,4,5
1,"hi1597521404klfUFi32QhZuRzF259Rdgu0a3ohrsO","Gravic, Inc.","auto",2,1,4,4,2,4,4,4,1,2,3,1,2,3,1,4,1,1,4,2,3,2,1,2,3,2,3,2,4,3
1,"hi1592588426ddv5pHzUWfUVZas81joD5GOC5Ti3SD","Gravic, Inc.","auto",2,1,4,4,2,4,4,1,1,2,3,1,2,3,1,2,4,3,4,5,3,5,4,1,2,3,3,4,5,5
1,"hi1595239285Q8GC5qN9MITr5i7bPidJvnETz6Qoc4","Gravic, Inc.","auto",2,2,4,2,2,3,1,2,1,5,4,5,2,3,1,2,1,1,4,5,5,3,1,1,3,3,5,2,5,5
1,"hi1591003709OT46oaw3JTksokBu9Th3C3voAC009P","Gravic, Inc.","auto",2,1,4,4,2,3,4,4,1,2,3,4,2,3,2,2,1,1,4,2,3,2,1,2,3,2,3,2,4,2
1,"hi1596796828YhCQ8LvYdBlHmg2IEWihthtLnlpiPj","Gravic, Inc.","auto",2,1,4,4,2,3,4,4,1,2,3,1,2,3,5,5,2,1,4,5,3,2,5,2,5,2,5,2,5,5
1,"hi1594037242gmQHFExZfVPxPfmBA3sTNmDrwSeQdn","Gravic, Inc.","auto",2,1,4,4,2,4,4,4,1,2,4,5,2,3,1,5,1,1,4,2,3,2,1,2,3,5,3,2,4,2
1,"hi1596630180uZlhnsZkFItzVEHATxwpyZaOd5hUV8","Gravic, Inc.","auto",2,1,4,4,2,3,4,1,1,2,4,5,2,3,1,2,5,5,5,5,5,2,5,3,2,2,5,3,5,5
1,"hi1593694852dpNvTBabURjZ21lOTVsj3qPBMsN338","Gravic, Inc.","auto",2,1,4,4,2,3,1,4,1,1,2,3,2,3,2,2,1,2,3,5,2,2,3,2,3,3,4,2,5,3
1,"hi1591293932sY5pBNJis8D3B0tGQ3J61JmW4B7Zul","Gravic, Inc.","auto",1,1,4,4,2,4,4,2,1,2,3,1,2,3,1,1,1,3,4,2,4,3,1,2,3,3,3,2,4,2
1,"hi15928237533A3qCREEdb2i4QRvMaxSby1GxKnY7W","Gravic, Inc.","auto",2,1,3,4,2,4,4,4,1,4,3,4,5,3,1,2,4,2,4,2,3,3,1,1,3,3,5,2,5,5
1,"hi15949074874UC5p75SyGCZ1DntdLlRYuDmcWhjux","Gravic, Inc.","auto",3,1,4,4,1,4,4,3,1,2,3,1,3,3,2,2,1,3,4,1,3,4,1,1,1,1,4,2,4,4
1,"hi15961167796M4LVXLatYPVVvRbtVwMb6ZACMo619","Gravic, Inc.","auto",2,1,4,4,2,4,4,5,1,2,3,5,2,3,1,5,1,2,4,2,3,3,4,2,3,3,2,3,5,2
1,"hi1593458182zIwFDPWZuYkWRTB5YrqA2k39gmbeV7","Gravic, Inc.","auto",2,1,4,4,2,4,4,4,1,2,3,4,2,3,2,2,1,5,4,2,3,2,1,2,2,3,2,2,5,2
1,"hi1596549983YfrB87LF3gYSM2JzyzklBN5nHmO4gE","Gravic, Inc.","auto",2,1,4,4,2,4,2,2,1,2,4,2,2,3,1,2,3,1,4,2,4,3,1,2,3,3,2,2,4,3
1,"hi1597333225hZ0cTKq5oGQ8uSw1Xw44KZ2Pt4f5Wp","Gravic, Inc.","auto",2,1,4,4,2,4,4,1,1,2,3,4,2,3,1,3,1,1,2,1,3,5,4,2,3,3,4,2,4,5
1,"hi1595539070y8QMPRaW4iqy31w2CpO2G8rv0O0xhw","Gravic, Inc.","auto",2,1,4,4,1,3,4,4,1,2,4,3,1,3,2,2,3,1,2,2,3,3,1,4,3,2,3,3,4,3
1,"hi15917310601b2nqMf3AWbwb5YWUKkJPBfExoSTFt","Gravic, Inc.","auto",2,1,4,4,2,3,4,4,1,2,3,5,2,3,1,2,1,1,4,5,2,3,1,2,3,2,2,2,4,5
1,"hi1590994007m8PFKOXaPoHbR4Uvomj2TKu3eFjqRc","Gravic, Inc.","auto",2,1,4,4,2,4,4,5,1,2,3,5,2,3,2,2,5,1,4,2,3,2,1,5,3,2,3,2,4,2
1,"hi1593432822UON7o2QJOEde1Gl1q9lo2deSj3Zs1u","Gravic, Inc.","auto",2,1,4,4,5,3,4,5,1,4,3,5,5,3,1,2,1,5,4,2,5,5,3,1,2,5,5,2,2,3
1,"hi1596797249cKf5SuUBPVnpVIIWrKzLjDhMAOkkWc","Gravic, Inc.","auto",3,1,4,4,1,3,4,1,1,2,3,1,5,3,2,2,3,1,4,4,3,4,1,1,3,3,4,3,4,3
1,"hi1591701004ZdQu1ByRoYD7QAnVZLwqsG27B5k8I0","Gravic, Inc.","auto",2,1,4,4,2,5,4,4,1,2,3,4,2,3,5,5,5,1,4,2,3,5,1,1,5,3,3,2,4,5
1,"hi1597340806IwmOw56HdvPPTr315huuc3LPOyBHBb","Gravic, Inc.","auto",2,1,4,4,2,4,4,4,1,2,3,4,2,3,1,2,1,1,4,2,4,3,1,2,3,2,4,2,4,2
1,"hi1596453390IRUCrhgts4JuBeqjSPXycoBZM41CEB","Gravic, Inc.","auto",2,1,4,4,2,4,4,4,1,5,1,4,2,3,1,5,1,1,5,2,1,3,5,1,5,3,5,5,4,5
1,"hi1591647206ACAF0aNS1oKGWnxlKczwTtKY6B6aUu","Gravic, Inc.","auto",1,1,4,4,2,4,4,4,1,2,3,4,2,3,1,2,1,4,4,2,3,2,1,1,3,2,3,2,4,2
1,"hi1592296645jcj112QJUpUDQYxOwv8ijuRLdSQBY2","Gravic, Inc.","auto",2,1,4,4,2,4,4,4,4,2,3,4,2,3,2,2,1,1,4,1,3,3,4,2,3,2,3,2,5,5
1,"hi1594053326EhHxEel3goVgTwS8kfZJphzZRTaGxT","Gravic, Inc.","auto",2,1,4,4,2,4,4,2,1,2,3,5,5,3,1,2,3,1,4,5,3,5,4,2,2,3,5,3,4,5
1,"hi1594131865MpEqEg8U5JFHsSDTL2tJZ6KEbBwq15","Gravic, Inc.","auto",2,2,4,4,2,4,4,2,1,3,3,4,2,3,1,2,1,4,4,2,4,3,4,2,3,3,3,2,4,2
1,"hi15966448616VfUo92EHgZc5KnPA9uBC6rhtQ4uVZ","Gravic, Inc.","auto",2,1,4,4,2,4,4,4,1,2,5,5,2,3,1,2,1,5,4,1,4,2,1,2,3,3,3,2,4,5
1,"hi1597245137w3ZNglfoadXwOdJarJF25uIckM24j7","Gravic, Inc.","auto",2,1,4,4,2,4,4,5,1,2,5,5,2,3,3,2,5,2,4,1,3,3,1,2,2,3,2,5,4,5
1,"hi1593370402pvHqxChQo9IxQ5WIFNW1dwEwfZCQ3Z","Gravic, Inc.","auto",2,2,4,4,2,4,4,4,1,2,3,4,2,3,1,2,1,2,3,2,2,3,4,2,2,3,4,3,4,4
1,"hi1593864699IS1kKuV50SpE96r8DGRMSJzyvDLdVN","Gravic, Inc.","auto",2,1,4,4,2,4,4,4,1,2,3,5,2,3,1,2,4,1,4,5,3,5,1,2,3,3,5,2,4,5
1,"hi1591530970jzl60R78kCaVuwt5bFQzy33QhpGwXJ","Gravic, Inc.","auto",2,1,4,4,2,4,4,4,1,2,3,5,5,3,1,2,1,1,4,5,3,2,1,2,3,3,3,2,4,3
1,"hi1592034599AnIr5mdzpZLdkHKv2AIAGYGqu0Ozs5","Gravic, Inc.","auto",2,1,4,4,2,4,4,2,1,2,3,1,2,3,2,5,1,1,4,2,1,2,1,1,3,3,3,2,4,5
1,"hi1597522180YAZizFz0KnkoobPfJHCauirlJWOeNu","Gravic, Inc.","auto",2,1,4,4,2,4,1,4,1,2,4,2,2,3,2,3,1,3,2,1,4,3,1,1,3,1,4,2,3,3
1,"hi1593678956ZC8HU6uthUnAWnbyKORUaK9crHRd5b","Gravic, Inc.","auto",2,1,4,4,2,4,4,1,1,2,3,5,2,3,1,2,2,3,5,1,3,2,1,2,3,2,3,2,4,2
1,"hi1595066152K45Gp59BeoMg3MFXLFwMdrELJqrf8t","Gravic, Inc.","auto",2,1,5,4,2,5,4,4,1,2,3,4,2,3,1,2,1,1,4,2,3,5,1,2,3,3,3,2,5,5
1,"hi1595494526NsMB8tN9wICwxETahDSQyn123c37Wp","Gravic, Inc.","auto",1,1,4,4,2,2,4,4,1,2,4,4,2,3,2,1,1,3,1,2,3,3,4,2,2,3,2,2,4,2
1,"hi15921392226PLuBwko4RWFNwaD4bBYfrGQTYegCy","Gravic, Inc.","auto",2,1,4,4,2,4,4,4,1,2,2,4,2,3,2,2,4,2,4,2,3,3,1,2,3,3,3,2,4,3
1,"hi15974995608wuVRJf4e36I88bOw856Uqydr7UWsi","Gravic, Inc.","auto",2,1,3,4,2,4,4,4,1,2,3,4,2,3,2,4,1,1,4,1,3,5,4,2,3,2,3,2,4,5
1,"hi1597511369vi7zgpzHZql7Jh6SUu1B1yZVUDC0aE","Gravic, Inc.","auto",2,1,3,4,2,4,4,4,1,2,3,4,2,3,2,4,1,1,4,1,3,5,4,2,3,2,3,2,4,5
1,"hi1591377762xY1rmoqgm5f3EY37S67YVU7inbWvKf","Gravic, Inc.","auto",2,1,4,4,2,4,4,4,1,2,4,4,2,3,2,4,1,3,4,1,3,3,1,1,2,3,3,2,2,2
1,"hi1593955195HzMyJpJ63T3Qcdszcopbk8gJbNIzIF","Gravic, Inc.","auto",2,1,4,4,2,2,4,5,1,2,5,4,2,3,1,5,5,3,2,2,3,2,4,1,3,5,4,2,4,5
1,"hi1597411196bQWZlbxaGlMRsRLBnv1HCoyqihIGs2","Gravic, Inc.","auto",2,1,4,4,2,4,4,4,1,2,3,4,2,3,1,2,1,1,2,2,3,3,1,2,3,2,3,2,4,3
1,"hi1591165807fSanGg32w9MdwmwtyjowP3fVMPBtKb","Gravic, Inc.","auto",2,1,4,4,2,4,4,4,1,2,3,5,2,3,1,2,3,5,4,2,3,2,1,2,3,2,3,2,4,2
1,"hi1597419004nEv4cqSJNDq7OAAMaBgbrBMLCyn5k1","Gravic, Inc.","auto",1,2,4,2,2,4,2,2,1,3,2,3,2,3,1,3,1,3,3,1,4,3,1,2,2,3,2,4,4,2
1,"hi1593386758Xr5RR1sUL7NK6dUjmmxHnYvU3sxinB","Gravic, Inc.","auto",2,1,4,4,2,4,4,4,1,2,4,3,2,3,1,2,1,2,4,4,3,4,1,1,3,2,2,2,4,3
1,"hi1591373645zeBj0KzOMARJUlpgYScpBPA2hI2frC","Gravic, Inc.","auto",2,1,4,4,1,4,2,2,1,5,2,4,5,3,4,5,4,2,4,2,1,3,3,2,1,2,5,2,4,5
1,"hi15970013945oxm1jK7Ole7pR4v7ZvMcUbQiqxwQX","Gravic, Inc.","auto",2,2,4,4,3,4,4,4,4,2,5,5,2,3,1,5,5,2,5,5,5,1,4,1,2,2,5,2,5,5
1,"hi1597409610gBuLmz7exH7mX1oq3ZL1k44vMDl10M","Gravic, Inc.","auto",2,1,4,4,2,4,4,4,1,2,4,4,2,2,2,2,4,1,4,1,3,3,1,2,3,3,3,3,3,3
1,"hi1597431023BZeGFOYOPwu16TE0CNlvnmrkMqsTcm","Gravic, Inc.","auto",1,1,4,4,3,3,4,4,1,2,3,5,5,3,5,5,5,1,4,5,5,5,5,1,5,3,5,2,4,5
1,"hi1591008869KRQ8tTfkN19KM7dkYRZLddaNUio6uT","Gravic, Inc.","auto",2,1,4,4,2,4,4,4,1,3,4,4,2,3,1,2,4,1,3,2,3,2,1,1,3,3,3,2,4,3
1,"hi1594408791De30po2xmEqnaznKBvm0AnvWQTb6e8","Gravic, Inc.","auto",2,1,4,4,2,4,4,1,1,2,3,4,2,3,3,2,1,1,4,1,3,2,1,2,3,3,5,2,3,2
1,"hi1592688989yr9Ve7y1GzquLfG6DaLGg82Lr635sf","Gravic, Inc.","auto",2,1,4,4,2,4,5,2,1,5,3,5,2,3,3,3,2,5,2,5,3,5,5,2,3,3,5,2,5,3
1,"hi1595591931tSEROZfSIcAai5Px0O048m4sjvJQDJ","Gravic, Inc.","auto",2,1,4,4,2,4,4,4,1,2,3,4,2,3,2,4,1,1,4,1,3,2,1,2,3,2,3,2,4,2
1,"hi1593954274VYWAjRZl84iMLMmf7PqadWF7kzQz4P","Gravic, Inc.","auto",2,1,3,4,1,4,4,2,1,2,2,1,2,1,2,2,3,3,4,3,3,3,1,1,2,3,2,3,4,4
1,"hi1596974834OtcQ9428jvpLX2BQ7FWDtCj4nV3E9s","Gravic, Inc.","auto",2,1,4,4,2,4,4,1,1,2,3,1,2,3,3,2,1,2,4,5,2,3,4,2,3,3,3,2,4,5
1,"hi1594549184CgHIDunZUU87g0JjOrnurT35YORPrI","Gravic, Inc.","auto",2,1,4,4,2,4,4,4,1,2,1,1,2,3,4,3,4,1,4,2,4,3,4,2,3,2,3,2,3,5
1,"hi1592227014gUl6DHorAJdmEA8rE7KoxAa9p1fZDo","Gravic, Inc.","auto",1,1,4,4,2,4,4,4,1,2,3,3,2,3,2,2,1,2,4,2,4,2,2,2,3,2,4,2,3,2
1,"hi15938719551cTaHCqQ3sQ7Lba4n4i3UZkuX0zVm1","Gravic, Inc.","auto",2,1,4,4,2,4,4,1,1,2,3,4,4,1,2,2,1,1,4,2,3,3,4,1,3,3,2,2,4,2
1,"hi159628429467FGS4uGTdmEmTUKEaFHX5jOE3aCcZ","Gravic, Inc.","auto",2,1,4,4,2,4,4,4,1,2,3,1,2,3,1,2,1,1,4,1,3,2,1,2,3,3,3,2,4,3
1,"hi15972704380alZjmYClo4RtGTTvqkredPwRYyh1g","Gravic, Inc.","auto",2,1,4,4,3,4,4,4,1,2,3,2,2,2,2,5,3,1,4,1,2,3,1,1,3,3,3,2,4,5
1,"hi1597509315w0D8NFuhYzPDfIVI9DHgkFU1gdbi1d","Gravic, Inc.","auto",2,1,4,4,3,2,5,4,1,2,3,5,5,3,1,2,1,2,4,5,3,3,4,1,3,3,5,2,4,5
1,"hi15969952157nvBnKaunOPYUWkOGjNtUu5WHfBtvC","Gravic, Inc.","auto",2,1,4,4,2,4,4,4,1,2,3,3,2,3,1,2,5,5,4,1,4,5,1,2,3,3,3,2,5,5
1,"hi1594831856uFZEFWV2qDbkfi6cSKYoEpwiTSRBgA","Gravic, Inc.","auto",2,1,4,2,1,4,4,4,1,2,5,5,2,3,2,5,4,1,5,5,3,5,5,2,2,3,5,3,4,5
1,"hi1596999238ksKhSC11ynW0MGoyLX0ijahhEdzExM","Gravic, Inc.","auto",2,1,4,4,2,4,4,4,4,2,3,1,1,1,1,2,3,4,3,4,4,2,3,1,5,1,2,2,4,5
1,"hi1597065151oDhUjqi1BecKeo0iVlIwgCMwLNe8Hl","Gravic, Inc.","auto",3,1,4,2,3,3,3,5,1,5,2,5,5,3,2,3,5,1,3,5,2,5,5,1,3,2,3,2,5,5
1,"hi1595153191DvH26CreSplO4JH4QY7b8zozLP2kpr","Gravic, Inc.","auto",2,1,4,4,2,4,4,4,1,2,2,1,2,3,3,2,1,1,4,5,3,5,1,1,3,3,3,2,4,2
1,"hi1591646837BDHTXanDsi7k0wLk0VGaPhAuS6Veoh","Gravic, Inc.","auto",2,1,4,4,2,4,4,4,1,2,4,2,2,3,1,2,5,1,4,2,3,5,1,2,5,2,3,2,5,1
1,"hi1595327872lhKWN8oEdHUYZk6RQO049FcE3Fb5kd","Gravic, Inc.","auto",2,1,4,4,2,3,4,2,1,2,4,4,1,3,2,4,1,2,3,2,4,3,1,1,3,3,1,2,4,5
1,"hi1595057121Uruhgwulu7GcFKLnp4olNeB5MaVisW","Gravic, Inc.","auto",1,1,4,4,2,4,4,4,1,2,3,4,2,3,2,2,1,1,4,1,3,2,1,2,3,2,3,2,4,2
1,"hi1597051016914H9J8xXAVfQ5wMjAydqeGPtTzWPX","Gravic, Inc.","auto",2,1,4,4,2,4,4,4,1,2,3,4,2,3,2,2,1,1,2,2,3,2,4,2,3,2,3,2,4,2
1,"hi15929306498TU46v2E92yt1Jq4IwGniogwwq5j8p","Gravic, Inc.","auto",2,1,4,4,2,2,4,1,1,2,4,2,2,3,1,2,4,2,2,1,1,3,1,2,3,3,3,2,1,3
1,"hi1597347418FsbZs3MRoXCWDkB692r1lKais3kxjb","Gravic, Inc.","auto",2,1,3,4,2,4,4,4,1,5,2,5,1,3,4,2,2,1,5,2,4,5,5,2,2,3,5,3,4,5
1,"hi1593774957UwNyGSegnc2G5TZYpdP7J37aQQRShw","Gravic, Inc.","auto",2,1,3,4,2,4,4,1,1,5,4,5,2,3,3,5,5,3,4,1,3,2,1,1,3,3,4,4,4,5
1,"hi1592248616CRhuIwVuuYXI9KLIRAY5AiB4Vi33W3","Gravic, Inc.","auto",2,1,4,4,2,4,4,4,1,2,4,4,2,3,3,2,1,2,4,2,4,3,4,1,1,2,4,3,4,1
1,"hi1594298953wcRJW5EEzlPo0DyPwrxmKspIWdrSA4","Gravic, Inc.","auto",2,1,4,4,2,4,4,4,1,2,3,4,2,3,2,2,1,1,4,2,3,2,4,2,3,3,3,2,4,2
1,"hi1596360067DewuuxznvqrD1HWNuJU4iQSLhQ3qla","Gravic, Inc.","auto",3,1,4,4,3,3,4,4,1,2,2,3,4,3,1,2,1,3,4,2,3,3,1,2,3,2,3,2,3,3
1,"hi15917914205EtN3u9tgOmvXFo3kc9PzN8X56JBHl","Gravic, Inc.","auto",2,1,4,4,2,4,4,4,1,2,3,5,2,3,3,5,1,1,4,2,3,2,1,1,3,5,3,5,4,4
1,"hi1596462094Aqn4NEjB0hpqF10appydBaG4je6hPh","Gravic, Inc.","auto",2,1,4,4,2,3,4,1,1,3,1,2,3,3,1,3,3,1,3,1,3,3,4,1,2,4,4,1,1,3
1,"hi1591114102EODfCGbhvSOp6fXHvhOTLjv5SED4Rm","Gravic, Inc.","auto",2,1,4,4,2,4,4,4,1,2,3,1,5,3,2,4,1,4,2,2,3,2,1,2,3,3,3,2,2,1
1,"hi1596365766uaO8rpdsngHF8uWARYRezSlX4MwZDZ","Gravic, Inc.","auto",2,1,4,4,3,4,3,4,1,2,5,5,2,3,2,2,1,5,5,1,5,2,1,2,3,3,3,2,3,5
1,"hi1595760575sPbkQO8vudFQLvpSUR7hNeDTUyh3LV","Gravic, Inc.","auto",2,1,4,4,2,4,4,1,1,2,3,1,2,1,2,2,1,1,4,5,3,2,1,1,3,3,3,2,4,1
1,"hi1596895360qIbuxkegby51ezXsPYg1CpEkKSt1TI","Gravic, Inc.","auto",2,2,4,4,2,4,4,2,1,2,3,4,2,3,2,3,1,1,4,2,3,3,1,2,3,3,3,3,4,2
1,"hi1596651446hkJskc4NkmsPTRV4QndVb4mA2uMctU","Gravic, Inc.","auto",2,1,4,4,2,4,4,4,1,2,3,5,2,3,1,2,1,1,4,1,3,2,1,2,3,3,3,2,4,1
1,"hi159638343042OPxBiSHh6GmZuCATDs0GOmxLyEat","Gravic, Inc.","auto",2,1,4,4,2,4,4,4,1,5,3,5,5,3,5,4,2,5,5,5,2,5,1,4,3,3,5,2,1,5
1,"hi1597396770wCkD84WqwUDaEl0XiBkwoETTLFtqtA","Gravic, Inc.","auto",3,1,4,4,2,4,4,4,1,2,4,4,2,3,2,2,1,1,4,1,3,2,4,2,3,3,3,2,4,4
1,"hi1596185920kIjDvZ6CkkBPssaZFLQd0n1vpwr3hZ","Gravic, Inc.","auto",2,1,4,4,2,4,4,4,1,2,4,4,1,3,2,2,2,1,4,2,3,3,1,2,3,3,3,2,4,3
1,"hi1593987074Z4NC9IgQQHt35thu7YUwckd3Li2Ii7","Gravic, Inc.","auto",2,1,4,4,3,4,4,2,1,2,4,2,3,3,2,2,1,5,3,3,3,3,1,2,2,4,2,3,3,3
1,"hi1592297871qeoLi4UL47QXvRgfeMhOCTuWqkb7dd","Gravic, Inc.","auto",2,1,4,4,2,2,4,4,1,2,4,4,2,3,2,2,1,1,4,2,3,3,4,2,3,3,3,2,4,2
1,"hi1591045175tZPmfkP3EAJfOTYV8p2fRkqD3Q2mNO","Gravic, Inc.","auto",2,1,4,4,2,4,4,4,1,2,4,2,2,3,2,2,1,3,4,2,3,2,2,2,3,2,3,2,4,1
1,"hi1594304302E4kFJDZNT74HLrBh647J6xIFIZID6R","Gravic, Inc.","auto",2,1,4,4,2,4,4,4,1,2,3,4,2,3,1,4,2,2,4,1,3,3,4,1,3,2,1,2,4,5
1,"hi1592905740VEiimWXTrSbpK5Ip1I1Bi46QDA3aVd","Gravic, Inc.","auto",2,1,4,4,2,4,4,1,1,2,4,1,1,3,4,2,1,1,4,2,3,3,1,2,3,3,2,2,4,4
1,"hi1597499635CB39iLEFXfiJuZ8H5iIH7fnu3pOEOO","Gravic, Inc.","auto",2,1,4,4,2,4,5,4,1,2,3,4,2,3,1,2,1,3,4,2,3,2,1,2,3,3,3,2,4,5
1,"hi1592918085NLeJqGoi40K1o6iOclxuqgNCAHqEfR","Gravic, Inc.","auto",2,1,4,2,1,4,4,4,1,2,2,1,2,3,2,4,1,1,2,3,3,3,1,2,3,2,2,2,4,3
1,"hi1597081963tBqwUD2THUPYNVaEuQonUvY91YTc3Q","Gravic, Inc.","auto",2,1,4,4,2,1,4,2,1,2,4,4,2,3,3,2,1,1,4,1,3,2,2,2,2,3,3,2,4,4
1,"hi1594407592tXPAwB7NyUMQS0fNbVkcwz7XgcZgjT","Gravic, Inc.","auto",4,1,4,4,2,2,5,4,1,5,4,5,2,3,3,4,1,1,5,5,3,2,3,2,5,2,4,3,5,5
1,"hi1591612531ghlJgdowVzMjcq8G4tbpqlVJxYsVf6","Gravic, Inc.","auto",2,1,4,4,2,3,4,4,1,5,3,1,2,3,2,2,1,4,2,5,5,5,4,2,2,2,5,2,5,5
1,"hi1591196234hDis46ZRqfvaJ4AosxuhEIqK7PanC2","Gravic, Inc.","auto",2,1,4,4,2,5,4,1,1,2,3,5,5,3,1,5,5,1,4,2,3,3,1,2,2,3,3,2,4,5
1,"hi1597507716zg03gB4keKvDjG91Ng31Meb5ZmJGYi","Gravic, Inc.","auto",2,1,3,4,3,4,4,4,1,2,3,4,2,3,1,5,1,1,4,2,1,3,3,2,3,3,2,2,3,1
1,"hi1596279906i38Yx8yqcNwLc23IJyzVZ4eij4Hgk0","Gravic, Inc.","auto",2,1,4,4,2,4,4,4,1,2,4,4,2,3,1,4,1,1,4,2,3,3,1,2,3,3,2,3,4,4
1,"hi1597411360Bq8LUdo11lovYHfulrh1KtuMO6q3le","Gravic, Inc.","auto",1,1,4,4,2,3,4,4,1,2,3,1,2,3,2,2,2,1,4,2,3,2,1,2,2,3,2,2,4,2
1,"hi15954154905ogMU4AeubvBosAQza4RJl353Bq0wr","Gravic, Inc.","auto",2,1,4,4,2,4,4,4,1,2,1,5,5,3,1,5,4,1,4,5,3,2,1,1,3,1,2,3,4,5
1,"hi1597255420kOtsvBKBswNR3COdpHvBtuuUDmpZst","Gravic, Inc.","auto",2,1,4,4,2,4,4,4,1,2,3,4,2,3,3,2,5,1,4,2,3,2,1,2,3,5,3,2,5,3
1,"hi1597134968fQB72aC3Zer8hQ5v99Z27SWZzw4mN0","Gravic, Inc.","auto",2,1,4,4,1,4,4,2,1,2,2,5,2,3,1,5,5,1,4,2,3,5,5,1,2,2,5,3,4,3
1,"hi15911739390b4ulE8kyaoY54LM9dQjCi7vUe7XSh","Gravic, Inc.","auto",3,1,4,4,2,4,4,1,1,2,3,5,5,3,1,5,1,1,4,5,5,5,1,2,2,3,1,2,4,5
1,"hi1596825621oAW0dpyCBq1vaXVX2r9hPgCb87BWSV","Gravic, Inc.","auto",1,1,4,4,2,4,4,4,1,2,3,4,2,3,1,2,1,3,4,2,2,2,1,2,2,2,4,2,4,2
1,"hi1594826841u8uOPoG9AzBHNQqhN1d0EsAJIxSn2b","Gravic, Inc.","auto",2,2,4,4,2,3,4,2,1,4,4,5,5,3,1,2,5,3,4,1,3,5,1,2,3,3,3,2,5,2
1,"hi1595882273QT0LRtyf5bliWTRRtjnuK6mWF3Uv7k","Gravic, Inc.","auto",2,1,4,4,2,4,4,4,1,2,3,4,2,3,1,2,2,1,4,2,2,3,1,2,3,2,3,2,4,2
1,"hi1597495532yaWbVopcRi1A9DZB4eXSBeyocQFKsD","Gravic, Inc.","auto",1,2,3,4,2,4,1,1,1,2,1,4,1,2,1,2,4,2,4,1,3,3,1,2,1,2,2,2,4,3
1,"hi1593251061SQle7rykCK3G0HqBKV8pp4eNnuXqFd","Gravic, Inc.","auto",2,1,3,4,2,4,4,4,1,2,3,3,2,3,2,3,4,1,4,1,3,2,1,2,3,3,3,2,4,1
1,"hi1597061481dVsAcz9W5ki9hCBMpomf3N9DSiBrjd","Gravic, Inc.","auto",2,1,4,4,2,4,4,4,1,2,4,4,2,3,1,2,1,3,4,1,1,2,1,2,3,2,3,2,4,4
1,"hi1593614736dMBIiUyuUAPw82lMa8730WJIi2uUGy","Gravic, Inc.","auto",2,1,4,4,2,4,4,4,1,2,4,2,2,3,2,4,3,1,4,2,3,5,1,2,3,2,2,2,4,5
1,"hi1593770767Si9C9B3OH0OwEMGLdkA5ZMV8cpJsNh","Gravic, Inc.","auto",3,1,4,4,2,4,4,1,1,2,1,1,2,3,1,4,1,3,3,2,4,2,4,2,3,3,4,1,4,3
1,"hi1595517746b33XPZhEQPSWn8zxz6dIi6eDUMXMXv","Gravic, Inc.","auto",2,1,4,4,2,4,4,4,1,2,3,4,2,3,2,2,1,1,4,2,3,3,1,2,3,2,3,2,5,5
1,"hi1595685724toEPnchbTYruF6raEhu77NkfvM84U6","Gravic, Inc.","auto",2,1,4,4,2,4,4,4,1,2,4,5,2,3,1,4,1,2,5,2,3,5,1,2,3,2,5,3,4,5
1,"hi1593979237zSjAVLssMScvZFOpUVi0Su0Kso5x1q","Gravic, Inc.","auto",1,1,4,4,2,5,4,4,1,2,3,3,1,3,3,5,1,2,4,1,3,2,1,2,3,3,3,2,4,2
1,"hi15971736672p7hRYzRD3RMzJUn8x9hvDDXIZd7fm","Gravic, Inc.","auto",2,1,4,4,2,4,4,4,1,2,3,4,2,3,1,2,1,1,4,2,3,2,1,1,2,1,3,2,4,2
1,"hi1594974184ZUYU4MsAk9548FqwZIIUirQ3QRUj4u","Gravic, Inc.","auto",2,1,4,4,2,4,4,3,1,2,4,4,5,3,1,2,1,5,2,5,3,5,4,1,3,3,3,2,3,5
1,"hi1592132057qWXCatJE3ptYjHWoSDSra8LI4rFcpD","Gravic, Inc.","auto",2,1,4,4,2,4,4,4,1,2,3,5,2,3,2,4,1,1,4,5,3,2,1,2,3,3,3,2,4,5
1,"hi1591456742iYrerRUn5IlkmassK52Ao9ZlWz8Yd4","Gravic, Inc.","auto",2,1,4,4,2,4,5,4,4,2,3,5,2,3,2,5,1,2,4,5,3,2,1,2,1,3,3,2,4,4
1,"hi1594122016oBGrSF1gzn4GYBrSRayzUyNUkzIpAB","Gravic, Inc.","auto",2,1,4,2,2,1,5,1,1,2,1,4,5,3,1,2,1,1,4,5,3,3,4,1,2,2,4,2,4,1
1,"hi1597228359SiGeY57SW6e0FE2QSWBj255U5NsHKe","Gravic, Inc.","auto",2,1,4,4,2,4,4,4,1,2,2,5,2,3,1,2,1,1,3,5,3,5,4,2,2,3,3,2,4,2
1,"hi1592242202CVgVv25KiuUpKDgJ4CyuaYEtPHNYaQ","Gravic, Inc.","auto",2,1,4,4,2,4,4,4,1,4,3,4,2,3,2,1,3,1,4,5,4,5,4,1,2,3,5,2,3,5
1,"hi1594025519hb83expgeginMjhfumxgb77AUpzGkD","Gravic, Inc.","auto",5,1,4,4,2,4,1,5,1,2,3,5,2,3,3,5,2,1,2,1,2,3,4,1,3,3,2,5,5,3
1,"hi1592320818FYiknVbCv1f5Ja7cnCjBrlxTa4t6np","Gravic, Inc.","auto",2,1,4,4,2,4,4,4,1,2,3,1,2,3,2,2,1,1,4,2,3,2,1,2,3,1,3,3,4,2
1,"hi1596996502VEYxmgx0PWYUN4cl7KQcsyHatSo7yw","Gravic, Inc.","auto",2,1,4,4,2,4,4,4,1,2,3,5,2,3,1,3,1,1,4,1,4,2,1,2,3,3,5,2,4,1
1,"hi1596476471I0fMG3YMVcbfhtaCBuzv3pGHEAjRj6","Gravic, Inc.","auto",2,2,4,4,2,4,4,4,1,2,3,5,2,3,2,1,1,1,4,2,3,5,1,2,3,3,3,2,4,4
1,"hi1591170860vmkhEA03rYf6UOceuxVkOs53vPdjTS","Gravic, Inc.","auto",3,1,3,4,2,4,4,4,3,1,4,5,2,3,1,1,5,3,4,5,5,2,1,3,3,3,4,2,3,5
1,"hi1594368905tQ6P907bsR9friZtuzFd7bSj50ZnyJ","Gravic, Inc.","auto",2,1,4,4,2,3,4,4,1,4,4,3,2,3,2,2,2,1,2,2,4,2,1,2,3,3,4,1,4,3
1,"hi15963110028wS2JRrgWXP7AALmLypzRl64wSTFOP","Gravic, Inc.","auto",2,1,4,4,2,4,1,2,1,2,4,3,2,3,1,2,1,4,4,1,4,4,1,2,3,3,4,2,4,3
1,"hi1596281068FjPIhG8e2wobk3MSaKZxvT34SdhocZ","Gravic, Inc.","auto",2,1,4,4,2,4,4,4,1,2,3,5,2,3,2,2,1,1,5,5,3,2,1,2,3,3,2,2,4,2
1,"hi1596552411RggGFzdLPIuuQ3NcFtV4yJJMOwcEhg","Gravic, Inc.","auto",2,1,4,4,2,4,4,4,1,2,4,4,2,3,1,2,1,1,4,2,4,2,1,2,3,2,3,2,4,3
1,"hi1596612088mRmpEAv59StewhHykl1uqxcXiv1DuB","Gravic, Inc.","auto",2,1,4,4,2,4,1,4,1,2,3,4,2,3,1,1,3,2,2,2,2,2,4,2,3,3,2,2,2,1
1,"hi1591015706OaHqYx91VV5lDBwyrZ5qkWhtwada9Z","Gravic, Inc.","auto",2,1,4,4,2,3,4,4,1,2,3,4,2,3,1,2,1,1,3,2,3,3,4,2,3,3,5,2,4,5
1,"hi1597501694ieSud3IHbo4hFsJRlTgrKpdHDy53ND","Gravic, Inc.","auto",2,1,4,4,3,4,4,1,1,4,4,1,1,3,1,2,1,2,5,5,2,5,5,1,1,3,5,1,5,5
1,"hi1596974423gFENMp4SdE4A3lZ72bmAjeOu9Hkyd2","Gravic, Inc.","auto",3,1,4,4,2,4,4,4,1,2,4,3,2,3,1,4,4,2,4,2,3,3,3,2,3,2,3,3,4,4
1,"hi1596222546RpwtGfXymppHHi2yvkAQUJ26SBMBvv","Gravic, Inc.","auto",2,1,3,4,4,4,4,4,1,5,3,5,5,3,1,2,1,2,1,3,4,5,4,1,2,3,2,3,5,5
1,"hi1591733356bv09uXWaDqnnfRsUVyCNiWmFO55wEL","Gravic, Inc.","auto",2,1,4,4,2,3,4,4,1,2,1,4,1,3,1,5,4,1,4,2,3,3,4,1,3,2,2,3,4,2
1,"hi15972263014ivQUX5jmYlUfuUJJJHwpSu4FiWFgy","Gravic, Inc.","auto",4,1,4,4,2,3,4,4,1,2,4,3,5,3,4,3,1,1,4,2,3,5,1,2,3,2,3,2,4,5
1,"hi1597088150rhTE8jXLczZa67lYS1WIh2RqgsH1dH","Gravic, Inc.","auto",1,1,4,4,1,2,1,2,1,3,3,4,2,3,2,4,3,3,4,2,3,2,4,3,3,1,4,3,4,3
1,"hi1591121865GT43xyoBAeAteUronXsF6ADnMhuSdF","Gravic, Inc.","auto",2,1,3,4,2,4,4,2,1,2,3,4,2,3,2,2,4,1,4,2,1,3,3,2,3,3,3,2,4,2
1,"hi1597162306Wh6a9lft7mO1HvRP7C7XmDvoBBNsFV","Gravic, Inc.","auto",2,2,4,4,4,2,2,1,1,2,3,2,5,3,1,2,1,1,3,2,1,3,3,2,2,2,3,2,4,3
1,"hi1591270717qNys1ZyLASQZrx93kQSPpGZauhcybY","Gravic, Inc.","auto",1,1,4,4,2,4,1,4,1,2,4,4,2,3,2,3,1,2,4,2,4,2,1,1,3,3,3,2,3,1
1,"hi1595715372Opgp4FPHceh2YT8G15s0qKlf7twAwU","Gravic, Inc.","auto",2,1,4,4,2,4,4,1,1,2,3,4,2,3,1,2,1,1,4,1,3,3,4,2,3,2,3,2,4,3
1,"hi1593170624WZ9iYBElikIkBD1cAf9Iui4YYrTLES","Gravic, Inc.","auto",2,1,4,4,3,4,4,2,1,1,4,4,2,2,5,4,1,1,4,1,2,2,3,1,2,3,2,3,5,5
1,"hi1593716466Azfr5tz4Ir4r6Xyv3MTkvccfLG6Orx","Gravic, Inc.","auto",2,1,4,4,2,4,4,4,1,2,3,4,2,3,1,4,1,1,4,2,4,3,1,2,3,1,4,2,4,3
1,"hi1593195094LFlWhid5W2CdtsR3C2vAZvm59L2ReX","Gravic, Inc.","auto",1,1,3,1,5,3,5,2,2,2,5,5,5,3,5,1,2,3,3,4,1,1,2,1,2,1,1,4,1,3
1,"999999","Gravic, Inc.","auto",2,1,4,4,2,4,4,4,1,2,3,4,2,3,2,2,1,1,4,2,3,2,1,2,3,2,3,2,4,2
